<?xml version="1.0" encoding="utf-8"?>
<Project ToolsVersion="4.0" xmlns="http://schemas.microsoft.com/developer/msbuild/2003">
  <ItemGroup>
    <Filter Include="Crypto">
      <UniqueIdentifier>{0336df21-7c3f-48a9-b767-9cf11d8958a6}</UniqueIdentifier>
    </Filter>
    <Filter Include="Logging">
      <UniqueIdentifier>{c54973ce-5723-491c-ac23-41cea3565b05}</UniqueIdentifier>
    </Filter>
  </ItemGroup>
  <ItemGroup>
    <ClInclude Include="Atomic.h" />
    <ClInclude Include="Atomic_GCC.h" />
    <ClInclude Include="Atomic_Win32.h" />
    <ClInclude Include="BitField.h" />
    <ClInclude Include="BitSet.h" />
    <ClInclude Include="BreakPoints.h" />
    <ClInclude Include="CDUtils.h" />
    <ClInclude Include="ChunkFile.h" />
    <ClInclude Include="CodeBlock.h" />
    <ClInclude Include="ColorUtil.h" />
    <ClInclude Include="Common.h" />
    <ClInclude Include="CommonFuncs.h" />
    <ClInclude Include="CommonPaths.h" />
    <ClInclude Include="CommonTypes.h" />
    <ClInclude Include="CPUDetect.h" />
    <ClInclude Include="DebugInterface.h" />
    <ClInclude Include="ExtendedTrace.h" />
    <ClInclude Include="FifoQueue.h" />
    <ClInclude Include="FileSearch.h" />
    <ClInclude Include="FileUtil.h" />
    <ClInclude Include="FixedSizeQueue.h" />
    <ClInclude Include="Flag.h" />
    <ClInclude Include="FPURoundMode.h" />
    <ClInclude Include="Hash.h" />
    <ClInclude Include="IniFile.h" />
    <ClInclude Include="LinearDiskCache.h" />
    <ClInclude Include="MathUtil.h" />
    <ClInclude Include="MemArena.h" />
    <ClInclude Include="MemoryUtil.h" />
    <ClInclude Include="MsgHandler.h" />
    <ClInclude Include="NandPaths.h" />
    <ClInclude Include="Network.h" />
    <ClInclude Include="PcapFile.h" />
    <ClInclude Include="SDCardUtil.h" />
    <ClInclude Include="SettingsHandler.h" />
    <ClInclude Include="StdMakeUnique.h" />
    <ClInclude Include="StringUtil.h" />
    <ClInclude Include="SymbolDB.h" />
    <ClInclude Include="SysConf.h" />
    <ClInclude Include="Thread.h" />
    <ClInclude Include="Timer.h" />
    <ClInclude Include="x64ABI.h" />
    <ClInclude Include="x64Analyzer.h" />
    <ClInclude Include="x64Emitter.h" />
    <ClInclude Include="Logging\ConsoleListener.h">
      <Filter>Logging</Filter>
    </ClInclude>
    <ClInclude Include="Logging\Log.h">
      <Filter>Logging</Filter>
    </ClInclude>
    <ClInclude Include="Logging\LogManager.h">
      <Filter>Logging</Filter>
    </ClInclude>
    <ClInclude Include="Crypto\ec.h">
      <Filter>Crypto</Filter>
    </ClInclude>
    <ClInclude Include="Crypto\bn.h">
      <Filter>Crypto</Filter>
    </ClInclude>
    <ClInclude Include="GekkoDisassembler.h" />
    <ClInclude Include="Event.h" />
  </ItemGroup>
  <ItemGroup>
    <ClCompile Include="BreakPoints.cpp" />
    <ClCompile Include="CDUtils.cpp" />
    <ClCompile Include="ColorUtil.cpp" />
    <ClCompile Include="ExtendedTrace.cpp" />
    <ClCompile Include="FileSearch.cpp" />
    <ClCompile Include="FileUtil.cpp" />
    <ClCompile Include="Hash.cpp" />
    <ClCompile Include="IniFile.cpp" />
    <ClCompile Include="MathUtil.cpp" />
    <ClCompile Include="MemArena.cpp" />
    <ClCompile Include="MemoryUtil.cpp" />
    <ClCompile Include="Misc.cpp" />
    <ClCompile Include="MsgHandler.cpp" />
    <ClCompile Include="NandPaths.cpp" />
    <ClCompile Include="Network.cpp" />
    <ClCompile Include="PcapFile.cpp" />
    <ClCompile Include="SDCardUtil.cpp" />
    <ClCompile Include="SettingsHandler.cpp" />
    <ClCompile Include="StringUtil.cpp" />
    <ClCompile Include="SymbolDB.cpp" />
    <ClCompile Include="SysConf.cpp" />
    <ClCompile Include="Thread.cpp" />
    <ClCompile Include="Timer.cpp" />
    <ClCompile Include="Version.cpp" />
    <ClCompile Include="x64ABI.cpp" />
    <ClCompile Include="x64Analyzer.cpp" />
    <ClCompile Include="x64CPUDetect.cpp" />
    <ClCompile Include="x64Emitter.cpp" />
    <ClCompile Include="x64FPURoundMode.cpp" />
    <ClCompile Include="Crypto\bn.cpp">
      <Filter>Crypto</Filter>
    </ClCompile>
    <ClCompile Include="Crypto\ec.cpp">
      <Filter>Crypto</Filter>
    </ClCompile>
    <ClCompile Include="Logging\ConsoleListener.cpp">
      <Filter>Logging</Filter>
    </ClCompile>
    <ClCompile Include="Logging\LogManager.cpp">
      <Filter>Logging</Filter>
    </ClCompile>
    <ClCompile Include="XSaveWorkaround.cpp" />
    <ClCompile Include="GekkoDisassembler.cpp" />
  </ItemGroup>
  <ItemGroup>
    <Text Include="CMakeLists.txt" />
  </ItemGroup>
</Project>
