<?xml version="1.0" encoding="utf-8"?>
<Project ToolsVersion="15.0" xmlns="http://schemas.microsoft.com/developer/msbuild/2003">
  <ItemGroup>
    <Filter Include="Decoder">
      <UniqueIdentifier>{f29f8e7f-21ba-49da-8044-e5279a091c8f}</UniqueIdentifier>
    </Filter>
    <Filter Include="GLUtil">
      <UniqueIdentifier>{5bfec41c-1031-4925-8f98-38c7b49b1924}</UniqueIdentifier>
    </Filter>
    <Filter Include="Logging">
      <UniqueIdentifier>{00dadfd8-a906-4b0c-b415-d42a69cf3ca7}</UniqueIdentifier>
    </Filter>
    <Filter Include="Render">
      <UniqueIdentifier>{696df73b-378e-4399-8f21-999b65d78dcd}</UniqueIdentifier>
    </Filter>
  </ItemGroup>
  <ItemGroup>
    <ClCompile Include="NativeVertexFormat.cpp">
      <Filter>Decoder</Filter>
    </ClCompile>
    <ClCompile Include="VertexManager.cpp">
      <Filter>Decoder</Filter>
    </ClCompile>
    <ClCompile Include="TextureConverter.cpp">
      <Filter>GLUtil</Filter>
    </ClCompile>
    <ClCompile Include="RasterFont.cpp">
      <Filter>Logging</Filter>
    </ClCompile>
    <ClCompile Include="BoundingBox.cpp">
      <Filter>Render</Filter>
    </ClCompile>
    <ClCompile Include="FramebufferManager.cpp">
      <Filter>Render</Filter>
    </ClCompile>
    <ClCompile Include="PerfQuery.cpp">
      <Filter>Render</Filter>
    </ClCompile>
    <ClCompile Include="PostProcessing.cpp">
      <Filter>Render</Filter>
    </ClCompile>
    <ClCompile Include="ProgramShaderCache.cpp">
      <Filter>Render</Filter>
    </ClCompile>
    <ClCompile Include="Render.cpp">
      <Filter>Render</Filter>
    </ClCompile>
    <ClCompile Include="StreamBuffer.cpp">
      <Filter>Render</Filter>
    </ClCompile>
    <ClCompile Include="TextureCache.cpp">
      <Filter>Render</Filter>
    </ClCompile>
    <ClCompile Include="main.cpp" />
    <ClCompile Include="SamplerCache.cpp" />
    <ClCompile Include="OGLTexture.cpp">
      <Filter>Render</Filter>
    </ClCompile>
  </ItemGroup>
  <ItemGroup>
    <ClInclude Include="VertexManager.h">
      <Filter>Decoder</Filter>
    </ClInclude>
    <ClInclude Include="TextureConverter.h">
      <Filter>GLUtil</Filter>
    </ClInclude>
    <ClInclude Include="RasterFont.h">
      <Filter>Logging</Filter>
    </ClInclude>
    <ClInclude Include="BoundingBox.h">
      <Filter>Render</Filter>
    </ClInclude>
    <ClInclude Include="FramebufferManager.h">
      <Filter>Render</Filter>
    </ClInclude>
    <ClInclude Include="PerfQuery.h">
      <Filter>Render</Filter>
    </ClInclude>
    <ClInclude Include="PostProcessing.h">
      <Filter>Render</Filter>
    </ClInclude>
    <ClInclude Include="ProgramShaderCache.h">
      <Filter>Render</Filter>
    </ClInclude>
    <ClInclude Include="Render.h">
      <Filter>Render</Filter>
    </ClInclude>
    <ClInclude Include="StreamBuffer.h">
      <Filter>Render</Filter>
    </ClInclude>
    <ClInclude Include="TextureCache.h">
      <Filter>Render</Filter>
    </ClInclude>
    <ClInclude Include="SamplerCache.h" />
    <ClInclude Include="VideoBackend.h" />
    <ClInclude Include="GPUTimer.h">
      <Filter>GLUtil</Filter>
    </ClInclude>
    <ClInclude Include="OGLTexture.h">
      <Filter>Render</Filter>
    </ClInclude>
  </ItemGroup>
  <ItemGroup>
    <Text Include="CMakeLists.txt" />
  </ItemGroup>
</Project>