<?xml version="1.0" encoding="utf-8"?>
<Project ToolsVersion="4.0" xmlns="http://schemas.microsoft.com/developer/msbuild/2003">
  <ItemGroup>
    <ClCompile Include="D3D12BoundingBox.cpp" />
    <ClCompile Include="D3D12PerfQuery.cpp" />
    <ClCompile Include="D3D12Renderer.cpp" />
    <ClCompile Include="D3D12StreamBuffer.cpp" />
    <ClCompile Include="D3D12SwapChain.cpp" />
    <ClCompile Include="D3D12VertexManager.cpp" />
    <ClCompile Include="DescriptorAllocator.cpp" />
    <ClCompile Include="DescriptorHeapManager.cpp" />
    <ClCompile Include="DX12Context.cpp" />
    <ClCompile Include="DX12Pipeline.cpp" />
    <ClCompile Include="DX12Shader.cpp" />
    <ClCompile Include="DX12Texture.cpp" />
    <ClCompile Include="DX12VertexFormat.cpp" />
    <ClCompile Include="VideoBackend.cpp" />
  </ItemGroup>
  <ItemGroup>
    <ClInclude Include="Common.h" />
    <ClInclude Include="D3D12BoundingBox.h" />
    <ClInclude Include="D3D12PerfQuery.h" />
    <ClInclude Include="D3D12Renderer.h" />
    <ClInclude Include="D3D12StreamBuffer.h" />
    <ClInclude Include="D3D12SwapChain.h" />
    <ClInclude Include="D3D12VertexManager.h" />
    <ClInclude Include="DescriptorAllocator.h" />
    <ClInclude Include="DescriptorHeapManager.h" />
    <ClInclude Include="DX12Context.h" />
    <ClInclude Include="DX12Pipeline.h" />
    <ClInclude Include="DX12Shader.h" />
    <ClInclude Include="DX12Texture.h" />
    <ClInclude Include="DX12VertexFormat.h" />
    <ClInclude Include="VideoBackend.h" />
  </ItemGroup>
</Project>