<?xml version="1.0" encoding="utf-8"?>
<Project ToolsVersion="4.0" xmlns="http://schemas.microsoft.com/developer/msbuild/2003">
  <ItemGroup>
    <ClCompile Include="VideoBackend.cpp" />
    <ClCompile Include="DXContext.cpp" />
    <ClCompile Include="DXPipeline.cpp" />
    <ClCompile Include="DXShader.cpp" />
    <ClCompile Include="DXTexture.cpp" />
    <ClCompile Include="DXVertexFormat.cpp" />
    <ClCompile Include="StreamBuffer.cpp" />
    <ClCompile Include="SwapChain.cpp" />
    <ClCompile Include="PerfQuery.cpp" />
    <ClCompile Include="Renderer.cpp" />
    <ClCompile Include="VertexManager.cpp" />
    <ClCompile Include="BoundingBox.cpp" />
    <ClCompile Include="DescriptorHeapManager.cpp" />
    <ClCompile Include="DescriptorAllocator.cpp" />
  </ItemGroup>
  <ItemGroup>
    <ClInclude Include="VideoBackend.h" />
    <ClInclude Include="SwapChain.h" />
    <ClInclude Include="DXContext.h" />
    <ClInclude Include="DXPipeline.h" />
    <ClInclude Include="DXShader.h" />
    <ClInclude Include="DXTexture.h" />
    <ClInclude Include="DXVertexFormat.h" />
    <ClInclude Include="StreamBuffer.h" />
    <ClInclude Include="VertexManager.h" />
    <ClInclude Include="BoundingBox.h" />
    <ClInclude Include="PerfQuery.h" />
    <ClInclude Include="Renderer.h" />
    <ClInclude Include="Common.h" />
    <ClInclude Include="DescriptorHeapManager.h" />
    <ClInclude Include="DescriptorAllocator.h" />
  </ItemGroup>
</Project>