<?xml version="1.0" encoding="utf-8"?>
<Project ToolsVersion="15.0" xmlns="http://schemas.microsoft.com/developer/msbuild/2003">
  <ItemGroup>
    <Filter Include="ControllerInterface">
      <UniqueIdentifier>{3a755a86-0efa-4396-bf79-bb3a1910764d}</UniqueIdentifier>
    </Filter>
    <Filter Include="ControllerInterface\DInput">
      <UniqueIdentifier>{0289ef91-50f5-4c16-9fa4-ff4c4d8208e7}</UniqueIdentifier>
    </Filter>
    <Filter Include="ControllerInterface\XInput">
      <UniqueIdentifier>{07bad1aa-7e03-4f5c-ade2-a44857c5cbc3}</UniqueIdentifier>
    </Filter>
    <Filter Include="ControllerInterface\ForceFeedback">
      <UniqueIdentifier>{e10ce316-283c-4be0-848d-578dec2b6404}</UniqueIdentifier>
    </Filter>
    <Filter Include="ControllerEmu">
      <UniqueIdentifier>{4c839215-4085-4e34-a960-7960986ad015}</UniqueIdentifier>
    </Filter>
    <Filter Include="ControllerEmu\Control">
      <UniqueIdentifier>{19ddd862-a1e3-479b-b638-bb31700c5171}</UniqueIdentifier>
    </Filter>
    <Filter Include="ControllerEmu\ControlGroup">
      <UniqueIdentifier>{e805231c-dc4e-4540-8bf8-8c567f3d00ae}</UniqueIdentifier>
    </Filter>
    <Filter Include="ControllerEmu\Setting">
      <UniqueIdentifier>{ce661cb4-f23f-4ab2-952d-402d381735e5}</UniqueIdentifier>
    </Filter>
  </ItemGroup>
  <ItemGroup>
    <ClCompile Include="GCAdapter.cpp" />
    <ClCompile Include="InputConfig.cpp" />
    <ClCompile Include="ControllerEmu\ControllerEmu.cpp">
      <Filter>ControllerEmu</Filter>
    </ClCompile>
    <ClCompile Include="ControllerEmu\Control\Control.cpp">
      <Filter>ControllerEmu\Control</Filter>
    </ClCompile>
    <ClCompile Include="ControllerEmu\Control\Input.cpp">
      <Filter>ControllerEmu\Control</Filter>
    </ClCompile>
    <ClCompile Include="ControllerEmu\Control\Output.cpp">
      <Filter>ControllerEmu\Control</Filter>
    </ClCompile>
    <ClCompile Include="ControllerEmu\ControlGroup\AnalogStick.cpp">
      <Filter>ControllerEmu\ControlGroup</Filter>
    </ClCompile>
    <ClCompile Include="ControllerEmu\ControlGroup\Buttons.cpp">
      <Filter>ControllerEmu\ControlGroup</Filter>
    </ClCompile>
    <ClCompile Include="ControllerEmu\ControlGroup\ControlGroup.cpp">
      <Filter>ControllerEmu\ControlGroup</Filter>
    </ClCompile>
    <ClCompile Include="ControllerEmu\ControlGroup\Cursor.cpp">
      <Filter>ControllerEmu\ControlGroup</Filter>
    </ClCompile>
    <ClCompile Include="ControllerEmu\ControlGroup\Extension.cpp">
      <Filter>ControllerEmu\ControlGroup</Filter>
    </ClCompile>
    <ClCompile Include="ControllerEmu\ControlGroup\Force.cpp">
      <Filter>ControllerEmu\ControlGroup</Filter>
    </ClCompile>
    <ClCompile Include="ControllerEmu\ControlGroup\MixedTriggers.cpp">
      <Filter>ControllerEmu\ControlGroup</Filter>
    </ClCompile>
    <ClCompile Include="ControllerEmu\ControlGroup\ModifySettingsButton.cpp">
      <Filter>ControllerEmu\ControlGroup</Filter>
    </ClCompile>
    <ClCompile Include="ControllerEmu\ControlGroup\Slider.cpp">
      <Filter>ControllerEmu\ControlGroup</Filter>
    </ClCompile>
    <ClCompile Include="ControllerEmu\ControlGroup\Tilt.cpp">
      <Filter>ControllerEmu\ControlGroup</Filter>
    </ClCompile>
    <ClCompile Include="ControllerEmu\ControlGroup\Triggers.cpp">
      <Filter>ControllerEmu\ControlGroup</Filter>
    </ClCompile>
    <ClCompile Include="ControllerEmu\Setting\BooleanSetting.cpp">
      <Filter>ControllerEmu\Setting</Filter>
    </ClCompile>
    <ClCompile Include="ControllerEmu\Setting\NumericSetting.cpp">
      <Filter>ControllerEmu\Setting</Filter>
    </ClCompile>
    <ClCompile Include="ControllerInterface\DInput\DInput.cpp">
      <Filter>ControllerInterface\DInput</Filter>
    </ClCompile>
    <ClCompile Include="ControllerInterface\DInput\DInputJoystick.cpp">
      <Filter>ControllerInterface\DInput</Filter>
    </ClCompile>
    <ClCompile Include="ControllerInterface\DInput\DInputKeyboardMouse.cpp">
      <Filter>ControllerInterface\DInput</Filter>
    </ClCompile>
    <ClCompile Include="ControllerInterface\XInput\XInput.cpp">
      <Filter>ControllerInterface\XInput</Filter>
    </ClCompile>
    <ClCompile Include="ControllerInterface\Device.cpp">
      <Filter>ControllerInterface</Filter>
    </ClCompile>
    <ClCompile Include="ControllerInterface\ControllerInterface.cpp">
      <Filter>ControllerInterface</Filter>
    </ClCompile>
    <ClCompile Include="ControllerInterface\ForceFeedback\ForceFeedbackDevice.cpp">
      <Filter>ControllerInterface\ForceFeedback</Filter>
    </ClCompile>
    <ClCompile Include="ControllerInterface\DInput\XInputFilter.cpp">
      <Filter>ControllerInterface\DInput</Filter>
    </ClCompile>
    <ClCompile Include="ControlReference\ExpressionParser.cpp">
      <Filter>ControllerInterface</Filter>
    </ClCompile>
    <ClCompile Include="ControlReference\ControlReference.cpp">
      <Filter>ControllerInterface</Filter>
    </ClCompile>
  </ItemGroup>
  <ItemGroup>
    <ClInclude Include="GCAdapter.h" />
    <ClInclude Include="GCPadStatus.h" />
    <ClInclude Include="InputConfig.h" />
    <ClInclude Include="ControllerEmu\ControllerEmu.h">
      <Filter>ControllerEmu</Filter>
    </ClInclude>
    <ClInclude Include="ControllerEmu\Control\Control.h">
      <Filter>ControllerEmu\Control</Filter>
    </ClInclude>
    <ClInclude Include="ControllerEmu\Control\Input.h">
      <Filter>ControllerEmu\Control</Filter>
    </ClInclude>
    <ClInclude Include="ControllerEmu\Control\Output.h">
      <Filter>ControllerEmu\Control</Filter>
    </ClInclude>
    <ClInclude Include="ControllerEmu\ControlGroup\AnalogStick.h">
      <Filter>ControllerEmu\ControlGroup</Filter>
    </ClInclude>
    <ClInclude Include="ControllerEmu\ControlGroup\Buttons.h">
      <Filter>ControllerEmu\ControlGroup</Filter>
    </ClInclude>
    <ClInclude Include="ControllerEmu\ControlGroup\ControlGroup.h">
      <Filter>ControllerEmu\ControlGroup</Filter>
    </ClInclude>
    <ClInclude Include="ControllerEmu\ControlGroup\Cursor.h">
      <Filter>ControllerEmu\ControlGroup</Filter>
    </ClInclude>
    <ClInclude Include="ControllerEmu\ControlGroup\Extension.h">
      <Filter>ControllerEmu\ControlGroup</Filter>
    </ClInclude>
    <ClInclude Include="ControllerEmu\ControlGroup\Force.h">
      <Filter>ControllerEmu\ControlGroup</Filter>
    </ClInclude>
    <ClInclude Include="ControllerEmu\ControlGroup\MixedTriggers.h">
      <Filter>ControllerEmu\ControlGroup</Filter>
    </ClInclude>
    <ClInclude Include="ControllerEmu\ControlGroup\ModifySettingsButton.h">
      <Filter>ControllerEmu\ControlGroup</Filter>
    </ClInclude>
    <ClInclude Include="ControllerEmu\ControlGroup\Slider.h">
      <Filter>ControllerEmu\ControlGroup</Filter>
    </ClInclude>
    <ClInclude Include="ControllerEmu\ControlGroup\Tilt.h">
      <Filter>ControllerEmu\ControlGroup</Filter>
    </ClInclude>
    <ClInclude Include="ControllerEmu\ControlGroup\Triggers.h">
      <Filter>ControllerEmu\ControlGroup</Filter>
    </ClInclude>
    <ClInclude Include="ControllerEmu\Setting\BooleanSetting.h">
      <Filter>ControllerEmu\Setting</Filter>
    </ClInclude>
    <ClInclude Include="ControllerEmu\Setting\NumericSetting.h">
      <Filter>ControllerEmu\Setting</Filter>
    </ClInclude>
    <ClInclude Include="ControllerEmu\Setting\Setting.h">
      <Filter>ControllerEmu\Setting</Filter>
    </ClInclude>
    <ClInclude Include="ControllerInterface\DInput\DInput.h">
      <Filter>ControllerInterface\DInput</Filter>
    </ClInclude>
    <ClInclude Include="ControllerInterface\DInput\DInputJoystick.h">
      <Filter>ControllerInterface\DInput</Filter>
    </ClInclude>
    <ClInclude Include="ControllerInterface\DInput\DInputKeyboardMouse.h">
      <Filter>ControllerInterface\DInput</Filter>
    </ClInclude>
    <ClInclude Include="ControllerInterface\XInput\XInput.h">
      <Filter>ControllerInterface\XInput</Filter>
    </ClInclude>
    <ClInclude Include="ControllerInterface\ControllerInterface.h">
      <Filter>ControllerInterface</Filter>
    </ClInclude>
    <ClInclude Include="ControllerInterface\Device.h">
      <Filter>ControllerInterface</Filter>
    </ClInclude>
    <ClInclude Include="ControllerInterface\ForceFeedback\ForceFeedbackDevice.h">
      <Filter>ControllerInterface\ForceFeedback</Filter>
    </ClInclude>
    <ClInclude Include="ControllerInterface\DInput\DInput8.h">
      <Filter>ControllerInterface\DInput</Filter>
    </ClInclude>
    <ClInclude Include="ControllerInterface\DInput\XInputFilter.h">
      <Filter>ControllerInterface\DInput</Filter>
    </ClInclude>
    <ClInclude Include="ControlReference\ExpressionParser.h">
      <Filter>ControllerInterface</Filter>
    </ClInclude>
    <ClInclude Include="ControlReference\ControlReference.h">
      <Filter>ControllerInterface</Filter>
    </ClInclude>
  </ItemGroup>
  <ItemGroup>
    <Text Include="CMakeLists.txt" />
  </ItemGroup>
</Project>
