<?xml version="1.0" encoding="utf-8"?>
<Project ToolsVersion="15.0" xmlns="http://schemas.microsoft.com/developer/msbuild/2003">
  <ItemGroup>
    <Filter Include="SoundStreams">
      <UniqueIdentifier>{25ec8f16-fc60-4a63-bc3e-ad0272fd5942}</UniqueIdentifier>
    </Filter>
  </ItemGroup>
  <ItemGroup>
    <ClCompile Include="AudioCommon.cpp" />
    <ClCompile Include="AudioStretcher.cpp" />
    <ClCompile Include="CubebUtils.cpp" />
    <ClCompile Include="DPL2Decoder.cpp" />
    <ClCompile Include="Mixer.cpp" />
    <ClCompile Include="WaveFile.cpp" />
    <ClCompile Include="NullSoundStream.cpp">
      <Filter>SoundStreams</Filter>
    </ClCompile>
    <ClCompile Include="OpenALStream.cpp">
      <Filter>SoundStreams</Filter>
    </ClCompile>
    <ClCompile Include="XAudio2Stream.cpp">
      <Filter>SoundStreams</Filter>
    </ClCompile>
    <ClCompile Include="XAudio2_7Stream.cpp">
      <Filter>SoundStreams</Filter>
    </ClCompile>
    <ClCompile Include="CubebStream.cpp">
      <Filter>SoundStreams</Filter>
    </ClCompile>
  </ItemGroup>
  <ItemGroup>
    <ClInclude Include="AudioCommon.h" />
    <ClInclude Include="AudioStretcher.h" />
    <ClInclude Include="CubebUtils.h" />
    <ClInclude Include="DPL2Decoder.h" />
    <ClInclude Include="Mixer.h" />
    <ClInclude Include="WaveFile.h" />
    <ClInclude Include="NullSoundStream.h">
      <Filter>SoundStreams</Filter>
    </ClInclude>
    <ClInclude Include="OpenALStream.h">
      <Filter>SoundStreams</Filter>
    </ClInclude>
    <ClInclude Include="XAudio2Stream.h">
      <Filter>SoundStreams</Filter>
    </ClInclude>
    <ClInclude Include="XAudio2_7Stream.h">
      <Filter>SoundStreams</Filter>
    </ClInclude>
    <ClInclude Include="PulseAudioStream.h">
      <Filter>SoundStreams</Filter>
    </ClInclude>
    <ClInclude Include="OpenSLESStream.h">
      <Filter>SoundStreams</Filter>
    </ClInclude>
    <ClInclude Include="AlsaSoundStream.h">
      <Filter>SoundStreams</Filter>
    </ClInclude>
    <ClInclude Include="SoundStream.h">
      <Filter>SoundStreams</Filter>
    </ClInclude>
    <ClInclude Include="CubebStream.h">
      <Filter>SoundStreams</Filter>
    </ClInclude>
  </ItemGroup>
  <ItemGroup>
    <Text Include="CMakeLists.txt" />
  </ItemGroup>
</Project>
