<?xml version="1.0" encoding="utf-8"?>
<Project ToolsVersion="4.0" xmlns="http://schemas.microsoft.com/developer/msbuild/2003">
  <ItemGroup>
    <ClCompile Include="Host.cpp" />
    <ClCompile Include="Main.cpp" />
    <ClCompile Include="MainWindow.cpp" />
    <ClCompile Include="Resources.cpp" />
    <ClCompile Include="GameList\GameFile.cpp">
      <Filter>GameList</Filter>
    </ClCompile>
    <ClCompile Include="GameList\GameList.cpp">
      <Filter>GameList</Filter>
    </ClCompile>
    <ClCompile Include="GameList\GameTracker.cpp">
      <Filter>GameList</Filter>
    </ClCompile>
    <ClCompile Include="GameList\GameListModel.cpp">
      <Filter>GameList</Filter>
    </ClCompile>
  </ItemGroup>
  <ItemGroup>
    <QtMoc Include="Host.h" />
    <QtMoc Include="MainWindow.h" />
    <QtMoc Include="Resources.h" />
    <QtMoc Include="GameList\GameFile.h" />
    <QtMoc Include="GameList\GameList.h" />
    <QtMoc Include="GameList\GameTracker.h" />
    <QtMoc Include="GameList\GameListModel.h" />
  </ItemGroup>
  <ItemGroup>
    <QtUi Include="*.ui" />
    <QtUi Include="GameList\*.ui">
      <Filter>GameList</Filter>
    </QtUi>
  </ItemGroup>
  <ItemGroup>
    <Text Include="CMakeLists.txt" />
  </ItemGroup>
  <ItemGroup>
    <Filter Include="Generated Files">
      <UniqueIdentifier>{c18a1fb3-64ff-4249-b808-d73a56ea3a2d}</UniqueIdentifier>
    </Filter>
    <Filter Include="GameList">
      <UniqueIdentifier>{be9925db-448c-46d8-a5a3-fb957490d3ef}</UniqueIdentifier>
    </Filter>
  </ItemGroup>
  <ItemGroup>
    <ClInclude Include="GameList\GameFile.h">
      <Filter>GameList</Filter>
    </ClInclude>
    <ClInclude Include="GameList\GameList.h">
      <Filter>GameList</Filter>
    </ClInclude>
    <ClInclude Include="GameList\GameTracker.h">
      <Filter>GameList</Filter>
    </ClInclude>
    <ClInclude Include="GameList\GameListModel.h">
      <Filter>GameList</Filter>
    </ClInclude>
  </ItemGroup>
</Project>
