<?xml version="1.0" encoding="utf-8"?>
<Project ToolsVersion="4.0" xmlns="http://schemas.microsoft.com/developer/msbuild/2003">
  <ItemGroup>
    <Filter Include="D3D">
      <UniqueIdentifier>{ae700f7e-33c8-45b5-b7ee-a0ded3630549}</UniqueIdentifier>
    </Filter>
    <Filter Include="Render">
      <UniqueIdentifier>{3683d29b-19f6-4e7a-803f-4ac70b1d49fd}</UniqueIdentifier>
    </Filter>
  </ItemGroup>
  <ItemGroup>
    <ClCompile Include="D3DBase.cpp">
      <Filter>D3D</Filter>
    </ClCompile>
    <ClCompile Include="D3DBlob.cpp">
      <Filter>D3D</Filter>
    </ClCompile>
    <ClCompile Include="D3DShader.cpp">
      <Filter>D3D</Filter>
    </ClCompile>
    <ClCompile Include="D3DTexture.cpp">
      <Filter>D3D</Filter>
    </ClCompile>
    <ClCompile Include="D3DUtil.cpp">
      <Filter>D3D</Filter>
    </ClCompile>
    <ClCompile Include="GfxState.cpp">
      <Filter>D3D</Filter>
    </ClCompile>
    <ClCompile Include="FramebufferManager.cpp">
      <Filter>Render</Filter>
    </ClCompile>
    <ClCompile Include="LineGeometryShader.cpp">
      <Filter>Render</Filter>
    </ClCompile>
    <ClCompile Include="NativeVertexFormat.cpp">
      <Filter>Render</Filter>
    </ClCompile>
    <ClCompile Include="PerfQuery.cpp">
      <Filter>Render</Filter>
    </ClCompile>
    <ClCompile Include="PixelShaderCache.cpp">
      <Filter>Render</Filter>
    </ClCompile>
    <ClCompile Include="PointGeometryShader.cpp">
      <Filter>Render</Filter>
    </ClCompile>
    <ClCompile Include="PSTextureEncoder.cpp">
      <Filter>Render</Filter>
    </ClCompile>
    <ClCompile Include="Render.cpp">
      <Filter>Render</Filter>
    </ClCompile>
    <ClCompile Include="Television.cpp">
      <Filter>Render</Filter>
    </ClCompile>
    <ClCompile Include="TextureCache.cpp">
      <Filter>Render</Filter>
    </ClCompile>
    <ClCompile Include="VertexManager.cpp">
      <Filter>Render</Filter>
    </ClCompile>
    <ClCompile Include="VertexShaderCache.cpp">
      <Filter>Render</Filter>
    </ClCompile>
    <ClCompile Include="XFBEncoder.cpp">
      <Filter>Render</Filter>
    </ClCompile>
    <ClCompile Include="main.cpp" />
    <ClCompile Include="StateCache.cpp">
      <Filter>Render</Filter>
    </ClCompile>
  </ItemGroup>
  <ItemGroup>
    <ClInclude Include="D3DBase.h">
      <Filter>D3D</Filter>
    </ClInclude>
    <ClInclude Include="D3DBlob.h">
      <Filter>D3D</Filter>
    </ClInclude>
    <ClInclude Include="D3DShader.h">
      <Filter>D3D</Filter>
    </ClInclude>
    <ClInclude Include="D3DTexture.h">
      <Filter>D3D</Filter>
    </ClInclude>
    <ClInclude Include="D3DUtil.h">
      <Filter>D3D</Filter>
    </ClInclude>
    <ClInclude Include="GfxState.h">
      <Filter>D3D</Filter>
    </ClInclude>
    <ClInclude Include="FramebufferManager.h">
      <Filter>Render</Filter>
    </ClInclude>
    <ClInclude Include="LineGeometryShader.h">
      <Filter>Render</Filter>
    </ClInclude>
    <ClInclude Include="PerfQuery.h">
      <Filter>Render</Filter>
    </ClInclude>
    <ClInclude Include="PixelShaderCache.h">
      <Filter>Render</Filter>
    </ClInclude>
    <ClInclude Include="PointGeometryShader.h">
      <Filter>Render</Filter>
    </ClInclude>
    <ClInclude Include="PSTextureEncoder.h">
      <Filter>Render</Filter>
    </ClInclude>
    <ClInclude Include="Render.h">
      <Filter>Render</Filter>
    </ClInclude>
    <ClInclude Include="Television.h">
      <Filter>Render</Filter>
    </ClInclude>
    <ClInclude Include="TextureCache.h">
      <Filter>Render</Filter>
    </ClInclude>
    <ClInclude Include="TextureEncoder.h">
      <Filter>Render</Filter>
    </ClInclude>
    <ClInclude Include="VertexManager.h">
      <Filter>Render</Filter>
    </ClInclude>
    <ClInclude Include="VertexShaderCache.h">
      <Filter>Render</Filter>
    </ClInclude>
    <ClInclude Include="XFBEncoder.h">
      <Filter>Render</Filter>
    </ClInclude>
    <ClInclude Include="Globals.h" />
    <ClInclude Include="main.h" />
    <ClInclude Include="VideoBackend.h" />
    <ClInclude Include="StateCache.h">
      <Filter>Render</Filter>
    </ClInclude>
  </ItemGroup>
</Project>