<?xml version="1.0" encoding="utf-8"?>
<Project ToolsVersion="4.0" xmlns="http://schemas.microsoft.com/developer/msbuild/2003">
  <ItemGroup>
    <Filter Include="tests">
      <UniqueIdentifier>{14442340-8be2-4dcf-93f5-421cce23dd31}</UniqueIdentifier>
    </Filter>
    <Filter Include="util">
      <UniqueIdentifier>{1a60828b-80d9-4b23-8b84-9116bf6e2630}</UniqueIdentifier>
    </Filter>
    <Filter Include="templates">
      <UniqueIdentifier>{ad8f68d7-73a6-4192-b188-125d2bef2a7a}</UniqueIdentifier>
    </Filter>
    <Filter Include="DSP Interface">
      <UniqueIdentifier>{251f77cb-8874-4bf1-bb2a-f7e6b009a0fb}</UniqueIdentifier>
    </Filter>
    <Filter Include="Misc uCodes">
      <UniqueIdentifier>{80668e83-9986-4389-b587-21e9c6734589}</UniqueIdentifier>
    </Filter>
  </ItemGroup>
  <ItemGroup>
    <None Include="tests\arith_test.ds">
      <Filter>tests</Filter>
    </None>
    <None Include="tests\dr_test.ds">
      <Filter>tests</Filter>
    </None>
    <None Include="tests\dsp_base.inc">
      <Filter>tests</Filter>
    </None>
    <None Include="tests\dsp_test.ds">
      <Filter>tests</Filter>
    </None>
    <None Include="tests\ir_test.ds">
      <Filter>tests</Filter>
    </None>
    <None Include="tests\ld_test.ds">
      <Filter>tests</Filter>
    </None>
    <None Include="tests\mul_test.ds">
      <Filter>tests</Filter>
    </None>
    <None Include="tests\neg_test.ds">
      <Filter>tests</Filter>
    </None>
    <None Include="tests\op_test.ds">
      <Filter>tests</Filter>
    </None>
    <None Include="tests\unk_regs_test.ds">
      <Filter>tests</Filter>
    </None>
    <None Include="util\createtest.pl">
      <Filter>util</Filter>
    </None>
    <None Include="util\dump_roms.ds">
      <Filter>util</Filter>
    </None>
    <None Include="templates\if_test.tpl">
      <Filter>templates</Filter>
    </None>
    <None Include="templates\tst_test.tpl">
      <Filter>templates</Filter>
    </None>
    <None Include="..\..\docs\DSP\dsp_rom.txt">
      <Filter>Misc uCodes</Filter>
    </None>
    <None Include="..\..\docs\DSP\unlockmemcard.ds">
      <Filter>Misc uCodes</Filter>
    </None>
    <None Include="build.sh" />
    <None Include="Makefile" />
    <None Include="sbuild.sh" />
  </ItemGroup>
  <ItemGroup>
    <ClCompile Include="dsp_interface.cpp">
      <Filter>DSP Interface</Filter>
    </ClCompile>
    <ClCompile Include="real_dsp.cpp">
      <Filter>DSP Interface</Filter>
    </ClCompile>
    <ClCompile Include="main_spy.cpp" />
    <ClCompile Include="Stubs.cpp" />
  </ItemGroup>
  <ItemGroup>
    <ClInclude Include="dsp_interface.h">
      <Filter>DSP Interface</Filter>
    </ClInclude>
    <ClInclude Include="mem_dump.h">
      <Filter>DSP Interface</Filter>
    </ClInclude>
    <ClInclude Include="real_dsp.h">
      <Filter>DSP Interface</Filter>
    </ClInclude>
    <ClInclude Include="Config.h" />
    <ClInclude Include="ConsoleHelper.h" />
    <ClInclude Include="dspregs.h" />
  </ItemGroup>
</Project>