Microsoft Visual Studio Solution File, Format Version 10.00
# Visual Studio 2008
Project("{8BC9CEB8-8B4A-11D0-8D11-00A0C91BC942}") = "Core", "Core\Core\Core.vcproj", "{F0B874CB-4476-4199-9315-8343D05AE684}"
	ProjectSection(ProjectDependencies) = postProject
		{C7E5D50A-2916-464B-86A7-E10B3CC88ADA} = {C7E5D50A-2916-464B-86A7-E10B3CC88ADA}
		{DA4CA030-A741-4DDC-9DA8-B2F351F0F158} = {DA4CA030-A741-4DDC-9DA8-B2F351F0F158}
		{33546D62-7F34-4EA6-A88E-D538B36E16BF} = {33546D62-7F34-4EA6-A88E-D538B36E16BF}
		{3E03C179-8251-46E4-81F4-466F114BAC63} = {3E03C179-8251-46E4-81F4-466F114BAC63}
		{29C2ABC1-ADA5-42CD-A5FC-96022D52A510} = {29C2ABC1-ADA5-42CD-A5FC-96022D52A510}
		{C573CAF7-EE6A-458E-8049-16C0BF34C2E9} = {C573CAF7-EE6A-458E-8049-16C0BF34C2E9}
		{B7F1A9FB-BEA8-416E-9460-AE35A6A5165C} = {B7F1A9FB-BEA8-416E-9460-AE35A6A5165C}
	EndProjectSection
EndProject
Project("{8BC9CEB8-8B4A-11D0-8D11-00A0C91BC942}") = "Plugin_VideoDX9", "Plugins\Plugin_VideoDX9\Plugin_VideoDX9.vcproj", "{636FAD5F-02D1-4E9A-BE67-FB8EA99B9A18}"
	ProjectSection(ProjectDependencies) = postProject
		{11F55366-12EC-4C44-A8CB-1D4E315D61ED} = {11F55366-12EC-4C44-A8CB-1D4E315D61ED}
		{3E03C179-8251-46E4-81F4-466F114BAC63} = {3E03C179-8251-46E4-81F4-466F114BAC63}
		{E5D1F0C0-AA07-4841-A4EB-4CF4DAA6B0FA} = {E5D1F0C0-AA07-4841-A4EB-4CF4DAA6B0FA}
		{1C8436C9-DBAF-42BE-83BC-CF3EC9175ABE} = {1C8436C9-DBAF-42BE-83BC-CF3EC9175ABE}
		{C573CAF7-EE6A-458E-8049-16C0BF34C2E9} = {C573CAF7-EE6A-458E-8049-16C0BF34C2E9}
	EndProjectSection
EndProject
Project("{8BC9CEB8-8B4A-11D0-8D11-00A0C91BC942}") = "Plugin_PadSimple", "Plugins\Plugin_PadSimple\Plugin_PadSimple.vcproj", "{9A183B48-ECC2-4121-876A-9B3793686073}"
	ProjectSection(ProjectDependencies) = postProject
		{C7E5D50A-2916-464B-86A7-E10B3CC88ADA} = {C7E5D50A-2916-464B-86A7-E10B3CC88ADA}
		{05C75041-D67D-4903-A362-8395A7B35C75} = {05C75041-D67D-4903-A362-8395A7B35C75}
		{11F55366-12EC-4C44-A8CB-1D4E315D61ED} = {11F55366-12EC-4C44-A8CB-1D4E315D61ED}
		{0E231FB1-F3C9-4724-ACCB-DE8BCB3C089E} = {0E231FB1-F3C9-4724-ACCB-DE8BCB3C089E}
		{1C8436C9-DBAF-42BE-83BC-CF3EC9175ABE} = {1C8436C9-DBAF-42BE-83BC-CF3EC9175ABE}
		{C573CAF7-EE6A-458E-8049-16C0BF34C2E9} = {C573CAF7-EE6A-458E-8049-16C0BF34C2E9}
	EndProjectSection
EndProject
Project("{8BC9CEB8-8B4A-11D0-8D11-00A0C91BC942}") = "Bochs_disasm", "..\Externals\Bochs_disasm\Bochs_disasm.vcproj", "{29C2ABC1-ADA5-42CD-A5FC-96022D52A510}"
EndProject
Project("{8BC9CEB8-8B4A-11D0-8D11-00A0C91BC942}") = "zlib", "..\Externals\zlib\zlib.vcproj", "{3E03C179-8251-46E4-81F4-466F114BAC63}"
EndProject
Project("{8BC9CEB8-8B4A-11D0-8D11-00A0C91BC942}") = "DiscIO", "Core\DiscIO\DiscIO.vcproj", "{B7F1A9FB-BEA8-416E-9460-AE35A6A5165C}"
	ProjectSection(ProjectDependencies) = postProject
		{C573CAF7-EE6A-458E-8049-16C0BF34C2E9} = {C573CAF7-EE6A-458E-8049-16C0BF34C2E9}
	EndProjectSection
EndProject
Project("{8BC9CEB8-8B4A-11D0-8D11-00A0C91BC942}") = "Plugin_VideoOGL", "Plugins\Plugin_VideoOGL\Plugin_VideoOGL.vcproj", "{CFDCEE0E-FA45-4F72-9FCC-0B88F5A75160}"
	ProjectSection(ProjectDependencies) = postProject
		{C7E5D50A-2916-464B-86A7-E10B3CC88ADA} = {C7E5D50A-2916-464B-86A7-E10B3CC88ADA}
		{05C75041-D67D-4903-A362-8395A7B35C75} = {05C75041-D67D-4903-A362-8395A7B35C75}
		{11F55366-12EC-4C44-A8CB-1D4E315D61ED} = {11F55366-12EC-4C44-A8CB-1D4E315D61ED}
		{3E03C179-8251-46E4-81F4-466F114BAC63} = {3E03C179-8251-46E4-81F4-466F114BAC63}
		{0E231FB1-F3C9-4724-ACCB-DE8BCB3C089E} = {0E231FB1-F3C9-4724-ACCB-DE8BCB3C089E}
		{E5D1F0C0-AA07-4841-A4EB-4CF4DAA6B0FA} = {E5D1F0C0-AA07-4841-A4EB-4CF4DAA6B0FA}
		{1C8436C9-DBAF-42BE-83BC-CF3EC9175ABE} = {1C8436C9-DBAF-42BE-83BC-CF3EC9175ABE}
		{C573CAF7-EE6A-458E-8049-16C0BF34C2E9} = {C573CAF7-EE6A-458E-8049-16C0BF34C2E9}
	EndProjectSection
EndProject
Project("{8BC9CEB8-8B4A-11D0-8D11-00A0C91BC942}") = "Common", "Core\Common\Common.vcproj", "{C573CAF7-EE6A-458E-8049-16C0BF34C2E9}"
EndProject
Project("{8BC9CEB8-8B4A-11D0-8D11-00A0C91BC942}") = "Dolphin", "Core\DolphinWX\DolphinWX.vcproj", "{A72606EF-C5C1-4954-90AD-F0F93A8D97D9}"
	ProjectSection(ProjectDependencies) = postProject
		{C7E5D50A-2916-464B-86A7-E10B3CC88ADA} = {C7E5D50A-2916-464B-86A7-E10B3CC88ADA}
		{CFDCEE0E-FA45-4F72-9FCC-0B88F5A75160} = {CFDCEE0E-FA45-4F72-9FCC-0B88F5A75160}
		{D6E56527-BBB9-4EAD-A6EC-49D4BF6AFCD8} = {D6E56527-BBB9-4EAD-A6EC-49D4BF6AFCD8}
		{8D612734-FAA5-4B8A-804F-4DEA2367D495} = {8D612734-FAA5-4B8A-804F-4DEA2367D495}
		{05C75041-D67D-4903-A362-8395A7B35C75} = {05C75041-D67D-4903-A362-8395A7B35C75}
		{9A183B48-ECC2-4121-876A-9B3793686073} = {9A183B48-ECC2-4121-876A-9B3793686073}
		{636FAD5F-02D1-4E9A-BE67-FB8EA99B9A18} = {636FAD5F-02D1-4E9A-BE67-FB8EA99B9A18}
		{33546D62-7F34-4EA6-A88E-D538B36E16BF} = {33546D62-7F34-4EA6-A88E-D538B36E16BF}
		{11F55366-12EC-4C44-A8CB-1D4E315D61ED} = {11F55366-12EC-4C44-A8CB-1D4E315D61ED}
		{3E03C179-8251-46E4-81F4-466F114BAC63} = {3E03C179-8251-46E4-81F4-466F114BAC63}
		{823DDC98-42D5-4A38-88CF-9DC06C788AE4} = {823DDC98-42D5-4A38-88CF-9DC06C788AE4}
		{3D8156A9-64D1-4C8E-ADBE-1B319030E4A4} = {3D8156A9-64D1-4C8E-ADBE-1B319030E4A4}
		{0E231FB1-F3C9-4724-ACCB-DE8BCB3C089E} = {0E231FB1-F3C9-4724-ACCB-DE8BCB3C089E}
		{521498BE-6089-4780-8223-E67C22F4E068} = {521498BE-6089-4780-8223-E67C22F4E068}
		{E5D1F0C0-AA07-4841-A4EB-4CF4DAA6B0FA} = {E5D1F0C0-AA07-4841-A4EB-4CF4DAA6B0FA}
		{29C2ABC1-ADA5-42CD-A5FC-96022D52A510} = {29C2ABC1-ADA5-42CD-A5FC-96022D52A510}
		{4D3CD4C5-412B-4B49-9B1B-A68A2A129C77} = {4D3CD4C5-412B-4B49-9B1B-A68A2A129C77}
		{F0B874CB-4476-4199-9315-8343D05AE684} = {F0B874CB-4476-4199-9315-8343D05AE684}
		{C573CAF7-EE6A-458E-8049-16C0BF34C2E9} = {C573CAF7-EE6A-458E-8049-16C0BF34C2E9}
		{B7F1A9FB-BEA8-416E-9460-AE35A6A5165C} = {B7F1A9FB-BEA8-416E-9460-AE35A6A5165C}
	EndProjectSection
EndProject
Project("{8BC9CEB8-8B4A-11D0-8D11-00A0C91BC942}") = "Debugger", "Core\DebuggerWX\DebuggerWX.vcproj", "{4D3CD4C5-412B-4B49-9B1B-A68A2A129C77}"
	ProjectSection(ProjectDependencies) = postProject
		{F81AE75C-3D17-4D8C-A201-82FA5351C123} = {F81AE75C-3D17-4D8C-A201-82FA5351C123}
		{29C2ABC1-ADA5-42CD-A5FC-96022D52A510} = {29C2ABC1-ADA5-42CD-A5FC-96022D52A510}
		{F0B874CB-4476-4199-9315-8343D05AE684} = {F0B874CB-4476-4199-9315-8343D05AE684}
		{C573CAF7-EE6A-458E-8049-16C0BF34C2E9} = {C573CAF7-EE6A-458E-8049-16C0BF34C2E9}
	EndProjectSection
EndProject
Project("{8BC9CEB8-8B4A-11D0-8D11-00A0C91BC942}") = "VideoCommon", "Core\VideoCommon\VideoCommon.vcproj", "{E5D1F0C0-AA07-4841-A4EB-4CF4DAA6B0FA}"
	ProjectSection(ProjectDependencies) = postProject
		{C0B84DA9-FF15-4FAB-9590-17132F3C6DE4} = {C0B84DA9-FF15-4FAB-9590-17132F3C6DE4}
		{C573CAF7-EE6A-458E-8049-16C0BF34C2E9} = {C573CAF7-EE6A-458E-8049-16C0BF34C2E9}
	EndProjectSection
EndProject
Project("{8BC9CEB8-8B4A-11D0-8D11-00A0C91BC942}") = "Plugin_nJoy_SDL", "Plugins\Plugin_nJoy_SDL\Plugin_nJoy_SDL.vcproj", "{521498BE-6089-4780-8223-E67C22F4E068}"
	ProjectSection(ProjectDependencies) = postProject
		{C7E5D50A-2916-464B-86A7-E10B3CC88ADA} = {C7E5D50A-2916-464B-86A7-E10B3CC88ADA}
		{11F55366-12EC-4C44-A8CB-1D4E315D61ED} = {11F55366-12EC-4C44-A8CB-1D4E315D61ED}
		{C573CAF7-EE6A-458E-8049-16C0BF34C2E9} = {C573CAF7-EE6A-458E-8049-16C0BF34C2E9}
	EndProjectSection
EndProject
Project("{8BC9CEB8-8B4A-11D0-8D11-00A0C91BC942}") = "Plugin_DSP_HLE", "Plugins\Plugin_DSP_HLE\Plugin_DSP_HLE.vcproj", "{D6E56527-BBB9-4EAD-A6EC-49D4BF6AFCD8}"
	ProjectSection(ProjectDependencies) = postProject
		{05C75041-D67D-4903-A362-8395A7B35C75} = {05C75041-D67D-4903-A362-8395A7B35C75}
		{11F55366-12EC-4C44-A8CB-1D4E315D61ED} = {11F55366-12EC-4C44-A8CB-1D4E315D61ED}
		{FBAFB369-07EB-4460-9CAD-08BE5789DAB6} = {FBAFB369-07EB-4460-9CAD-08BE5789DAB6}
		{0E231FB1-F3C9-4724-ACCB-DE8BCB3C089E} = {0E231FB1-F3C9-4724-ACCB-DE8BCB3C089E}
		{1C8436C9-DBAF-42BE-83BC-CF3EC9175ABE} = {1C8436C9-DBAF-42BE-83BC-CF3EC9175ABE}
		{C573CAF7-EE6A-458E-8049-16C0BF34C2E9} = {C573CAF7-EE6A-458E-8049-16C0BF34C2E9}
	EndProjectSection
EndProject
Project("{8BC9CEB8-8B4A-11D0-8D11-00A0C91BC942}") = "LZO", "..\Externals\LZO\LZO.vcproj", "{33546D62-7F34-4EA6-A88E-D538B36E16BF}"
EndProject
Project("{8BC9CEB8-8B4A-11D0-8D11-00A0C91BC942}") = "Plugin_Wiimote", "Plugins\Plugin_Wiimote\Plugin_Wiimote.vcproj", "{8D612734-FAA5-4B8A-804F-4DEA2367D495}"
	ProjectSection(ProjectDependencies) = postProject
		{C7E5D50A-2916-464B-86A7-E10B3CC88ADA} = {C7E5D50A-2916-464B-86A7-E10B3CC88ADA}
		{11F55366-12EC-4C44-A8CB-1D4E315D61ED} = {11F55366-12EC-4C44-A8CB-1D4E315D61ED}
		{0E231FB1-F3C9-4724-ACCB-DE8BCB3C089E} = {0E231FB1-F3C9-4724-ACCB-DE8BCB3C089E}
		{1C8436C9-DBAF-42BE-83BC-CF3EC9175ABE} = {1C8436C9-DBAF-42BE-83BC-CF3EC9175ABE}
		{C573CAF7-EE6A-458E-8049-16C0BF34C2E9} = {C573CAF7-EE6A-458E-8049-16C0BF34C2E9}
	EndProjectSection
EndProject
Project("{8BC9CEB8-8B4A-11D0-8D11-00A0C91BC942}") = "InputCommon", "Core\InputCommon\InputCommon.vcproj", "{C7E5D50A-2916-464B-86A7-E10B3CC88ADA}"
EndProject
Project("{8BC9CEB8-8B4A-11D0-8D11-00A0C91BC942}") = "AudioCommon", "Core\AudioCommon\AudioCommon.vcproj", "{FBAFB369-07EB-4460-9CAD-08BE5789DAB6}"
EndProject
Project("{8BC9CEB8-8B4A-11D0-8D11-00A0C91BC942}") = "Plugin_DSP_LLE", "Plugins\Plugin_DSP_LLE\Plugin_DSP_LLE.vcproj", "{3D8156A9-64D1-4C8E-ADBE-1B319030E4A4}"
	ProjectSection(ProjectDependencies) = postProject
		{05C75041-D67D-4903-A362-8395A7B35C75} = {05C75041-D67D-4903-A362-8395A7B35C75}
		{F81AE75C-3D17-4D8C-A201-82FA5351C123} = {F81AE75C-3D17-4D8C-A201-82FA5351C123}
		{11F55366-12EC-4C44-A8CB-1D4E315D61ED} = {11F55366-12EC-4C44-A8CB-1D4E315D61ED}
		{FBAFB369-07EB-4460-9CAD-08BE5789DAB6} = {FBAFB369-07EB-4460-9CAD-08BE5789DAB6}
		{838A89A3-3AA0-4A45-ACBE-3D1E0980C2ED} = {838A89A3-3AA0-4A45-ACBE-3D1E0980C2ED}
		{0E231FB1-F3C9-4724-ACCB-DE8BCB3C089E} = {0E231FB1-F3C9-4724-ACCB-DE8BCB3C089E}
		{1C8436C9-DBAF-42BE-83BC-CF3EC9175ABE} = {1C8436C9-DBAF-42BE-83BC-CF3EC9175ABE}
		{C573CAF7-EE6A-458E-8049-16C0BF34C2E9} = {C573CAF7-EE6A-458E-8049-16C0BF34C2E9}
	EndProjectSection
EndProject
Project("{8BC9CEB8-8B4A-11D0-8D11-00A0C91BC942}") = "DSPCore", "Core\DSPCore\DSPCore.vcproj", "{838A89A3-3AA0-4A45-ACBE-3D1E0980C2ED}"
	ProjectSection(ProjectDependencies) = postProject
		{C573CAF7-EE6A-458E-8049-16C0BF34C2E9} = {C573CAF7-EE6A-458E-8049-16C0BF34C2E9}
	EndProjectSection
EndProject
Project("{8BC9CEB8-8B4A-11D0-8D11-00A0C91BC942}") = "DSPTool", "DSPTool\DSPTool.vcproj", "{1970D175-3DE8-4738-942A-4D98D1CDBF64}"
	ProjectSection(ProjectDependencies) = postProject
		{838A89A3-3AA0-4A45-ACBE-3D1E0980C2ED} = {838A89A3-3AA0-4A45-ACBE-3D1E0980C2ED}
		{C573CAF7-EE6A-458E-8049-16C0BF34C2E9} = {C573CAF7-EE6A-458E-8049-16C0BF34C2E9}
	EndProjectSection
EndProject
Project("{8BC9CEB8-8B4A-11D0-8D11-00A0C91BC942}") = "DSPSpy", "DSPSpy\DSPSpy.vcproj", "{3877AA3E-9CC0-4ADF-8E71-272EE4443478}"
	ProjectSection(ProjectDependencies) = postProject
		{1970D175-3DE8-4738-942A-4D98D1CDBF64} = {1970D175-3DE8-4738-942A-4D98D1CDBF64}
	EndProjectSection
EndProject
Project("{8BC9CEB8-8B4A-11D0-8D11-00A0C91BC942}") = "SOIL", "..\Externals\SOIL\SOIL.vcproj", "{C0B84DA9-FF15-4FAB-9590-17132F3C6DE4}"
EndProject
Project("{8BC9CEB8-8B4A-11D0-8D11-00A0C91BC942}") = "SFML_Network", "..\Externals\SFML\build\vc2008\sfml-network.vcproj", "{823DDC98-42D5-4A38-88CF-9DC06C788AE4}"
EndProject
Project("{8BC9CEB8-8B4A-11D0-8D11-00A0C91BC942}") = "UnitTests", "UnitTests\UnitTests.vcproj", "{40C636FA-B5BF-4D67-ABC8-376B524A7551}"
	ProjectSection(ProjectDependencies) = postProject
		{11F55366-12EC-4C44-A8CB-1D4E315D61ED} = {11F55366-12EC-4C44-A8CB-1D4E315D61ED}
		{1C8436C9-DBAF-42BE-83BC-CF3EC9175ABE} = {1C8436C9-DBAF-42BE-83BC-CF3EC9175ABE}
		{F0B874CB-4476-4199-9315-8343D05AE684} = {F0B874CB-4476-4199-9315-8343D05AE684}
		{C573CAF7-EE6A-458E-8049-16C0BF34C2E9} = {C573CAF7-EE6A-458E-8049-16C0BF34C2E9}
	EndProjectSection
EndProject
Project("{8BC9CEB8-8B4A-11D0-8D11-00A0C91BC942}") = "DebuggerUICommon", "Core\DebuggerUICommon\DebuggerUICommon.vcproj", "{F81AE75C-3D17-4D8C-A201-82FA5351C123}"
	ProjectSection(ProjectDependencies) = postProject
		{C573CAF7-EE6A-458E-8049-16C0BF34C2E9} = {C573CAF7-EE6A-458E-8049-16C0BF34C2E9}
	EndProjectSection
EndProject
Project("{8BC9CEB8-8B4A-11D0-8D11-00A0C91BC942}") = "Lua", "..\Externals\Lua\Lua.vcproj", "{DA4CA030-A741-4DDC-9DA8-B2F351F0F158}"
EndProject
Project("{8BC9CEB8-8B4A-11D0-8D11-00A0C91BC942}") = "wxAdv28", "..\Externals\wxWidgets\build\msw\wx_adv.vcproj", "{0E231FB1-F3C9-4724-ACCB-DE8BCB3C089E}"
	ProjectSection(ProjectDependencies) = postProject
		{11F55366-12EC-4C44-A8CB-1D4E315D61ED} = {11F55366-12EC-4C44-A8CB-1D4E315D61ED}
	EndProjectSection
EndProject
Project("{8BC9CEB8-8B4A-11D0-8D11-00A0C91BC942}") = "wxAui", "..\Externals\wxWidgets\build\msw\wx_aui.vcproj", "{05C75041-D67D-4903-A362-8395A7B35C75}"
	ProjectSection(ProjectDependencies) = postProject
		{11F55366-12EC-4C44-A8CB-1D4E315D61ED} = {11F55366-12EC-4C44-A8CB-1D4E315D61ED}
		{0E231FB1-F3C9-4724-ACCB-DE8BCB3C089E} = {0E231FB1-F3C9-4724-ACCB-DE8BCB3C089E}
	EndProjectSection
EndProject
Project("{8BC9CEB8-8B4A-11D0-8D11-00A0C91BC942}") = "wxBase28", "..\Externals\wxWidgets\build\msw\wx_base.vcproj", "{1C8436C9-DBAF-42BE-83BC-CF3EC9175ABE}"
	ProjectSection(ProjectDependencies) = postProject
		{3E03C179-8251-46E4-81F4-466F114BAC63} = {3E03C179-8251-46E4-81F4-466F114BAC63}
	EndProjectSection
EndProject
Project("{8BC9CEB8-8B4A-11D0-8D11-00A0C91BC942}") = "wxCore28", "..\Externals\wxWidgets\build\msw\wx_core.vcproj", "{11F55366-12EC-4C44-A8CB-1D4E315D61ED}"
	ProjectSection(ProjectDependencies) = postProject
		{1C8436C9-DBAF-42BE-83BC-CF3EC9175ABE} = {1C8436C9-DBAF-42BE-83BC-CF3EC9175ABE}
	EndProjectSection
EndProject
Project("{8BC9CEB8-8B4A-11D0-8D11-00A0C91BC942}") = "Plugin_VideoSoftware", "Plugins\Plugin_VideoSoftware\Plugin_VideoSoftware.vcproj", "{66A4E7BD-E2E8-4373-9B75-8750EB5AE683}"
	ProjectSection(ProjectDependencies) = postProject
		{11F55366-12EC-4C44-A8CB-1D4E315D61ED} = {11F55366-12EC-4C44-A8CB-1D4E315D61ED}
		{E5D1F0C0-AA07-4841-A4EB-4CF4DAA6B0FA} = {E5D1F0C0-AA07-4841-A4EB-4CF4DAA6B0FA}
		{1C8436C9-DBAF-42BE-83BC-CF3EC9175ABE} = {1C8436C9-DBAF-42BE-83BC-CF3EC9175ABE}
		{C573CAF7-EE6A-458E-8049-16C0BF34C2E9} = {C573CAF7-EE6A-458E-8049-16C0BF34C2E9}
	EndProjectSection
EndProject
Global
	GlobalSection(SolutionConfigurationPlatforms) = preSolution
		Debug|Win32 = Debug|Win32
		Debug|x64 = Debug|x64
		DebugFast|Win32 = DebugFast|Win32
		DebugFast|x64 = DebugFast|x64
		Release_JITIL|Win32 = Release_JITIL|Win32
		Release_JITIL|x64 = Release_JITIL|x64
		Release|Win32 = Release|Win32
		Release|x64 = Release|x64
	EndGlobalSection
	GlobalSection(ProjectConfigurationPlatforms) = postSolution
		{F0B874CB-4476-4199-9315-8343D05AE684}.Debug|Win32.ActiveCfg = Debug|Win32
		{F0B874CB-4476-4199-9315-8343D05AE684}.Debug|Win32.Build.0 = Debug|Win32
		{F0B874CB-4476-4199-9315-8343D05AE684}.Debug|x64.ActiveCfg = Debug|x64
		{F0B874CB-4476-4199-9315-8343D05AE684}.Debug|x64.Build.0 = Debug|x64
		{F0B874CB-4476-4199-9315-8343D05AE684}.DebugFast|Win32.ActiveCfg = DebugFast|Win32
		{F0B874CB-4476-4199-9315-8343D05AE684}.DebugFast|Win32.Build.0 = DebugFast|Win32
		{F0B874CB-4476-4199-9315-8343D05AE684}.DebugFast|x64.ActiveCfg = DebugFast|x64
		{F0B874CB-4476-4199-9315-8343D05AE684}.DebugFast|x64.Build.0 = DebugFast|x64
		{F0B874CB-4476-4199-9315-8343D05AE684}.Release_JITIL|Win32.ActiveCfg = Release_JITIL|Win32
		{F0B874CB-4476-4199-9315-8343D05AE684}.Release_JITIL|Win32.Build.0 = Release_JITIL|Win32
		{F0B874CB-4476-4199-9315-8343D05AE684}.Release_JITIL|x64.ActiveCfg = Release_JITIL|x64
		{F0B874CB-4476-4199-9315-8343D05AE684}.Release_JITIL|x64.Build.0 = Release_JITIL|x64
		{F0B874CB-4476-4199-9315-8343D05AE684}.Release|Win32.ActiveCfg = Release|Win32
		{F0B874CB-4476-4199-9315-8343D05AE684}.Release|Win32.Build.0 = Release|Win32
		{F0B874CB-4476-4199-9315-8343D05AE684}.Release|x64.ActiveCfg = Release|x64
		{F0B874CB-4476-4199-9315-8343D05AE684}.Release|x64.Build.0 = Release|x64
		{636FAD5F-02D1-4E9A-BE67-FB8EA99B9A18}.Debug|Win32.ActiveCfg = Debug|Win32
		{636FAD5F-02D1-4E9A-BE67-FB8EA99B9A18}.Debug|Win32.Build.0 = Debug|Win32
		{636FAD5F-02D1-4E9A-BE67-FB8EA99B9A18}.Debug|x64.ActiveCfg = Debug|x64
		{636FAD5F-02D1-4E9A-BE67-FB8EA99B9A18}.Debug|x64.Build.0 = Debug|x64
		{636FAD5F-02D1-4E9A-BE67-FB8EA99B9A18}.DebugFast|Win32.ActiveCfg = DebugFast|Win32
		{636FAD5F-02D1-4E9A-BE67-FB8EA99B9A18}.DebugFast|Win32.Build.0 = DebugFast|Win32
		{636FAD5F-02D1-4E9A-BE67-FB8EA99B9A18}.DebugFast|x64.ActiveCfg = DebugFast|x64
		{636FAD5F-02D1-4E9A-BE67-FB8EA99B9A18}.DebugFast|x64.Build.0 = DebugFast|x64
		{636FAD5F-02D1-4E9A-BE67-FB8EA99B9A18}.Release_JITIL|Win32.ActiveCfg = Release|Win32
		{636FAD5F-02D1-4E9A-BE67-FB8EA99B9A18}.Release_JITIL|Win32.Build.0 = Release|Win32
		{636FAD5F-02D1-4E9A-BE67-FB8EA99B9A18}.Release_JITIL|x64.ActiveCfg = Release|x64
		{636FAD5F-02D1-4E9A-BE67-FB8EA99B9A18}.Release_JITIL|x64.Build.0 = Release|x64
		{636FAD5F-02D1-4E9A-BE67-FB8EA99B9A18}.Release|Win32.ActiveCfg = Release|Win32
		{636FAD5F-02D1-4E9A-BE67-FB8EA99B9A18}.Release|Win32.Build.0 = Release|Win32
		{636FAD5F-02D1-4E9A-BE67-FB8EA99B9A18}.Release|x64.ActiveCfg = Release|x64
		{636FAD5F-02D1-4E9A-BE67-FB8EA99B9A18}.Release|x64.Build.0 = Release|x64
		{9A183B48-ECC2-4121-876A-9B3793686073}.Debug|Win32.ActiveCfg = Debug|Win32
		{9A183B48-ECC2-4121-876A-9B3793686073}.Debug|Win32.Build.0 = Debug|Win32
		{9A183B48-ECC2-4121-876A-9B3793686073}.Debug|x64.ActiveCfg = Debug|x64
		{9A183B48-ECC2-4121-876A-9B3793686073}.Debug|x64.Build.0 = Debug|x64
		{9A183B48-ECC2-4121-876A-9B3793686073}.DebugFast|Win32.ActiveCfg = DebugFast|Win32
		{9A183B48-ECC2-4121-876A-9B3793686073}.DebugFast|Win32.Build.0 = DebugFast|Win32
		{9A183B48-ECC2-4121-876A-9B3793686073}.DebugFast|x64.ActiveCfg = DebugFast|x64
		{9A183B48-ECC2-4121-876A-9B3793686073}.DebugFast|x64.Build.0 = DebugFast|x64
		{9A183B48-ECC2-4121-876A-9B3793686073}.Release_JITIL|Win32.ActiveCfg = Release|Win32
		{9A183B48-ECC2-4121-876A-9B3793686073}.Release_JITIL|Win32.Build.0 = Release|Win32
		{9A183B48-ECC2-4121-876A-9B3793686073}.Release_JITIL|x64.ActiveCfg = Release|x64
		{9A183B48-ECC2-4121-876A-9B3793686073}.Release_JITIL|x64.Build.0 = Release|x64
		{9A183B48-ECC2-4121-876A-9B3793686073}.Release|Win32.ActiveCfg = Release|Win32
		{9A183B48-ECC2-4121-876A-9B3793686073}.Release|Win32.Build.0 = Release|Win32
		{9A183B48-ECC2-4121-876A-9B3793686073}.Release|x64.ActiveCfg = Release|x64
		{9A183B48-ECC2-4121-876A-9B3793686073}.Release|x64.Build.0 = Release|x64
		{29C2ABC1-ADA5-42CD-A5FC-96022D52A510}.Debug|Win32.ActiveCfg = Debug|Win32
		{29C2ABC1-ADA5-42CD-A5FC-96022D52A510}.Debug|Win32.Build.0 = Debug|Win32
		{29C2ABC1-ADA5-42CD-A5FC-96022D52A510}.Debug|x64.ActiveCfg = Debug|x64
		{29C2ABC1-ADA5-42CD-A5FC-96022D52A510}.Debug|x64.Build.0 = Debug|x64
		{29C2ABC1-ADA5-42CD-A5FC-96022D52A510}.DebugFast|Win32.ActiveCfg = Release|Win32
		{29C2ABC1-ADA5-42CD-A5FC-96022D52A510}.DebugFast|Win32.Build.0 = Release|Win32
		{29C2ABC1-ADA5-42CD-A5FC-96022D52A510}.DebugFast|x64.ActiveCfg = Release|x64
		{29C2ABC1-ADA5-42CD-A5FC-96022D52A510}.DebugFast|x64.Build.0 = Release|x64
		{29C2ABC1-ADA5-42CD-A5FC-96022D52A510}.Release_JITIL|Win32.ActiveCfg = Release|Win32
		{29C2ABC1-ADA5-42CD-A5FC-96022D52A510}.Release_JITIL|Win32.Build.0 = Release|Win32
		{29C2ABC1-ADA5-42CD-A5FC-96022D52A510}.Release_JITIL|x64.ActiveCfg = Release|x64
		{29C2ABC1-ADA5-42CD-A5FC-96022D52A510}.Release_JITIL|x64.Build.0 = Release|x64
		{29C2ABC1-ADA5-42CD-A5FC-96022D52A510}.Release|Win32.ActiveCfg = Release|Win32
		{29C2ABC1-ADA5-42CD-A5FC-96022D52A510}.Release|Win32.Build.0 = Release|Win32
		{29C2ABC1-ADA5-42CD-A5FC-96022D52A510}.Release|x64.ActiveCfg = Release|x64
		{29C2ABC1-ADA5-42CD-A5FC-96022D52A510}.Release|x64.Build.0 = Release|x64
		{3E03C179-8251-46E4-81F4-466F114BAC63}.Debug|Win32.ActiveCfg = Debug|Win32
		{3E03C179-8251-46E4-81F4-466F114BAC63}.Debug|Win32.Build.0 = Debug|Win32
		{3E03C179-8251-46E4-81F4-466F114BAC63}.Debug|x64.ActiveCfg = Debug|x64
		{3E03C179-8251-46E4-81F4-466F114BAC63}.Debug|x64.Build.0 = Debug|x64
		{3E03C179-8251-46E4-81F4-466F114BAC63}.DebugFast|Win32.ActiveCfg = Release|Win32
		{3E03C179-8251-46E4-81F4-466F114BAC63}.DebugFast|Win32.Build.0 = Release|Win32
		{3E03C179-8251-46E4-81F4-466F114BAC63}.DebugFast|x64.ActiveCfg = Release|x64
		{3E03C179-8251-46E4-81F4-466F114BAC63}.DebugFast|x64.Build.0 = Release|x64
		{3E03C179-8251-46E4-81F4-466F114BAC63}.Release_JITIL|Win32.ActiveCfg = Release|Win32
		{3E03C179-8251-46E4-81F4-466F114BAC63}.Release_JITIL|Win32.Build.0 = Release|Win32
		{3E03C179-8251-46E4-81F4-466F114BAC63}.Release_JITIL|x64.ActiveCfg = Release|x64
		{3E03C179-8251-46E4-81F4-466F114BAC63}.Release_JITIL|x64.Build.0 = Release|x64
		{3E03C179-8251-46E4-81F4-466F114BAC63}.Release|Win32.ActiveCfg = Release|Win32
		{3E03C179-8251-46E4-81F4-466F114BAC63}.Release|Win32.Build.0 = Release|Win32
		{3E03C179-8251-46E4-81F4-466F114BAC63}.Release|x64.ActiveCfg = Release|x64
		{3E03C179-8251-46E4-81F4-466F114BAC63}.Release|x64.Build.0 = Release|x64
		{B7F1A9FB-BEA8-416E-9460-AE35A6A5165C}.Debug|Win32.ActiveCfg = Debug|Win32
		{B7F1A9FB-BEA8-416E-9460-AE35A6A5165C}.Debug|Win32.Build.0 = Debug|Win32
		{B7F1A9FB-BEA8-416E-9460-AE35A6A5165C}.Debug|x64.ActiveCfg = Debug|x64
		{B7F1A9FB-BEA8-416E-9460-AE35A6A5165C}.Debug|x64.Build.0 = Debug|x64
		{B7F1A9FB-BEA8-416E-9460-AE35A6A5165C}.DebugFast|Win32.ActiveCfg = DebugFast|Win32
		{B7F1A9FB-BEA8-416E-9460-AE35A6A5165C}.DebugFast|Win32.Build.0 = DebugFast|Win32
		{B7F1A9FB-BEA8-416E-9460-AE35A6A5165C}.DebugFast|x64.ActiveCfg = DebugFast|x64
		{B7F1A9FB-BEA8-416E-9460-AE35A6A5165C}.DebugFast|x64.Build.0 = DebugFast|x64
		{B7F1A9FB-BEA8-416E-9460-AE35A6A5165C}.Release_JITIL|Win32.ActiveCfg = Release|Win32
		{B7F1A9FB-BEA8-416E-9460-AE35A6A5165C}.Release_JITIL|Win32.Build.0 = Release|Win32
		{B7F1A9FB-BEA8-416E-9460-AE35A6A5165C}.Release_JITIL|x64.ActiveCfg = Release|x64
		{B7F1A9FB-BEA8-416E-9460-AE35A6A5165C}.Release_JITIL|x64.Build.0 = Release|x64
		{B7F1A9FB-BEA8-416E-9460-AE35A6A5165C}.Release|Win32.ActiveCfg = Release|Win32
		{B7F1A9FB-BEA8-416E-9460-AE35A6A5165C}.Release|Win32.Build.0 = Release|Win32
		{B7F1A9FB-BEA8-416E-9460-AE35A6A5165C}.Release|x64.ActiveCfg = Release|x64
		{B7F1A9FB-BEA8-416E-9460-AE35A6A5165C}.Release|x64.Build.0 = Release|x64
		{CFDCEE0E-FA45-4F72-9FCC-0B88F5A75160}.Debug|Win32.ActiveCfg = Debug|Win32
		{CFDCEE0E-FA45-4F72-9FCC-0B88F5A75160}.Debug|Win32.Build.0 = Debug|Win32
		{CFDCEE0E-FA45-4F72-9FCC-0B88F5A75160}.Debug|x64.ActiveCfg = Debug|x64
		{CFDCEE0E-FA45-4F72-9FCC-0B88F5A75160}.Debug|x64.Build.0 = Debug|x64
		{CFDCEE0E-FA45-4F72-9FCC-0B88F5A75160}.DebugFast|Win32.ActiveCfg = DebugFast|Win32
		{CFDCEE0E-FA45-4F72-9FCC-0B88F5A75160}.DebugFast|Win32.Build.0 = DebugFast|Win32
		{CFDCEE0E-FA45-4F72-9FCC-0B88F5A75160}.DebugFast|x64.ActiveCfg = DebugFast|x64
		{CFDCEE0E-FA45-4F72-9FCC-0B88F5A75160}.DebugFast|x64.Build.0 = DebugFast|x64
		{CFDCEE0E-FA45-4F72-9FCC-0B88F5A75160}.Release_JITIL|Win32.ActiveCfg = Release|Win32
		{CFDCEE0E-FA45-4F72-9FCC-0B88F5A75160}.Release_JITIL|Win32.Build.0 = Release|Win32
		{CFDCEE0E-FA45-4F72-9FCC-0B88F5A75160}.Release_JITIL|x64.ActiveCfg = Release|x64
		{CFDCEE0E-FA45-4F72-9FCC-0B88F5A75160}.Release_JITIL|x64.Build.0 = Release|x64
		{CFDCEE0E-FA45-4F72-9FCC-0B88F5A75160}.Release|Win32.ActiveCfg = Release|Win32
		{CFDCEE0E-FA45-4F72-9FCC-0B88F5A75160}.Release|Win32.Build.0 = Release|Win32
		{CFDCEE0E-FA45-4F72-9FCC-0B88F5A75160}.Release|x64.ActiveCfg = Release|x64
		{CFDCEE0E-FA45-4F72-9FCC-0B88F5A75160}.Release|x64.Build.0 = Release|x64
		{C573CAF7-EE6A-458E-8049-16C0BF34C2E9}.Debug|Win32.ActiveCfg = Debug|Win32
		{C573CAF7-EE6A-458E-8049-16C0BF34C2E9}.Debug|Win32.Build.0 = Debug|Win32
		{C573CAF7-EE6A-458E-8049-16C0BF34C2E9}.Debug|x64.ActiveCfg = Debug|x64
		{C573CAF7-EE6A-458E-8049-16C0BF34C2E9}.Debug|x64.Build.0 = Debug|x64
		{C573CAF7-EE6A-458E-8049-16C0BF34C2E9}.DebugFast|Win32.ActiveCfg = DebugFast|Win32
		{C573CAF7-EE6A-458E-8049-16C0BF34C2E9}.DebugFast|Win32.Build.0 = DebugFast|Win32
		{C573CAF7-EE6A-458E-8049-16C0BF34C2E9}.DebugFast|x64.ActiveCfg = DebugFast|x64
		{C573CAF7-EE6A-458E-8049-16C0BF34C2E9}.DebugFast|x64.Build.0 = DebugFast|x64
		{C573CAF7-EE6A-458E-8049-16C0BF34C2E9}.Release_JITIL|Win32.ActiveCfg = Release|Win32
		{C573CAF7-EE6A-458E-8049-16C0BF34C2E9}.Release_JITIL|Win32.Build.0 = Release|Win32
		{C573CAF7-EE6A-458E-8049-16C0BF34C2E9}.Release_JITIL|x64.ActiveCfg = Release|x64
		{C573CAF7-EE6A-458E-8049-16C0BF34C2E9}.Release_JITIL|x64.Build.0 = Release|x64
		{C573CAF7-EE6A-458E-8049-16C0BF34C2E9}.Release|Win32.ActiveCfg = Release|Win32
		{C573CAF7-EE6A-458E-8049-16C0BF34C2E9}.Release|Win32.Build.0 = Release|Win32
		{C573CAF7-EE6A-458E-8049-16C0BF34C2E9}.Release|x64.ActiveCfg = Release|x64
		{C573CAF7-EE6A-458E-8049-16C0BF34C2E9}.Release|x64.Build.0 = Release|x64
		{A72606EF-C5C1-4954-90AD-F0F93A8D97D9}.Debug|Win32.ActiveCfg = Debug|Win32
		{A72606EF-C5C1-4954-90AD-F0F93A8D97D9}.Debug|Win32.Build.0 = Debug|Win32
		{A72606EF-C5C1-4954-90AD-F0F93A8D97D9}.Debug|x64.ActiveCfg = Debug|x64
		{A72606EF-C5C1-4954-90AD-F0F93A8D97D9}.Debug|x64.Build.0 = Debug|x64
		{A72606EF-C5C1-4954-90AD-F0F93A8D97D9}.DebugFast|Win32.ActiveCfg = DebugFast|Win32
		{A72606EF-C5C1-4954-90AD-F0F93A8D97D9}.DebugFast|Win32.Build.0 = DebugFast|Win32
		{A72606EF-C5C1-4954-90AD-F0F93A8D97D9}.DebugFast|x64.ActiveCfg = DebugFast|x64
		{A72606EF-C5C1-4954-90AD-F0F93A8D97D9}.DebugFast|x64.Build.0 = DebugFast|x64
		{A72606EF-C5C1-4954-90AD-F0F93A8D97D9}.Release_JITIL|Win32.ActiveCfg = Release_JITIL|Win32
		{A72606EF-C5C1-4954-90AD-F0F93A8D97D9}.Release_JITIL|Win32.Build.0 = Release_JITIL|Win32
		{A72606EF-C5C1-4954-90AD-F0F93A8D97D9}.Release_JITIL|x64.ActiveCfg = Release_JITIL|x64
		{A72606EF-C5C1-4954-90AD-F0F93A8D97D9}.Release_JITIL|x64.Build.0 = Release_JITIL|x64
		{A72606EF-C5C1-4954-90AD-F0F93A8D97D9}.Release|Win32.ActiveCfg = Release|Win32
		{A72606EF-C5C1-4954-90AD-F0F93A8D97D9}.Release|Win32.Build.0 = Release|Win32
		{A72606EF-C5C1-4954-90AD-F0F93A8D97D9}.Release|x64.ActiveCfg = Release|x64
		{A72606EF-C5C1-4954-90AD-F0F93A8D97D9}.Release|x64.Build.0 = Release|x64
		{4D3CD4C5-412B-4B49-9B1B-A68A2A129C77}.Debug|Win32.ActiveCfg = Debug|Win32
		{4D3CD4C5-412B-4B49-9B1B-A68A2A129C77}.Debug|Win32.Build.0 = Debug|Win32
		{4D3CD4C5-412B-4B49-9B1B-A68A2A129C77}.Debug|x64.ActiveCfg = Debug|x64
		{4D3CD4C5-412B-4B49-9B1B-A68A2A129C77}.Debug|x64.Build.0 = Debug|x64
		{4D3CD4C5-412B-4B49-9B1B-A68A2A129C77}.DebugFast|Win32.ActiveCfg = DebugFast|Win32
		{4D3CD4C5-412B-4B49-9B1B-A68A2A129C77}.DebugFast|Win32.Build.0 = DebugFast|Win32
		{4D3CD4C5-412B-4B49-9B1B-A68A2A129C77}.DebugFast|x64.ActiveCfg = DebugFast|x64
		{4D3CD4C5-412B-4B49-9B1B-A68A2A129C77}.DebugFast|x64.Build.0 = DebugFast|x64
		{4D3CD4C5-412B-4B49-9B1B-A68A2A129C77}.Release_JITIL|Win32.ActiveCfg = Release|Win32
		{4D3CD4C5-412B-4B49-9B1B-A68A2A129C77}.Release_JITIL|Win32.Build.0 = Release|Win32
		{4D3CD4C5-412B-4B49-9B1B-A68A2A129C77}.Release_JITIL|x64.ActiveCfg = Release|x64
		{4D3CD4C5-412B-4B49-9B1B-A68A2A129C77}.Release_JITIL|x64.Build.0 = Release|x64
		{4D3CD4C5-412B-4B49-9B1B-A68A2A129C77}.Release|Win32.ActiveCfg = Release|Win32
		{4D3CD4C5-412B-4B49-9B1B-A68A2A129C77}.Release|Win32.Build.0 = Release|Win32
		{4D3CD4C5-412B-4B49-9B1B-A68A2A129C77}.Release|x64.ActiveCfg = Release|x64
		{4D3CD4C5-412B-4B49-9B1B-A68A2A129C77}.Release|x64.Build.0 = Release|x64
		{E5D1F0C0-AA07-4841-A4EB-4CF4DAA6B0FA}.Debug|Win32.ActiveCfg = Debug|Win32
		{E5D1F0C0-AA07-4841-A4EB-4CF4DAA6B0FA}.Debug|Win32.Build.0 = Debug|Win32
		{E5D1F0C0-AA07-4841-A4EB-4CF4DAA6B0FA}.Debug|x64.ActiveCfg = Debug|x64
		{E5D1F0C0-AA07-4841-A4EB-4CF4DAA6B0FA}.Debug|x64.Build.0 = Debug|x64
		{E5D1F0C0-AA07-4841-A4EB-4CF4DAA6B0FA}.DebugFast|Win32.ActiveCfg = DebugFast|Win32
		{E5D1F0C0-AA07-4841-A4EB-4CF4DAA6B0FA}.DebugFast|Win32.Build.0 = DebugFast|Win32
		{E5D1F0C0-AA07-4841-A4EB-4CF4DAA6B0FA}.DebugFast|x64.ActiveCfg = DebugFast|x64
		{E5D1F0C0-AA07-4841-A4EB-4CF4DAA6B0FA}.DebugFast|x64.Build.0 = DebugFast|x64
		{E5D1F0C0-AA07-4841-A4EB-4CF4DAA6B0FA}.Release_JITIL|Win32.ActiveCfg = Release|Win32
		{E5D1F0C0-AA07-4841-A4EB-4CF4DAA6B0FA}.Release_JITIL|Win32.Build.0 = Release|Win32
		{E5D1F0C0-AA07-4841-A4EB-4CF4DAA6B0FA}.Release_JITIL|x64.ActiveCfg = Release|x64
		{E5D1F0C0-AA07-4841-A4EB-4CF4DAA6B0FA}.Release_JITIL|x64.Build.0 = Release|x64
		{E5D1F0C0-AA07-4841-A4EB-4CF4DAA6B0FA}.Release|Win32.ActiveCfg = Release|Win32
		{E5D1F0C0-AA07-4841-A4EB-4CF4DAA6B0FA}.Release|Win32.Build.0 = Release|Win32
		{E5D1F0C0-AA07-4841-A4EB-4CF4DAA6B0FA}.Release|x64.ActiveCfg = Release|x64
		{E5D1F0C0-AA07-4841-A4EB-4CF4DAA6B0FA}.Release|x64.Build.0 = Release|x64
		{521498BE-6089-4780-8223-E67C22F4E068}.Debug|Win32.ActiveCfg = Debug|Win32
		{521498BE-6089-4780-8223-E67C22F4E068}.Debug|Win32.Build.0 = Debug|Win32
		{521498BE-6089-4780-8223-E67C22F4E068}.Debug|x64.ActiveCfg = Debug|x64
		{521498BE-6089-4780-8223-E67C22F4E068}.Debug|x64.Build.0 = Debug|x64
		{521498BE-6089-4780-8223-E67C22F4E068}.DebugFast|Win32.ActiveCfg = DebugFast|Win32
		{521498BE-6089-4780-8223-E67C22F4E068}.DebugFast|Win32.Build.0 = DebugFast|Win32
		{521498BE-6089-4780-8223-E67C22F4E068}.DebugFast|x64.ActiveCfg = DebugFast|x64
		{521498BE-6089-4780-8223-E67C22F4E068}.DebugFast|x64.Build.0 = DebugFast|x64
		{521498BE-6089-4780-8223-E67C22F4E068}.Release_JITIL|Win32.ActiveCfg = Release|Win32
		{521498BE-6089-4780-8223-E67C22F4E068}.Release_JITIL|Win32.Build.0 = Release|Win32
		{521498BE-6089-4780-8223-E67C22F4E068}.Release_JITIL|x64.ActiveCfg = Release|x64
		{521498BE-6089-4780-8223-E67C22F4E068}.Release_JITIL|x64.Build.0 = Release|x64
		{521498BE-6089-4780-8223-E67C22F4E068}.Release|Win32.ActiveCfg = Release|Win32
		{521498BE-6089-4780-8223-E67C22F4E068}.Release|Win32.Build.0 = Release|Win32
		{521498BE-6089-4780-8223-E67C22F4E068}.Release|x64.ActiveCfg = Release|x64
		{521498BE-6089-4780-8223-E67C22F4E068}.Release|x64.Build.0 = Release|x64
		{D6E56527-BBB9-4EAD-A6EC-49D4BF6AFCD8}.Debug|Win32.ActiveCfg = Debug|Win32
		{D6E56527-BBB9-4EAD-A6EC-49D4BF6AFCD8}.Debug|Win32.Build.0 = Debug|Win32
		{D6E56527-BBB9-4EAD-A6EC-49D4BF6AFCD8}.Debug|x64.ActiveCfg = Debug|x64
		{D6E56527-BBB9-4EAD-A6EC-49D4BF6AFCD8}.Debug|x64.Build.0 = Debug|x64
		{D6E56527-BBB9-4EAD-A6EC-49D4BF6AFCD8}.DebugFast|Win32.ActiveCfg = DebugFast|Win32
		{D6E56527-BBB9-4EAD-A6EC-49D4BF6AFCD8}.DebugFast|Win32.Build.0 = DebugFast|Win32
		{D6E56527-BBB9-4EAD-A6EC-49D4BF6AFCD8}.DebugFast|x64.ActiveCfg = DebugFast|x64
		{D6E56527-BBB9-4EAD-A6EC-49D4BF6AFCD8}.DebugFast|x64.Build.0 = DebugFast|x64
		{D6E56527-BBB9-4EAD-A6EC-49D4BF6AFCD8}.Release_JITIL|Win32.ActiveCfg = Release|Win32
		{D6E56527-BBB9-4EAD-A6EC-49D4BF6AFCD8}.Release_JITIL|Win32.Build.0 = Release|Win32
		{D6E56527-BBB9-4EAD-A6EC-49D4BF6AFCD8}.Release_JITIL|x64.ActiveCfg = Release|x64
		{D6E56527-BBB9-4EAD-A6EC-49D4BF6AFCD8}.Release_JITIL|x64.Build.0 = Release|x64
		{D6E56527-BBB9-4EAD-A6EC-49D4BF6AFCD8}.Release|Win32.ActiveCfg = Release|Win32
		{D6E56527-BBB9-4EAD-A6EC-49D4BF6AFCD8}.Release|Win32.Build.0 = Release|Win32
		{D6E56527-BBB9-4EAD-A6EC-49D4BF6AFCD8}.Release|x64.ActiveCfg = Release|x64
		{D6E56527-BBB9-4EAD-A6EC-49D4BF6AFCD8}.Release|x64.Build.0 = Release|x64
		{33546D62-7F34-4EA6-A88E-D538B36E16BF}.Debug|Win32.ActiveCfg = Debug|Win32
		{33546D62-7F34-4EA6-A88E-D538B36E16BF}.Debug|Win32.Build.0 = Debug|Win32
		{33546D62-7F34-4EA6-A88E-D538B36E16BF}.Debug|x64.ActiveCfg = Debug|x64
		{33546D62-7F34-4EA6-A88E-D538B36E16BF}.Debug|x64.Build.0 = Debug|x64
		{33546D62-7F34-4EA6-A88E-D538B36E16BF}.DebugFast|Win32.ActiveCfg = Release|Win32
		{33546D62-7F34-4EA6-A88E-D538B36E16BF}.DebugFast|Win32.Build.0 = Release|Win32
		{33546D62-7F34-4EA6-A88E-D538B36E16BF}.DebugFast|x64.ActiveCfg = Release|x64
		{33546D62-7F34-4EA6-A88E-D538B36E16BF}.DebugFast|x64.Build.0 = Release|x64
		{33546D62-7F34-4EA6-A88E-D538B36E16BF}.Release_JITIL|Win32.ActiveCfg = Release|Win32
		{33546D62-7F34-4EA6-A88E-D538B36E16BF}.Release_JITIL|Win32.Build.0 = Release|Win32
		{33546D62-7F34-4EA6-A88E-D538B36E16BF}.Release_JITIL|x64.ActiveCfg = Release|x64
		{33546D62-7F34-4EA6-A88E-D538B36E16BF}.Release_JITIL|x64.Build.0 = Release|x64
		{33546D62-7F34-4EA6-A88E-D538B36E16BF}.Release|Win32.ActiveCfg = Release|Win32
		{33546D62-7F34-4EA6-A88E-D538B36E16BF}.Release|Win32.Build.0 = Release|Win32
		{33546D62-7F34-4EA6-A88E-D538B36E16BF}.Release|x64.ActiveCfg = Release|x64
		{33546D62-7F34-4EA6-A88E-D538B36E16BF}.Release|x64.Build.0 = Release|x64
		{8D612734-FAA5-4B8A-804F-4DEA2367D495}.Debug|Win32.ActiveCfg = Debug|Win32
		{8D612734-FAA5-4B8A-804F-4DEA2367D495}.Debug|Win32.Build.0 = Debug|Win32
		{8D612734-FAA5-4B8A-804F-4DEA2367D495}.Debug|x64.ActiveCfg = Debug|x64
		{8D612734-FAA5-4B8A-804F-4DEA2367D495}.Debug|x64.Build.0 = Debug|x64
		{8D612734-FAA5-4B8A-804F-4DEA2367D495}.DebugFast|Win32.ActiveCfg = DebugFast|Win32
		{8D612734-FAA5-4B8A-804F-4DEA2367D495}.DebugFast|Win32.Build.0 = DebugFast|Win32
		{8D612734-FAA5-4B8A-804F-4DEA2367D495}.DebugFast|x64.ActiveCfg = DebugFast|x64
		{8D612734-FAA5-4B8A-804F-4DEA2367D495}.DebugFast|x64.Build.0 = DebugFast|x64
		{8D612734-FAA5-4B8A-804F-4DEA2367D495}.Release_JITIL|Win32.ActiveCfg = Release|Win32
		{8D612734-FAA5-4B8A-804F-4DEA2367D495}.Release_JITIL|Win32.Build.0 = Release|Win32
		{8D612734-FAA5-4B8A-804F-4DEA2367D495}.Release_JITIL|x64.ActiveCfg = Release|x64
		{8D612734-FAA5-4B8A-804F-4DEA2367D495}.Release_JITIL|x64.Build.0 = Release|x64
		{8D612734-FAA5-4B8A-804F-4DEA2367D495}.Release|Win32.ActiveCfg = Release|Win32
		{8D612734-FAA5-4B8A-804F-4DEA2367D495}.Release|Win32.Build.0 = Release|Win32
		{8D612734-FAA5-4B8A-804F-4DEA2367D495}.Release|x64.ActiveCfg = Release|x64
		{8D612734-FAA5-4B8A-804F-4DEA2367D495}.Release|x64.Build.0 = Release|x64
		{C7E5D50A-2916-464B-86A7-E10B3CC88ADA}.Debug|Win32.ActiveCfg = Debug|Win32
		{C7E5D50A-2916-464B-86A7-E10B3CC88ADA}.Debug|Win32.Build.0 = Debug|Win32
		{C7E5D50A-2916-464B-86A7-E10B3CC88ADA}.Debug|x64.ActiveCfg = Debug|x64
		{C7E5D50A-2916-464B-86A7-E10B3CC88ADA}.Debug|x64.Build.0 = Debug|x64
		{C7E5D50A-2916-464B-86A7-E10B3CC88ADA}.DebugFast|Win32.ActiveCfg = DebugFast|Win32
		{C7E5D50A-2916-464B-86A7-E10B3CC88ADA}.DebugFast|Win32.Build.0 = DebugFast|Win32
		{C7E5D50A-2916-464B-86A7-E10B3CC88ADA}.DebugFast|x64.ActiveCfg = DebugFast|x64
		{C7E5D50A-2916-464B-86A7-E10B3CC88ADA}.DebugFast|x64.Build.0 = DebugFast|x64
		{C7E5D50A-2916-464B-86A7-E10B3CC88ADA}.Release_JITIL|Win32.ActiveCfg = Release|Win32
		{C7E5D50A-2916-464B-86A7-E10B3CC88ADA}.Release_JITIL|Win32.Build.0 = Release|Win32
		{C7E5D50A-2916-464B-86A7-E10B3CC88ADA}.Release_JITIL|x64.ActiveCfg = Release|x64
		{C7E5D50A-2916-464B-86A7-E10B3CC88ADA}.Release_JITIL|x64.Build.0 = Release|x64
		{C7E5D50A-2916-464B-86A7-E10B3CC88ADA}.Release|Win32.ActiveCfg = Release|Win32
		{C7E5D50A-2916-464B-86A7-E10B3CC88ADA}.Release|Win32.Build.0 = Release|Win32
		{C7E5D50A-2916-464B-86A7-E10B3CC88ADA}.Release|x64.ActiveCfg = Release|x64
		{C7E5D50A-2916-464B-86A7-E10B3CC88ADA}.Release|x64.Build.0 = Release|x64
		{FBAFB369-07EB-4460-9CAD-08BE5789DAB6}.Debug|Win32.ActiveCfg = Debug|Win32
		{FBAFB369-07EB-4460-9CAD-08BE5789DAB6}.Debug|Win32.Build.0 = Debug|Win32
		{FBAFB369-07EB-4460-9CAD-08BE5789DAB6}.Debug|x64.ActiveCfg = Debug|x64
		{FBAFB369-07EB-4460-9CAD-08BE5789DAB6}.Debug|x64.Build.0 = Debug|x64
		{FBAFB369-07EB-4460-9CAD-08BE5789DAB6}.DebugFast|Win32.ActiveCfg = DebugFast|Win32
		{FBAFB369-07EB-4460-9CAD-08BE5789DAB6}.DebugFast|Win32.Build.0 = DebugFast|Win32
		{FBAFB369-07EB-4460-9CAD-08BE5789DAB6}.DebugFast|x64.ActiveCfg = DebugFast|x64
		{FBAFB369-07EB-4460-9CAD-08BE5789DAB6}.DebugFast|x64.Build.0 = DebugFast|x64
		{FBAFB369-07EB-4460-9CAD-08BE5789DAB6}.Release_JITIL|Win32.ActiveCfg = Release|Win32
		{FBAFB369-07EB-4460-9CAD-08BE5789DAB6}.Release_JITIL|Win32.Build.0 = Release|Win32
		{FBAFB369-07EB-4460-9CAD-08BE5789DAB6}.Release_JITIL|x64.ActiveCfg = Release|x64
		{FBAFB369-07EB-4460-9CAD-08BE5789DAB6}.Release_JITIL|x64.Build.0 = Release|x64
		{FBAFB369-07EB-4460-9CAD-08BE5789DAB6}.Release|Win32.ActiveCfg = Release|Win32
		{FBAFB369-07EB-4460-9CAD-08BE5789DAB6}.Release|Win32.Build.0 = Release|Win32
		{FBAFB369-07EB-4460-9CAD-08BE5789DAB6}.Release|x64.ActiveCfg = Release|x64
		{FBAFB369-07EB-4460-9CAD-08BE5789DAB6}.Release|x64.Build.0 = Release|x64
		{3D8156A9-64D1-4C8E-ADBE-1B319030E4A4}.Debug|Win32.ActiveCfg = Debug|Win32
		{3D8156A9-64D1-4C8E-ADBE-1B319030E4A4}.Debug|Win32.Build.0 = Debug|Win32
		{3D8156A9-64D1-4C8E-ADBE-1B319030E4A4}.Debug|x64.ActiveCfg = Debug|x64
		{3D8156A9-64D1-4C8E-ADBE-1B319030E4A4}.Debug|x64.Build.0 = Debug|x64
		{3D8156A9-64D1-4C8E-ADBE-1B319030E4A4}.DebugFast|Win32.ActiveCfg = DebugFast|Win32
		{3D8156A9-64D1-4C8E-ADBE-1B319030E4A4}.DebugFast|Win32.Build.0 = DebugFast|Win32
		{3D8156A9-64D1-4C8E-ADBE-1B319030E4A4}.DebugFast|x64.ActiveCfg = DebugFast|x64
		{3D8156A9-64D1-4C8E-ADBE-1B319030E4A4}.DebugFast|x64.Build.0 = DebugFast|x64
		{3D8156A9-64D1-4C8E-ADBE-1B319030E4A4}.Release_JITIL|Win32.ActiveCfg = Release|Win32
		{3D8156A9-64D1-4C8E-ADBE-1B319030E4A4}.Release_JITIL|Win32.Build.0 = Release|Win32
		{3D8156A9-64D1-4C8E-ADBE-1B319030E4A4}.Release_JITIL|x64.ActiveCfg = Release|x64
		{3D8156A9-64D1-4C8E-ADBE-1B319030E4A4}.Release_JITIL|x64.Build.0 = Release|x64
		{3D8156A9-64D1-4C8E-ADBE-1B319030E4A4}.Release|Win32.ActiveCfg = Release|Win32
		{3D8156A9-64D1-4C8E-ADBE-1B319030E4A4}.Release|Win32.Build.0 = Release|Win32
		{3D8156A9-64D1-4C8E-ADBE-1B319030E4A4}.Release|x64.ActiveCfg = Release|x64
		{3D8156A9-64D1-4C8E-ADBE-1B319030E4A4}.Release|x64.Build.0 = Release|x64
		{838A89A3-3AA0-4A45-ACBE-3D1E0980C2ED}.Debug|Win32.ActiveCfg = Debug|Win32
		{838A89A3-3AA0-4A45-ACBE-3D1E0980C2ED}.Debug|Win32.Build.0 = Debug|Win32
		{838A89A3-3AA0-4A45-ACBE-3D1E0980C2ED}.Debug|x64.ActiveCfg = Debug|x64
		{838A89A3-3AA0-4A45-ACBE-3D1E0980C2ED}.Debug|x64.Build.0 = Debug|x64
		{838A89A3-3AA0-4A45-ACBE-3D1E0980C2ED}.DebugFast|Win32.ActiveCfg = DebugFast|Win32
		{838A89A3-3AA0-4A45-ACBE-3D1E0980C2ED}.DebugFast|Win32.Build.0 = DebugFast|Win32
		{838A89A3-3AA0-4A45-ACBE-3D1E0980C2ED}.DebugFast|x64.ActiveCfg = DebugFast|x64
		{838A89A3-3AA0-4A45-ACBE-3D1E0980C2ED}.DebugFast|x64.Build.0 = DebugFast|x64
		{838A89A3-3AA0-4A45-ACBE-3D1E0980C2ED}.Release_JITIL|Win32.ActiveCfg = Release|Win32
		{838A89A3-3AA0-4A45-ACBE-3D1E0980C2ED}.Release_JITIL|Win32.Build.0 = Release|Win32
		{838A89A3-3AA0-4A45-ACBE-3D1E0980C2ED}.Release_JITIL|x64.ActiveCfg = Release|x64
		{838A89A3-3AA0-4A45-ACBE-3D1E0980C2ED}.Release_JITIL|x64.Build.0 = Release|x64
		{838A89A3-3AA0-4A45-ACBE-3D1E0980C2ED}.Release|Win32.ActiveCfg = Release|Win32
		{838A89A3-3AA0-4A45-ACBE-3D1E0980C2ED}.Release|Win32.Build.0 = Release|Win32
		{838A89A3-3AA0-4A45-ACBE-3D1E0980C2ED}.Release|x64.ActiveCfg = Release|x64
		{838A89A3-3AA0-4A45-ACBE-3D1E0980C2ED}.Release|x64.Build.0 = Release|x64
		{1970D175-3DE8-4738-942A-4D98D1CDBF64}.Debug|Win32.ActiveCfg = Debug|Win32
		{1970D175-3DE8-4738-942A-4D98D1CDBF64}.Debug|Win32.Build.0 = Debug|Win32
		{1970D175-3DE8-4738-942A-4D98D1CDBF64}.Debug|x64.ActiveCfg = Debug|x64
		{1970D175-3DE8-4738-942A-4D98D1CDBF64}.Debug|x64.Build.0 = Debug|x64
		{1970D175-3DE8-4738-942A-4D98D1CDBF64}.DebugFast|Win32.ActiveCfg = DebugFast|Win32
		{1970D175-3DE8-4738-942A-4D98D1CDBF64}.DebugFast|Win32.Build.0 = DebugFast|Win32
		{1970D175-3DE8-4738-942A-4D98D1CDBF64}.DebugFast|x64.ActiveCfg = DebugFast|x64
		{1970D175-3DE8-4738-942A-4D98D1CDBF64}.DebugFast|x64.Build.0 = DebugFast|x64
		{1970D175-3DE8-4738-942A-4D98D1CDBF64}.Release_JITIL|Win32.ActiveCfg = Release|Win32
		{1970D175-3DE8-4738-942A-4D98D1CDBF64}.Release_JITIL|Win32.Build.0 = Release|Win32
		{1970D175-3DE8-4738-942A-4D98D1CDBF64}.Release_JITIL|x64.ActiveCfg = Release|x64
		{1970D175-3DE8-4738-942A-4D98D1CDBF64}.Release_JITIL|x64.Build.0 = Release|x64
		{1970D175-3DE8-4738-942A-4D98D1CDBF64}.Release|Win32.ActiveCfg = Release|Win32
		{1970D175-3DE8-4738-942A-4D98D1CDBF64}.Release|x64.ActiveCfg = Release|x64
		{1970D175-3DE8-4738-942A-4D98D1CDBF64}.Release|x64.Build.0 = Release|x64
		{3877AA3E-9CC0-4ADF-8E71-272EE4443478}.Debug|Win32.ActiveCfg = Wii|Win32
		{3877AA3E-9CC0-4ADF-8E71-272EE4443478}.Debug|x64.ActiveCfg = Wii|x64
		{3877AA3E-9CC0-4ADF-8E71-272EE4443478}.DebugFast|Win32.ActiveCfg = Wii|Win32
		{3877AA3E-9CC0-4ADF-8E71-272EE4443478}.DebugFast|x64.ActiveCfg = Wii|x64
		{3877AA3E-9CC0-4ADF-8E71-272EE4443478}.Release_JITIL|Win32.ActiveCfg = Wii|Win32
		{3877AA3E-9CC0-4ADF-8E71-272EE4443478}.Release_JITIL|x64.ActiveCfg = Wii|x64
		{3877AA3E-9CC0-4ADF-8E71-272EE4443478}.Release|Win32.ActiveCfg = Wii|Win32
		{3877AA3E-9CC0-4ADF-8E71-272EE4443478}.Release|x64.ActiveCfg = Wii|x64
		{C0B84DA9-FF15-4FAB-9590-17132F3C6DE4}.Debug|Win32.ActiveCfg = Debug|Win32
		{C0B84DA9-FF15-4FAB-9590-17132F3C6DE4}.Debug|Win32.Build.0 = Debug|Win32
		{C0B84DA9-FF15-4FAB-9590-17132F3C6DE4}.Debug|x64.ActiveCfg = Debug|x64
		{C0B84DA9-FF15-4FAB-9590-17132F3C6DE4}.Debug|x64.Build.0 = Debug|x64
		{C0B84DA9-FF15-4FAB-9590-17132F3C6DE4}.DebugFast|Win32.ActiveCfg = Release|Win32
		{C0B84DA9-FF15-4FAB-9590-17132F3C6DE4}.DebugFast|Win32.Build.0 = Release|Win32
		{C0B84DA9-FF15-4FAB-9590-17132F3C6DE4}.DebugFast|x64.ActiveCfg = Release|x64
		{C0B84DA9-FF15-4FAB-9590-17132F3C6DE4}.DebugFast|x64.Build.0 = Release|x64
		{C0B84DA9-FF15-4FAB-9590-17132F3C6DE4}.Release_JITIL|Win32.ActiveCfg = Release|Win32
		{C0B84DA9-FF15-4FAB-9590-17132F3C6DE4}.Release_JITIL|Win32.Build.0 = Release|Win32
		{C0B84DA9-FF15-4FAB-9590-17132F3C6DE4}.Release_JITIL|x64.ActiveCfg = Release|x64
		{C0B84DA9-FF15-4FAB-9590-17132F3C6DE4}.Release_JITIL|x64.Build.0 = Release|x64
		{C0B84DA9-FF15-4FAB-9590-17132F3C6DE4}.Release|Win32.ActiveCfg = Release|Win32
		{C0B84DA9-FF15-4FAB-9590-17132F3C6DE4}.Release|Win32.Build.0 = Release|Win32
		{C0B84DA9-FF15-4FAB-9590-17132F3C6DE4}.Release|x64.ActiveCfg = Release|x64
		{C0B84DA9-FF15-4FAB-9590-17132F3C6DE4}.Release|x64.Build.0 = Release|x64
		{823DDC98-42D5-4A38-88CF-9DC06C788AE4}.Debug|Win32.ActiveCfg = Debug|Win32
		{823DDC98-42D5-4A38-88CF-9DC06C788AE4}.Debug|Win32.Build.0 = Debug|Win32
		{823DDC98-42D5-4A38-88CF-9DC06C788AE4}.Debug|x64.ActiveCfg = Debug|x64
		{823DDC98-42D5-4A38-88CF-9DC06C788AE4}.Debug|x64.Build.0 = Debug|x64
		{823DDC98-42D5-4A38-88CF-9DC06C788AE4}.DebugFast|Win32.ActiveCfg = Release|Win32
		{823DDC98-42D5-4A38-88CF-9DC06C788AE4}.DebugFast|Win32.Build.0 = Release|Win32
		{823DDC98-42D5-4A38-88CF-9DC06C788AE4}.DebugFast|x64.ActiveCfg = Release|x64
		{823DDC98-42D5-4A38-88CF-9DC06C788AE4}.DebugFast|x64.Build.0 = Release|x64
		{823DDC98-42D5-4A38-88CF-9DC06C788AE4}.Release_JITIL|Win32.ActiveCfg = Release|Win32
		{823DDC98-42D5-4A38-88CF-9DC06C788AE4}.Release_JITIL|Win32.Build.0 = Release|Win32
		{823DDC98-42D5-4A38-88CF-9DC06C788AE4}.Release_JITIL|x64.ActiveCfg = Release|x64
		{823DDC98-42D5-4A38-88CF-9DC06C788AE4}.Release_JITIL|x64.Build.0 = Release|x64
		{823DDC98-42D5-4A38-88CF-9DC06C788AE4}.Release|Win32.ActiveCfg = Release|Win32
		{823DDC98-42D5-4A38-88CF-9DC06C788AE4}.Release|Win32.Build.0 = Release|Win32
		{823DDC98-42D5-4A38-88CF-9DC06C788AE4}.Release|x64.ActiveCfg = Release|x64
		{823DDC98-42D5-4A38-88CF-9DC06C788AE4}.Release|x64.Build.0 = Release|x64
		{40C636FA-B5BF-4D67-ABC8-376B524A7551}.Debug|Win32.ActiveCfg = Debug|Win32
		{40C636FA-B5BF-4D67-ABC8-376B524A7551}.Debug|x64.ActiveCfg = Debug|x64
		{40C636FA-B5BF-4D67-ABC8-376B524A7551}.DebugFast|Win32.ActiveCfg = Release|Win32
		{40C636FA-B5BF-4D67-ABC8-376B524A7551}.DebugFast|Win32.Build.0 = Release|Win32
		{40C636FA-B5BF-4D67-ABC8-376B524A7551}.DebugFast|x64.ActiveCfg = Release|x64
		{40C636FA-B5BF-4D67-ABC8-376B524A7551}.DebugFast|x64.Build.0 = Release|x64
		{40C636FA-B5BF-4D67-ABC8-376B524A7551}.Release_JITIL|Win32.ActiveCfg = Release|Win32
		{40C636FA-B5BF-4D67-ABC8-376B524A7551}.Release_JITIL|Win32.Build.0 = Release|Win32
		{40C636FA-B5BF-4D67-ABC8-376B524A7551}.Release_JITIL|x64.ActiveCfg = Release|x64
		{40C636FA-B5BF-4D67-ABC8-376B524A7551}.Release_JITIL|x64.Build.0 = Release|x64
		{40C636FA-B5BF-4D67-ABC8-376B524A7551}.Release|Win32.ActiveCfg = Release|Win32
		{40C636FA-B5BF-4D67-ABC8-376B524A7551}.Release|Win32.Build.0 = Release|Win32
		{40C636FA-B5BF-4D67-ABC8-376B524A7551}.Release|x64.ActiveCfg = Release|x64
		{40C636FA-B5BF-4D67-ABC8-376B524A7551}.Release|x64.Build.0 = Release|x64
		{F81AE75C-3D17-4D8C-A201-82FA5351C123}.Debug|Win32.ActiveCfg = Debug|Win32
		{F81AE75C-3D17-4D8C-A201-82FA5351C123}.Debug|Win32.Build.0 = Debug|Win32
		{F81AE75C-3D17-4D8C-A201-82FA5351C123}.Debug|x64.ActiveCfg = Debug|x64
		{F81AE75C-3D17-4D8C-A201-82FA5351C123}.Debug|x64.Build.0 = Debug|x64
		{F81AE75C-3D17-4D8C-A201-82FA5351C123}.DebugFast|Win32.ActiveCfg = DebugFast|Win32
		{F81AE75C-3D17-4D8C-A201-82FA5351C123}.DebugFast|Win32.Build.0 = DebugFast|Win32
		{F81AE75C-3D17-4D8C-A201-82FA5351C123}.DebugFast|x64.ActiveCfg = DebugFast|x64
		{F81AE75C-3D17-4D8C-A201-82FA5351C123}.DebugFast|x64.Build.0 = DebugFast|x64
		{F81AE75C-3D17-4D8C-A201-82FA5351C123}.Release_JITIL|Win32.ActiveCfg = Release|Win32
		{F81AE75C-3D17-4D8C-A201-82FA5351C123}.Release_JITIL|Win32.Build.0 = Release|Win32
		{F81AE75C-3D17-4D8C-A201-82FA5351C123}.Release_JITIL|x64.ActiveCfg = Release|x64
		{F81AE75C-3D17-4D8C-A201-82FA5351C123}.Release_JITIL|x64.Build.0 = Release|x64
		{F81AE75C-3D17-4D8C-A201-82FA5351C123}.Release|Win32.ActiveCfg = Release|Win32
		{F81AE75C-3D17-4D8C-A201-82FA5351C123}.Release|Win32.Build.0 = Release|Win32
		{F81AE75C-3D17-4D8C-A201-82FA5351C123}.Release|x64.ActiveCfg = Release|x64
		{F81AE75C-3D17-4D8C-A201-82FA5351C123}.Release|x64.Build.0 = Release|x64
		{DA4CA030-A741-4DDC-9DA8-B2F351F0F158}.Debug|Win32.ActiveCfg = Debug|Win32
		{DA4CA030-A741-4DDC-9DA8-B2F351F0F158}.Debug|Win32.Build.0 = Debug|Win32
		{DA4CA030-A741-4DDC-9DA8-B2F351F0F158}.Debug|x64.ActiveCfg = Debug|x64
		{DA4CA030-A741-4DDC-9DA8-B2F351F0F158}.Debug|x64.Build.0 = Debug|x64
		{DA4CA030-A741-4DDC-9DA8-B2F351F0F158}.DebugFast|Win32.ActiveCfg = Release|Win32
		{DA4CA030-A741-4DDC-9DA8-B2F351F0F158}.DebugFast|Win32.Build.0 = Release|Win32
		{DA4CA030-A741-4DDC-9DA8-B2F351F0F158}.DebugFast|x64.ActiveCfg = Release|x64
		{DA4CA030-A741-4DDC-9DA8-B2F351F0F158}.DebugFast|x64.Build.0 = Release|x64
		{DA4CA030-A741-4DDC-9DA8-B2F351F0F158}.Release_JITIL|Win32.ActiveCfg = Release|Win32
		{DA4CA030-A741-4DDC-9DA8-B2F351F0F158}.Release_JITIL|Win32.Build.0 = Release|Win32
		{DA4CA030-A741-4DDC-9DA8-B2F351F0F158}.Release_JITIL|x64.ActiveCfg = Release|x64
		{DA4CA030-A741-4DDC-9DA8-B2F351F0F158}.Release_JITIL|x64.Build.0 = Release|x64
		{DA4CA030-A741-4DDC-9DA8-B2F351F0F158}.Release|Win32.ActiveCfg = Release|Win32
		{DA4CA030-A741-4DDC-9DA8-B2F351F0F158}.Release|Win32.Build.0 = Release|Win32
		{DA4CA030-A741-4DDC-9DA8-B2F351F0F158}.Release|x64.ActiveCfg = Release|x64
		{DA4CA030-A741-4DDC-9DA8-B2F351F0F158}.Release|x64.Build.0 = Release|x64
		{0E231FB1-F3C9-4724-ACCB-DE8BCB3C089E}.Debug|Win32.ActiveCfg = Debug|Win32
		{0E231FB1-F3C9-4724-ACCB-DE8BCB3C089E}.Debug|Win32.Build.0 = Debug|Win32
		{0E231FB1-F3C9-4724-ACCB-DE8BCB3C089E}.Debug|x64.ActiveCfg = Debug|x64
		{0E231FB1-F3C9-4724-ACCB-DE8BCB3C089E}.Debug|x64.Build.0 = Debug|x64
		{0E231FB1-F3C9-4724-ACCB-DE8BCB3C089E}.DebugFast|Win32.ActiveCfg = Release|Win32
		{0E231FB1-F3C9-4724-ACCB-DE8BCB3C089E}.DebugFast|Win32.Build.0 = Release|Win32
		{0E231FB1-F3C9-4724-ACCB-DE8BCB3C089E}.DebugFast|x64.ActiveCfg = Release|x64
		{0E231FB1-F3C9-4724-ACCB-DE8BCB3C089E}.DebugFast|x64.Build.0 = Release|x64
		{0E231FB1-F3C9-4724-ACCB-DE8BCB3C089E}.Release_JITIL|Win32.ActiveCfg = Release|Win32
		{0E231FB1-F3C9-4724-ACCB-DE8BCB3C089E}.Release_JITIL|Win32.Build.0 = Release|Win32
		{0E231FB1-F3C9-4724-ACCB-DE8BCB3C089E}.Release_JITIL|x64.ActiveCfg = Release|x64
		{0E231FB1-F3C9-4724-ACCB-DE8BCB3C089E}.Release_JITIL|x64.Build.0 = Release|x64
		{0E231FB1-F3C9-4724-ACCB-DE8BCB3C089E}.Release|Win32.ActiveCfg = Release|Win32
		{0E231FB1-F3C9-4724-ACCB-DE8BCB3C089E}.Release|Win32.Build.0 = Release|Win32
		{0E231FB1-F3C9-4724-ACCB-DE8BCB3C089E}.Release|x64.ActiveCfg = Release|x64
		{0E231FB1-F3C9-4724-ACCB-DE8BCB3C089E}.Release|x64.Build.0 = Release|x64
		{05C75041-D67D-4903-A362-8395A7B35C75}.Debug|Win32.ActiveCfg = Debug|Win32
		{05C75041-D67D-4903-A362-8395A7B35C75}.Debug|Win32.Build.0 = Debug|Win32
		{05C75041-D67D-4903-A362-8395A7B35C75}.Debug|x64.ActiveCfg = Debug|x64
		{05C75041-D67D-4903-A362-8395A7B35C75}.Debug|x64.Build.0 = Debug|x64
		{05C75041-D67D-4903-A362-8395A7B35C75}.DebugFast|Win32.ActiveCfg = Release|Win32
		{05C75041-D67D-4903-A362-8395A7B35C75}.DebugFast|Win32.Build.0 = Release|Win32
		{05C75041-D67D-4903-A362-8395A7B35C75}.DebugFast|x64.ActiveCfg = Release|x64
		{05C75041-D67D-4903-A362-8395A7B35C75}.DebugFast|x64.Build.0 = Release|x64
		{05C75041-D67D-4903-A362-8395A7B35C75}.Release_JITIL|Win32.ActiveCfg = Release|Win32
		{05C75041-D67D-4903-A362-8395A7B35C75}.Release_JITIL|Win32.Build.0 = Release|Win32
		{05C75041-D67D-4903-A362-8395A7B35C75}.Release_JITIL|x64.ActiveCfg = Release|x64
		{05C75041-D67D-4903-A362-8395A7B35C75}.Release_JITIL|x64.Build.0 = Release|x64
		{05C75041-D67D-4903-A362-8395A7B35C75}.Release|Win32.ActiveCfg = Release|Win32
		{05C75041-D67D-4903-A362-8395A7B35C75}.Release|Win32.Build.0 = Release|Win32
		{05C75041-D67D-4903-A362-8395A7B35C75}.Release|x64.ActiveCfg = Release|x64
		{05C75041-D67D-4903-A362-8395A7B35C75}.Release|x64.Build.0 = Release|x64
		{1C8436C9-DBAF-42BE-83BC-CF3EC9175ABE}.Debug|Win32.ActiveCfg = Debug|Win32
		{1C8436C9-DBAF-42BE-83BC-CF3EC9175ABE}.Debug|Win32.Build.0 = Debug|Win32
		{1C8436C9-DBAF-42BE-83BC-CF3EC9175ABE}.Debug|x64.ActiveCfg = Debug|x64
		{1C8436C9-DBAF-42BE-83BC-CF3EC9175ABE}.Debug|x64.Build.0 = Debug|x64
		{1C8436C9-DBAF-42BE-83BC-CF3EC9175ABE}.DebugFast|Win32.ActiveCfg = Release|Win32
		{1C8436C9-DBAF-42BE-83BC-CF3EC9175ABE}.DebugFast|Win32.Build.0 = Release|Win32
		{1C8436C9-DBAF-42BE-83BC-CF3EC9175ABE}.DebugFast|x64.ActiveCfg = Release|x64
		{1C8436C9-DBAF-42BE-83BC-CF3EC9175ABE}.DebugFast|x64.Build.0 = Release|x64
		{1C8436C9-DBAF-42BE-83BC-CF3EC9175ABE}.Release_JITIL|Win32.ActiveCfg = Release|Win32
		{1C8436C9-DBAF-42BE-83BC-CF3EC9175ABE}.Release_JITIL|Win32.Build.0 = Release|Win32
		{1C8436C9-DBAF-42BE-83BC-CF3EC9175ABE}.Release_JITIL|x64.ActiveCfg = Release|x64
		{1C8436C9-DBAF-42BE-83BC-CF3EC9175ABE}.Release_JITIL|x64.Build.0 = Release|x64
		{1C8436C9-DBAF-42BE-83BC-CF3EC9175ABE}.Release|Win32.ActiveCfg = Release|Win32
		{1C8436C9-DBAF-42BE-83BC-CF3EC9175ABE}.Release|Win32.Build.0 = Release|Win32
		{1C8436C9-DBAF-42BE-83BC-CF3EC9175ABE}.Release|x64.ActiveCfg = Release|x64
		{1C8436C9-DBAF-42BE-83BC-CF3EC9175ABE}.Release|x64.Build.0 = Release|x64
		{11F55366-12EC-4C44-A8CB-1D4E315D61ED}.Debug|Win32.ActiveCfg = Debug|Win32
		{11F55366-12EC-4C44-A8CB-1D4E315D61ED}.Debug|Win32.Build.0 = Debug|Win32
		{11F55366-12EC-4C44-A8CB-1D4E315D61ED}.Debug|x64.ActiveCfg = Debug|x64
		{11F55366-12EC-4C44-A8CB-1D4E315D61ED}.Debug|x64.Build.0 = Debug|x64
		{11F55366-12EC-4C44-A8CB-1D4E315D61ED}.DebugFast|Win32.ActiveCfg = Release|Win32
		{11F55366-12EC-4C44-A8CB-1D4E315D61ED}.DebugFast|Win32.Build.0 = Release|Win32
		{11F55366-12EC-4C44-A8CB-1D4E315D61ED}.DebugFast|x64.ActiveCfg = Release|x64
		{11F55366-12EC-4C44-A8CB-1D4E315D61ED}.DebugFast|x64.Build.0 = Release|x64
		{11F55366-12EC-4C44-A8CB-1D4E315D61ED}.Release_JITIL|Win32.ActiveCfg = Release|Win32
		{11F55366-12EC-4C44-A8CB-1D4E315D61ED}.Release_JITIL|Win32.Build.0 = Release|Win32
		{11F55366-12EC-4C44-A8CB-1D4E315D61ED}.Release_JITIL|x64.ActiveCfg = Release|x64
		{11F55366-12EC-4C44-A8CB-1D4E315D61ED}.Release_JITIL|x64.Build.0 = Release|x64
		{11F55366-12EC-4C44-A8CB-1D4E315D61ED}.Release|Win32.ActiveCfg = Release|Win32
		{11F55366-12EC-4C44-A8CB-1D4E315D61ED}.Release|Win32.Build.0 = Release|Win32
		{11F55366-12EC-4C44-A8CB-1D4E315D61ED}.Release|x64.ActiveCfg = Release|x64
		{11F55366-12EC-4C44-A8CB-1D4E315D61ED}.Release|x64.Build.0 = Release|x64
		{66A4E7BD-E2E8-4373-9B75-8750EB5AE683}.Debug|Win32.ActiveCfg = Debug|Win32
		{66A4E7BD-E2E8-4373-9B75-8750EB5AE683}.Debug|Win32.Build.0 = Debug|Win32
		{66A4E7BD-E2E8-4373-9B75-8750EB5AE683}.Debug|x64.ActiveCfg = Debug|x64
		{66A4E7BD-E2E8-4373-9B75-8750EB5AE683}.Debug|x64.Build.0 = Debug|x64
		{66A4E7BD-E2E8-4373-9B75-8750EB5AE683}.DebugFast|Win32.ActiveCfg = Release|Win32
		{66A4E7BD-E2E8-4373-9B75-8750EB5AE683}.DebugFast|Win32.Build.0 = Release|Win32
		{66A4E7BD-E2E8-4373-9B75-8750EB5AE683}.DebugFast|x64.ActiveCfg = Release|x64
		{66A4E7BD-E2E8-4373-9B75-8750EB5AE683}.DebugFast|x64.Build.0 = Release|x64
		{66A4E7BD-E2E8-4373-9B75-8750EB5AE683}.Release_JITIL|Win32.ActiveCfg = Release|Win32
		{66A4E7BD-E2E8-4373-9B75-8750EB5AE683}.Release_JITIL|Win32.Build.0 = Release|Win32
		{66A4E7BD-E2E8-4373-9B75-8750EB5AE683}.Release_JITIL|x64.ActiveCfg = Release|x64
		{66A4E7BD-E2E8-4373-9B75-8750EB5AE683}.Release_JITIL|x64.Build.0 = Release|x64
		{66A4E7BD-E2E8-4373-9B75-8750EB5AE683}.Release|Win32.ActiveCfg = Release|Win32
		{66A4E7BD-E2E8-4373-9B75-8750EB5AE683}.Release|Win32.Build.0 = Release|Win32
		{66A4E7BD-E2E8-4373-9B75-8750EB5AE683}.Release|x64.ActiveCfg = Release|x64
		{66A4E7BD-E2E8-4373-9B75-8750EB5AE683}.Release|x64.Build.0 = Release|x64
	EndGlobalSection
	GlobalSection(SolutionProperties) = preSolution
		HideSolutionNode = FALSE
	EndGlobalSection
	GlobalSection(ExtensibilityGlobals) = postSolution
		AMDCaProjectFile = D:\Dev\Dolphin\trunk\Source\CodeAnalyst\Dolphin.caw
	EndGlobalSection
	GlobalSection(DPCodeReviewSolutionGUID) = preSolution
		DPCodeReviewSolutionGUID = {00000000-0000-0000-0000-000000000000}
	EndGlobalSection
EndGlobal
