Microsoft Visual Studio Solution File, Format Version 10.00
# Visual Studio 2008
Project("{8BC9CEB8-8B4A-11D0-8D11-00A0C91BC942}") = "Core", "Core\Core\Core.vcproj", "{F0B874CB-4476-4199-9315-8343D05AE684}"
	ProjectSection(ProjectDependencies) = postProject
		{48AD7E0A-25B1-4974-A1E3-03F8C438D34F} = {48AD7E0A-25B1-4974-A1E3-03F8C438D34F}
		{C7E5D50A-2916-464B-86A7-E10B3CC88ADA} = {C7E5D50A-2916-464B-86A7-E10B3CC88ADA}
		{0318BA30-EF48-441A-9E10-DC85EFAE39F0} = {0318BA30-EF48-441A-9E10-DC85EFAE39F0}
		{71B16F46-0B00-4EDA-B253-D6D9D03A215C} = {71B16F46-0B00-4EDA-B253-D6D9D03A215C}
		{95CCAABC-7062-47C4-B8C1-A064DD5F16FF} = {95CCAABC-7062-47C4-B8C1-A064DD5F16FF}
		{29C2ABC1-ADA5-42CD-A5FC-96022D52A510} = {29C2ABC1-ADA5-42CD-A5FC-96022D52A510}
		{C573CAF7-EE6A-458E-8049-16C0BF34C2E9} = {C573CAF7-EE6A-458E-8049-16C0BF34C2E9}
		{B7F1A9FB-BEA8-416E-9460-AE35A6A5165C} = {B7F1A9FB-BEA8-416E-9460-AE35A6A5165C}
	EndProjectSection
EndProject
Project("{8BC9CEB8-8B4A-11D0-8D11-00A0C91BC942}") = "Plugin_VideoDX9", "Plugins\Plugin_VideoDX9\Plugin_VideoDX9.vcproj", "{636FAD5F-02D1-4E9A-BE67-FB8EA99B9A18}"
	ProjectSection(ProjectDependencies) = postProject
		{3E03C179-8251-46E4-81F4-466F114BAC63} = {3E03C179-8251-46E4-81F4-466F114BAC63}
		{E5D1F0C0-AA07-4841-A4EB-4CF4DAA6B0FA} = {E5D1F0C0-AA07-4841-A4EB-4CF4DAA6B0FA}
		{C573CAF7-EE6A-458E-8049-16C0BF34C2E9} = {C573CAF7-EE6A-458E-8049-16C0BF34C2E9}
	EndProjectSection
EndProject
Project("{8BC9CEB8-8B4A-11D0-8D11-00A0C91BC942}") = "Plugin_PadSimple", "Plugins\Plugin_PadSimple\Plugin_PadSimple.vcproj", "{9A183B48-ECC2-4121-876A-9B3793686073}"
	ProjectSection(ProjectDependencies) = postProject
		{48AD7E0A-25B1-4974-A1E3-03F8C438D34F} = {48AD7E0A-25B1-4974-A1E3-03F8C438D34F}
		{C7E5D50A-2916-464B-86A7-E10B3CC88ADA} = {C7E5D50A-2916-464B-86A7-E10B3CC88ADA}
		{0318BA30-EF48-441A-9E10-DC85EFAE39F0} = {0318BA30-EF48-441A-9E10-DC85EFAE39F0}
		{71B16F46-0B00-4EDA-B253-D6D9D03A215C} = {71B16F46-0B00-4EDA-B253-D6D9D03A215C}
		{C573CAF7-EE6A-458E-8049-16C0BF34C2E9} = {C573CAF7-EE6A-458E-8049-16C0BF34C2E9}
	EndProjectSection
EndProject
Project("{8BC9CEB8-8B4A-11D0-8D11-00A0C91BC942}") = "Bochs_disasm", "..\Externals\Bochs_disasm\Bochs_disasm.vcproj", "{29C2ABC1-ADA5-42CD-A5FC-96022D52A510}"
EndProject
Project("{8BC9CEB8-8B4A-11D0-8D11-00A0C91BC942}") = "zlib", "..\Externals\zlib\zlib.vcproj", "{3E03C179-8251-46E4-81F4-466F114BAC63}"
EndProject
Project("{8BC9CEB8-8B4A-11D0-8D11-00A0C91BC942}") = "Plugin_DSP_LLE", "Plugins\Plugin_DSP_LLE\Plugin_DSP_LLE.vcproj", "{C60D0E7A-ED05-4C67-9EE7-3A6C0D7801C8}"
	ProjectSection(ProjectDependencies) = postProject
		{C573CAF7-EE6A-458E-8049-16C0BF34C2E9} = {C573CAF7-EE6A-458E-8049-16C0BF34C2E9}
	EndProjectSection
EndProject
Project("{8BC9CEB8-8B4A-11D0-8D11-00A0C91BC942}") = "DiscIO", "Core\DiscIO\DiscIO.vcproj", "{B7F1A9FB-BEA8-416E-9460-AE35A6A5165C}"
	ProjectSection(ProjectDependencies) = postProject
		{95CCAABC-7062-47C4-B8C1-A064DD5F16FF} = {95CCAABC-7062-47C4-B8C1-A064DD5F16FF}
		{C573CAF7-EE6A-458E-8049-16C0BF34C2E9} = {C573CAF7-EE6A-458E-8049-16C0BF34C2E9}
	EndProjectSection
EndProject
Project("{8BC9CEB8-8B4A-11D0-8D11-00A0C91BC942}") = "Plugin_VideoOGL", "Plugins\Plugin_VideoOGL\Plugin_VideoOGL.vcproj", "{CFDCEE0E-FA45-4F72-9FCC-0B88F5A75160}"
	ProjectSection(ProjectDependencies) = postProject
		{48AD7E0A-25B1-4974-A1E3-03F8C438D34F} = {48AD7E0A-25B1-4974-A1E3-03F8C438D34F}
		{0318BA30-EF48-441A-9E10-DC85EFAE39F0} = {0318BA30-EF48-441A-9E10-DC85EFAE39F0}
		{71B16F46-0B00-4EDA-B253-D6D9D03A215C} = {71B16F46-0B00-4EDA-B253-D6D9D03A215C}
		{E5D1F0C0-AA07-4841-A4EB-4CF4DAA6B0FA} = {E5D1F0C0-AA07-4841-A4EB-4CF4DAA6B0FA}
		{C573CAF7-EE6A-458E-8049-16C0BF34C2E9} = {C573CAF7-EE6A-458E-8049-16C0BF34C2E9}
	EndProjectSection
EndProject
Project("{8BC9CEB8-8B4A-11D0-8D11-00A0C91BC942}") = "Common", "Core\Common\Common.vcproj", "{C573CAF7-EE6A-458E-8049-16C0BF34C2E9}"
EndProject
Project("{8BC9CEB8-8B4A-11D0-8D11-00A0C91BC942}") = "Dolphin", "Core\DolphinWX\DolphinWX.vcproj", "{A72606EF-C5C1-4954-90AD-F0F93A8D97D9}"
	ProjectSection(ProjectDependencies) = postProject
		{48AD7E0A-25B1-4974-A1E3-03F8C438D34F} = {48AD7E0A-25B1-4974-A1E3-03F8C438D34F}
		{CFDCEE0E-FA45-4F72-9FCC-0B88F5A75160} = {CFDCEE0E-FA45-4F72-9FCC-0B88F5A75160}
		{D6E56527-BBB9-4EAD-A6EC-49D4BF6AFCD8} = {D6E56527-BBB9-4EAD-A6EC-49D4BF6AFCD8}
		{0318BA30-EF48-441A-9E10-DC85EFAE39F0} = {0318BA30-EF48-441A-9E10-DC85EFAE39F0}
		{8D612734-FAA5-4B8A-804F-4DEA2367D495} = {8D612734-FAA5-4B8A-804F-4DEA2367D495}
		{71B16F46-0B00-4EDA-B253-D6D9D03A215C} = {71B16F46-0B00-4EDA-B253-D6D9D03A215C}
		{33546D62-7F34-4EA6-A88E-D538B36E16BF} = {33546D62-7F34-4EA6-A88E-D538B36E16BF}
		{3E03C179-8251-46E4-81F4-466F114BAC63} = {3E03C179-8251-46E4-81F4-466F114BAC63}
		{95CCAABC-7062-47C4-B8C1-A064DD5F16FF} = {95CCAABC-7062-47C4-B8C1-A064DD5F16FF}
		{29C2ABC1-ADA5-42CD-A5FC-96022D52A510} = {29C2ABC1-ADA5-42CD-A5FC-96022D52A510}
		{4D3CD4C5-412B-4B49-9B1B-A68A2A129C77} = {4D3CD4C5-412B-4B49-9B1B-A68A2A129C77}
		{F0B874CB-4476-4199-9315-8343D05AE684} = {F0B874CB-4476-4199-9315-8343D05AE684}
		{B7F1A9FB-BEA8-416E-9460-AE35A6A5165C} = {B7F1A9FB-BEA8-416E-9460-AE35A6A5165C}
	EndProjectSection
EndProject
Project("{8BC9CEB8-8B4A-11D0-8D11-00A0C91BC942}") = "wxBase28", "..\Externals\wxWidgets\build\msw\wx_base.vcproj", "{48AD7E0A-25B1-4974-A1E3-03F8C438D34F}"
EndProject
Project("{8BC9CEB8-8B4A-11D0-8D11-00A0C91BC942}") = "wxCore28", "..\Externals\wxWidgets\build\msw\wx_core.vcproj", "{0318BA30-EF48-441A-9E10-DC85EFAE39F0}"
EndProject
Project("{8BC9CEB8-8B4A-11D0-8D11-00A0C91BC942}") = "Debugger", "Core\DebuggerWX\DebuggerWX.vcproj", "{4D3CD4C5-412B-4B49-9B1B-A68A2A129C77}"
	ProjectSection(ProjectDependencies) = postProject
		{48AD7E0A-25B1-4974-A1E3-03F8C438D34F} = {48AD7E0A-25B1-4974-A1E3-03F8C438D34F}
		{0318BA30-EF48-441A-9E10-DC85EFAE39F0} = {0318BA30-EF48-441A-9E10-DC85EFAE39F0}
		{71B16F46-0B00-4EDA-B253-D6D9D03A215C} = {71B16F46-0B00-4EDA-B253-D6D9D03A215C}
		{29C2ABC1-ADA5-42CD-A5FC-96022D52A510} = {29C2ABC1-ADA5-42CD-A5FC-96022D52A510}
		{F0B874CB-4476-4199-9315-8343D05AE684} = {F0B874CB-4476-4199-9315-8343D05AE684}
		{C573CAF7-EE6A-458E-8049-16C0BF34C2E9} = {C573CAF7-EE6A-458E-8049-16C0BF34C2E9}
	EndProjectSection
EndProject
Project("{8BC9CEB8-8B4A-11D0-8D11-00A0C91BC942}") = "VideoCommon", "Core\VideoCommon\VideoCommon.vcproj", "{E5D1F0C0-AA07-4841-A4EB-4CF4DAA6B0FA}"
	ProjectSection(ProjectDependencies) = postProject
		{C573CAF7-EE6A-458E-8049-16C0BF34C2E9} = {C573CAF7-EE6A-458E-8049-16C0BF34C2E9}
	EndProjectSection
EndProject
Project("{8BC9CEB8-8B4A-11D0-8D11-00A0C91BC942}") = "Plugin_DSP_HLE", "Plugins\Plugin_DSP_HLE\Plugin_DSP_HLE.vcproj", "{D6E56527-BBB9-4EAD-A6EC-49D4BF6AFCD8}"
	ProjectSection(ProjectDependencies) = postProject
		{48AD7E0A-25B1-4974-A1E3-03F8C438D34F} = {48AD7E0A-25B1-4974-A1E3-03F8C438D34F}
		{0318BA30-EF48-441A-9E10-DC85EFAE39F0} = {0318BA30-EF48-441A-9E10-DC85EFAE39F0}
		{71B16F46-0B00-4EDA-B253-D6D9D03A215C} = {71B16F46-0B00-4EDA-B253-D6D9D03A215C}
		{C573CAF7-EE6A-458E-8049-16C0BF34C2E9} = {C573CAF7-EE6A-458E-8049-16C0BF34C2E9}
	EndProjectSection
EndProject
Project("{8BC9CEB8-8B4A-11D0-8D11-00A0C91BC942}") = "LZO", "..\Externals\LZO\LZO.vcproj", "{33546D62-7F34-4EA6-A88E-D538B36E16BF}"
EndProject
Project("{8BC9CEB8-8B4A-11D0-8D11-00A0C91BC942}") = "Plugin_Wiimote", "Plugins\Plugin_Wiimote\Plugin_Wiimote.vcproj", "{8D612734-FAA5-4B8A-804F-4DEA2367D495}"
	ProjectSection(ProjectDependencies) = postProject
		{48AD7E0A-25B1-4974-A1E3-03F8C438D34F} = {48AD7E0A-25B1-4974-A1E3-03F8C438D34F}
		{C7E5D50A-2916-464B-86A7-E10B3CC88ADA} = {C7E5D50A-2916-464B-86A7-E10B3CC88ADA}
		{0318BA30-EF48-441A-9E10-DC85EFAE39F0} = {0318BA30-EF48-441A-9E10-DC85EFAE39F0}
		{71B16F46-0B00-4EDA-B253-D6D9D03A215C} = {71B16F46-0B00-4EDA-B253-D6D9D03A215C}
		{C573CAF7-EE6A-458E-8049-16C0BF34C2E9} = {C573CAF7-EE6A-458E-8049-16C0BF34C2E9}
	EndProjectSection
EndProject
Project("{8BC9CEB8-8B4A-11D0-8D11-00A0C91BC942}") = "Plugin_nJoy_SDL_Test", "Plugins\Plugin_nJoy_Testing\Plugin_nJoy_SDL_Test.vcproj", "{ADF64291-57ED-4B7A-AB76-37B4A991504B}"
	ProjectSection(ProjectDependencies) = postProject
		{48AD7E0A-25B1-4974-A1E3-03F8C438D34F} = {48AD7E0A-25B1-4974-A1E3-03F8C438D34F}
		{0318BA30-EF48-441A-9E10-DC85EFAE39F0} = {0318BA30-EF48-441A-9E10-DC85EFAE39F0}
		{71B16F46-0B00-4EDA-B253-D6D9D03A215C} = {71B16F46-0B00-4EDA-B253-D6D9D03A215C}
		{C573CAF7-EE6A-458E-8049-16C0BF34C2E9} = {C573CAF7-EE6A-458E-8049-16C0BF34C2E9}
	EndProjectSection
EndProject
Project("{8BC9CEB8-8B4A-11D0-8D11-00A0C91BC942}") = "wxAdv28", "..\Externals\wxWidgets\build\msw\wx_adv.vcproj", "{71B16F46-0B00-4EDA-B253-D6D9D03A215C}"
EndProject
Project("{8BC9CEB8-8B4A-11D0-8D11-00A0C91BC942}") = "Plugin_nJoy_SDL", "Plugins\Plugin_nJoy_SDL\Plugin_nJoy_SDL.vcproj", "{521498BE-6089-4780-8223-E67C22F4E068}"
	ProjectSection(ProjectDependencies) = postProject
		{48AD7E0A-25B1-4974-A1E3-03F8C438D34F} = {48AD7E0A-25B1-4974-A1E3-03F8C438D34F}
		{C7E5D50A-2916-464B-86A7-E10B3CC88ADA} = {C7E5D50A-2916-464B-86A7-E10B3CC88ADA}
		{0318BA30-EF48-441A-9E10-DC85EFAE39F0} = {0318BA30-EF48-441A-9E10-DC85EFAE39F0}
		{71B16F46-0B00-4EDA-B253-D6D9D03A215C} = {71B16F46-0B00-4EDA-B253-D6D9D03A215C}
		{C573CAF7-EE6A-458E-8049-16C0BF34C2E9} = {C573CAF7-EE6A-458E-8049-16C0BF34C2E9}
	EndProjectSection
EndProject
Project("{2150E333-8FDC-42A3-9474-1A3956D46DE8}") = "MusicMod", "MusicMod", "{77CF6E34-3038-4B23-A2E7-90AD17801609}"
EndProject
Project("{2150E333-8FDC-42A3-9474-1A3956D46DE8}") = "Plugins", "Plugins", "{5C17B1EB-6C76-438A-A503-8F3C7831023B}"
EndProject
Project("{2150E333-8FDC-42A3-9474-1A3956D46DE8}") = "Externals", "Externals", "{4F427D1B-8C90-4D9C-B23D-A51493A1C471}"
EndProject
Project("{2150E333-8FDC-42A3-9474-1A3956D46DE8}") = "Dolphin", "Dolphin", "{61C7F431-0623-4A8D-9C4B-EDE35696554A}"
EndProject
Project("{8BC9CEB8-8B4A-11D0-8D11-00A0C91BC942}") = "InputCommon", "Core\InputCommon\InputCommon.vcproj", "{C7E5D50A-2916-464B-86A7-E10B3CC88ADA}"
EndProject
Project("{8BC9CEB8-8B4A-11D0-8D11-00A0C91BC942}") = "Common", "..\Externals\MusicMod\Common\Common.vcproj", "{DE7C596C-CBC4-4278-8909-146D63990803}"
EndProject
Project("{8BC9CEB8-8B4A-11D0-8D11-00A0C91BC942}") = "Main", "..\Externals\MusicMod\Main\Main.vcproj", "{95CCAABC-7062-47C4-B8C1-A064DD5F16FF}"
	ProjectSection(ProjectDependencies) = postProject
		{0B72B5D6-5D72-4391-84A7-9CCA5392668A} = {0B72B5D6-5D72-4391-84A7-9CCA5392668A}
		{C573CAF7-EE6A-458E-8049-16C0BF34C2E9} = {C573CAF7-EE6A-458E-8049-16C0BF34C2E9}
	EndProjectSection
EndProject
Project("{8BC9CEB8-8B4A-11D0-8D11-00A0C91BC942}") = "Player", "..\Externals\MusicMod\Player\Player.vcproj", "{0B72B5D6-5D72-4391-84A7-9CCA5392668A}"
	ProjectSection(ProjectDependencies) = postProject
		{C573CAF7-EE6A-458E-8049-16C0BF34C2E9} = {C573CAF7-EE6A-458E-8049-16C0BF34C2E9}
	EndProjectSection
EndProject
Project("{8BC9CEB8-8B4A-11D0-8D11-00A0C91BC942}") = "TestPlayer", "..\Externals\MusicMod\TestPlayer\TestPlayer.vcproj", "{0D14F1E9-490B-4A2D-A4EF-0535E8B3C718}"
EndProject
Global
	GlobalSection(SolutionConfigurationPlatforms) = preSolution
		Debug|Win32 = Debug|Win32
		Debug|x64 = Debug|x64
		DebugFast|Win32 = DebugFast|Win32
		DebugFast|x64 = DebugFast|x64
		Release JITIL|Win32 = Release JITIL|Win32
		Release JITIL|x64 = Release JITIL|x64
		Release|Win32 = Release|Win32
		Release|x64 = Release|x64
	EndGlobalSection
	GlobalSection(ProjectConfigurationPlatforms) = postSolution
		{F0B874CB-4476-4199-9315-8343D05AE684}.Debug|Win32.ActiveCfg = Debug|Win32
		{F0B874CB-4476-4199-9315-8343D05AE684}.Debug|Win32.Build.0 = Debug|Win32
		{F0B874CB-4476-4199-9315-8343D05AE684}.Debug|x64.ActiveCfg = Debug|x64
		{F0B874CB-4476-4199-9315-8343D05AE684}.Debug|x64.Build.0 = Debug|x64
		{F0B874CB-4476-4199-9315-8343D05AE684}.DebugFast|Win32.ActiveCfg = DebugFast|Win32
		{F0B874CB-4476-4199-9315-8343D05AE684}.DebugFast|Win32.Build.0 = DebugFast|Win32
		{F0B874CB-4476-4199-9315-8343D05AE684}.DebugFast|x64.ActiveCfg = DebugFast|x64
		{F0B874CB-4476-4199-9315-8343D05AE684}.DebugFast|x64.Build.0 = DebugFast|x64
		{F0B874CB-4476-4199-9315-8343D05AE684}.Release JITIL|Win32.ActiveCfg = Release_JITIL|Win32
		{F0B874CB-4476-4199-9315-8343D05AE684}.Release JITIL|Win32.Build.0 = Release_JITIL|Win32
		{F0B874CB-4476-4199-9315-8343D05AE684}.Release JITIL|x64.ActiveCfg = Release_JITIL|x64
		{F0B874CB-4476-4199-9315-8343D05AE684}.Release JITIL|x64.Build.0 = Release_JITIL|x64
		{F0B874CB-4476-4199-9315-8343D05AE684}.Release|Win32.ActiveCfg = Release|Win32
		{F0B874CB-4476-4199-9315-8343D05AE684}.Release|Win32.Build.0 = Release|Win32
		{F0B874CB-4476-4199-9315-8343D05AE684}.Release|x64.ActiveCfg = Release|x64
		{F0B874CB-4476-4199-9315-8343D05AE684}.Release|x64.Build.0 = Release|x64
		{636FAD5F-02D1-4E9A-BE67-FB8EA99B9A18}.Debug|Win32.ActiveCfg = Debug|Win32
		{636FAD5F-02D1-4E9A-BE67-FB8EA99B9A18}.Debug|x64.ActiveCfg = Debug|x64
		{636FAD5F-02D1-4E9A-BE67-FB8EA99B9A18}.DebugFast|Win32.ActiveCfg = DebugFast|Win32
		{636FAD5F-02D1-4E9A-BE67-FB8EA99B9A18}.DebugFast|x64.ActiveCfg = DebugFast|x64
		{636FAD5F-02D1-4E9A-BE67-FB8EA99B9A18}.Release JITIL|Win32.ActiveCfg = Release|Win32
		{636FAD5F-02D1-4E9A-BE67-FB8EA99B9A18}.Release JITIL|x64.ActiveCfg = Release|x64
		{636FAD5F-02D1-4E9A-BE67-FB8EA99B9A18}.Release JITIL|x64.Build.0 = Release|x64
		{636FAD5F-02D1-4E9A-BE67-FB8EA99B9A18}.Release|Win32.ActiveCfg = Release|Win32
		{636FAD5F-02D1-4E9A-BE67-FB8EA99B9A18}.Release|x64.ActiveCfg = Release|x64
		{636FAD5F-02D1-4E9A-BE67-FB8EA99B9A18}.Release|x64.Build.0 = Release|x64
		{9A183B48-ECC2-4121-876A-9B3793686073}.Debug|Win32.ActiveCfg = Debug|Win32
		{9A183B48-ECC2-4121-876A-9B3793686073}.Debug|x64.ActiveCfg = Debug|x64
		{9A183B48-ECC2-4121-876A-9B3793686073}.DebugFast|Win32.ActiveCfg = DebugFast|Win32
		{9A183B48-ECC2-4121-876A-9B3793686073}.DebugFast|Win32.Build.0 = DebugFast|Win32
		{9A183B48-ECC2-4121-876A-9B3793686073}.DebugFast|x64.ActiveCfg = DebugFast|x64
		{9A183B48-ECC2-4121-876A-9B3793686073}.Release JITIL|Win32.ActiveCfg = Release|Win32
		{9A183B48-ECC2-4121-876A-9B3793686073}.Release JITIL|x64.ActiveCfg = Release|x64
		{9A183B48-ECC2-4121-876A-9B3793686073}.Release JITIL|x64.Build.0 = Release|x64
		{9A183B48-ECC2-4121-876A-9B3793686073}.Release|Win32.ActiveCfg = Release|Win32
		{9A183B48-ECC2-4121-876A-9B3793686073}.Release|x64.ActiveCfg = Release|x64
		{9A183B48-ECC2-4121-876A-9B3793686073}.Release|x64.Build.0 = Release|x64
		{29C2ABC1-ADA5-42CD-A5FC-96022D52A510}.Debug|Win32.ActiveCfg = Debug|Win32
		{29C2ABC1-ADA5-42CD-A5FC-96022D52A510}.Debug|Win32.Build.0 = Debug|Win32
		{29C2ABC1-ADA5-42CD-A5FC-96022D52A510}.Debug|x64.ActiveCfg = Debug|x64
		{29C2ABC1-ADA5-42CD-A5FC-96022D52A510}.Debug|x64.Build.0 = Debug|x64
		{29C2ABC1-ADA5-42CD-A5FC-96022D52A510}.DebugFast|Win32.ActiveCfg = DebugFast|Win32
		{29C2ABC1-ADA5-42CD-A5FC-96022D52A510}.DebugFast|Win32.Build.0 = DebugFast|Win32
		{29C2ABC1-ADA5-42CD-A5FC-96022D52A510}.DebugFast|x64.ActiveCfg = DebugFast|x64
		{29C2ABC1-ADA5-42CD-A5FC-96022D52A510}.DebugFast|x64.Build.0 = DebugFast|x64
		{29C2ABC1-ADA5-42CD-A5FC-96022D52A510}.Release JITIL|Win32.ActiveCfg = Release|Win32
		{29C2ABC1-ADA5-42CD-A5FC-96022D52A510}.Release JITIL|x64.ActiveCfg = Release|x64
		{29C2ABC1-ADA5-42CD-A5FC-96022D52A510}.Release JITIL|x64.Build.0 = Release|x64
		{29C2ABC1-ADA5-42CD-A5FC-96022D52A510}.Release|Win32.ActiveCfg = Release|Win32
		{29C2ABC1-ADA5-42CD-A5FC-96022D52A510}.Release|x64.ActiveCfg = Release|x64
		{29C2ABC1-ADA5-42CD-A5FC-96022D52A510}.Release|x64.Build.0 = Release|x64
		{3E03C179-8251-46E4-81F4-466F114BAC63}.Debug|Win32.ActiveCfg = Debug|Win32
		{3E03C179-8251-46E4-81F4-466F114BAC63}.Debug|Win32.Build.0 = Debug|Win32
		{3E03C179-8251-46E4-81F4-466F114BAC63}.Debug|x64.ActiveCfg = Debug|x64
		{3E03C179-8251-46E4-81F4-466F114BAC63}.Debug|x64.Build.0 = Debug|x64
		{3E03C179-8251-46E4-81F4-466F114BAC63}.DebugFast|Win32.ActiveCfg = DebugFast|Win32
		{3E03C179-8251-46E4-81F4-466F114BAC63}.DebugFast|x64.ActiveCfg = DebugFast|x64
		{3E03C179-8251-46E4-81F4-466F114BAC63}.Release JITIL|Win32.ActiveCfg = Release|Win32
		{3E03C179-8251-46E4-81F4-466F114BAC63}.Release JITIL|x64.ActiveCfg = Release|x64
		{3E03C179-8251-46E4-81F4-466F114BAC63}.Release JITIL|x64.Build.0 = Release|x64
		{3E03C179-8251-46E4-81F4-466F114BAC63}.Release|Win32.ActiveCfg = Release|Win32
		{3E03C179-8251-46E4-81F4-466F114BAC63}.Release|x64.ActiveCfg = Release|x64
		{3E03C179-8251-46E4-81F4-466F114BAC63}.Release|x64.Build.0 = Release|x64
		{C60D0E7A-ED05-4C67-9EE7-3A6C0D7801C8}.Debug|Win32.ActiveCfg = Debug|Win32
		{C60D0E7A-ED05-4C67-9EE7-3A6C0D7801C8}.Debug|x64.ActiveCfg = Debug|x64
		{C60D0E7A-ED05-4C67-9EE7-3A6C0D7801C8}.DebugFast|Win32.ActiveCfg = DebugFast|Win32
		{C60D0E7A-ED05-4C67-9EE7-3A6C0D7801C8}.DebugFast|x64.ActiveCfg = DebugFast|x64
		{C60D0E7A-ED05-4C67-9EE7-3A6C0D7801C8}.DebugFast|x64.Build.0 = DebugFast|x64
		{C60D0E7A-ED05-4C67-9EE7-3A6C0D7801C8}.Release JITIL|Win32.ActiveCfg = Release|x64
		{C60D0E7A-ED05-4C67-9EE7-3A6C0D7801C8}.Release JITIL|x64.ActiveCfg = Release|x64
		{C60D0E7A-ED05-4C67-9EE7-3A6C0D7801C8}.Release|Win32.ActiveCfg = Release|Win32
		{C60D0E7A-ED05-4C67-9EE7-3A6C0D7801C8}.Release|x64.ActiveCfg = Release|x64
		{B7F1A9FB-BEA8-416E-9460-AE35A6A5165C}.Debug|Win32.ActiveCfg = Debug|Win32
		{B7F1A9FB-BEA8-416E-9460-AE35A6A5165C}.Debug|Win32.Build.0 = Debug|Win32
		{B7F1A9FB-BEA8-416E-9460-AE35A6A5165C}.Debug|x64.ActiveCfg = Debug|x64
		{B7F1A9FB-BEA8-416E-9460-AE35A6A5165C}.Debug|x64.Build.0 = Debug|x64
		{B7F1A9FB-BEA8-416E-9460-AE35A6A5165C}.DebugFast|Win32.ActiveCfg = DebugFast|Win32
		{B7F1A9FB-BEA8-416E-9460-AE35A6A5165C}.DebugFast|Win32.Build.0 = DebugFast|Win32
		{B7F1A9FB-BEA8-416E-9460-AE35A6A5165C}.DebugFast|x64.ActiveCfg = DebugFast|x64
		{B7F1A9FB-BEA8-416E-9460-AE35A6A5165C}.DebugFast|x64.Build.0 = DebugFast|x64
		{B7F1A9FB-BEA8-416E-9460-AE35A6A5165C}.Release JITIL|Win32.ActiveCfg = Release|Win32
		{B7F1A9FB-BEA8-416E-9460-AE35A6A5165C}.Release JITIL|x64.ActiveCfg = Release|x64
		{B7F1A9FB-BEA8-416E-9460-AE35A6A5165C}.Release JITIL|x64.Build.0 = Release|x64
		{B7F1A9FB-BEA8-416E-9460-AE35A6A5165C}.Release|Win32.ActiveCfg = Release|Win32
		{B7F1A9FB-BEA8-416E-9460-AE35A6A5165C}.Release|Win32.Build.0 = Release|Win32
		{B7F1A9FB-BEA8-416E-9460-AE35A6A5165C}.Release|x64.ActiveCfg = Release|x64
		{B7F1A9FB-BEA8-416E-9460-AE35A6A5165C}.Release|x64.Build.0 = Release|x64
		{CFDCEE0E-FA45-4F72-9FCC-0B88F5A75160}.Debug|Win32.ActiveCfg = Debug|Win32
		{CFDCEE0E-FA45-4F72-9FCC-0B88F5A75160}.Debug|x64.ActiveCfg = Debug|x64
		{CFDCEE0E-FA45-4F72-9FCC-0B88F5A75160}.DebugFast|Win32.ActiveCfg = DebugFast|Win32
		{CFDCEE0E-FA45-4F72-9FCC-0B88F5A75160}.DebugFast|x64.ActiveCfg = DebugFast|x64
		{CFDCEE0E-FA45-4F72-9FCC-0B88F5A75160}.Release JITIL|Win32.ActiveCfg = Release|Win32
		{CFDCEE0E-FA45-4F72-9FCC-0B88F5A75160}.Release JITIL|x64.ActiveCfg = Release|x64
		{CFDCEE0E-FA45-4F72-9FCC-0B88F5A75160}.Release JITIL|x64.Build.0 = Release|x64
		{CFDCEE0E-FA45-4F72-9FCC-0B88F5A75160}.Release|Win32.ActiveCfg = Release|Win32
		{CFDCEE0E-FA45-4F72-9FCC-0B88F5A75160}.Release|Win32.Build.0 = Release|Win32
		{CFDCEE0E-FA45-4F72-9FCC-0B88F5A75160}.Release|x64.ActiveCfg = Release|x64
		{CFDCEE0E-FA45-4F72-9FCC-0B88F5A75160}.Release|x64.Build.0 = Release|x64
		{C573CAF7-EE6A-458E-8049-16C0BF34C2E9}.Debug|Win32.ActiveCfg = Debug|Win32
		{C573CAF7-EE6A-458E-8049-16C0BF34C2E9}.Debug|Win32.Build.0 = Debug|Win32
		{C573CAF7-EE6A-458E-8049-16C0BF34C2E9}.Debug|x64.ActiveCfg = Debug|x64
		{C573CAF7-EE6A-458E-8049-16C0BF34C2E9}.Debug|x64.Build.0 = Debug|x64
		{C573CAF7-EE6A-458E-8049-16C0BF34C2E9}.DebugFast|Win32.ActiveCfg = DebugFast|Win32
		{C573CAF7-EE6A-458E-8049-16C0BF34C2E9}.DebugFast|Win32.Build.0 = DebugFast|Win32
		{C573CAF7-EE6A-458E-8049-16C0BF34C2E9}.DebugFast|x64.ActiveCfg = DebugFast|x64
		{C573CAF7-EE6A-458E-8049-16C0BF34C2E9}.DebugFast|x64.Build.0 = DebugFast|x64
		{C573CAF7-EE6A-458E-8049-16C0BF34C2E9}.Release JITIL|Win32.ActiveCfg = Release|Win32
		{C573CAF7-EE6A-458E-8049-16C0BF34C2E9}.Release JITIL|x64.ActiveCfg = Release|x64
		{C573CAF7-EE6A-458E-8049-16C0BF34C2E9}.Release JITIL|x64.Build.0 = Release|x64
		{C573CAF7-EE6A-458E-8049-16C0BF34C2E9}.Release|Win32.ActiveCfg = Release|Win32
		{C573CAF7-EE6A-458E-8049-16C0BF34C2E9}.Release|Win32.Build.0 = Release|Win32
		{C573CAF7-EE6A-458E-8049-16C0BF34C2E9}.Release|x64.ActiveCfg = Release|x64
		{C573CAF7-EE6A-458E-8049-16C0BF34C2E9}.Release|x64.Build.0 = Release|x64
		{A72606EF-C5C1-4954-90AD-F0F93A8D97D9}.Debug|Win32.ActiveCfg = Debug|Win32
		{A72606EF-C5C1-4954-90AD-F0F93A8D97D9}.Debug|Win32.Build.0 = Debug|Win32
		{A72606EF-C5C1-4954-90AD-F0F93A8D97D9}.Debug|x64.ActiveCfg = Debug|x64
		{A72606EF-C5C1-4954-90AD-F0F93A8D97D9}.Debug|x64.Build.0 = Debug|x64
		{A72606EF-C5C1-4954-90AD-F0F93A8D97D9}.DebugFast|Win32.ActiveCfg = DebugFast|Win32
		{A72606EF-C5C1-4954-90AD-F0F93A8D97D9}.DebugFast|Win32.Build.0 = DebugFast|Win32
		{A72606EF-C5C1-4954-90AD-F0F93A8D97D9}.DebugFast|x64.ActiveCfg = DebugFast|x64
		{A72606EF-C5C1-4954-90AD-F0F93A8D97D9}.DebugFast|x64.Build.0 = DebugFast|x64
		{A72606EF-C5C1-4954-90AD-F0F93A8D97D9}.Release JITIL|Win32.ActiveCfg = Release_JITIL|Win32
		{A72606EF-C5C1-4954-90AD-F0F93A8D97D9}.Release JITIL|Win32.Build.0 = Release_JITIL|Win32
		{A72606EF-C5C1-4954-90AD-F0F93A8D97D9}.Release JITIL|x64.ActiveCfg = Release_JITIL|x64
		{A72606EF-C5C1-4954-90AD-F0F93A8D97D9}.Release JITIL|x64.Build.0 = Release_JITIL|x64
		{A72606EF-C5C1-4954-90AD-F0F93A8D97D9}.Release|Win32.ActiveCfg = Release|Win32
		{A72606EF-C5C1-4954-90AD-F0F93A8D97D9}.Release|Win32.Build.0 = Release|Win32
		{A72606EF-C5C1-4954-90AD-F0F93A8D97D9}.Release|x64.ActiveCfg = Release|x64
		{A72606EF-C5C1-4954-90AD-F0F93A8D97D9}.Release|x64.Build.0 = Release|x64
		{48AD7E0A-25B1-4974-A1E3-03F8C438D34F}.Debug|Win32.ActiveCfg = Debug|Win32
		{48AD7E0A-25B1-4974-A1E3-03F8C438D34F}.Debug|Win32.Build.0 = Debug|Win32
		{48AD7E0A-25B1-4974-A1E3-03F8C438D34F}.Debug|x64.ActiveCfg = Debug|x64
		{48AD7E0A-25B1-4974-A1E3-03F8C438D34F}.Debug|x64.Build.0 = Debug|x64
		{48AD7E0A-25B1-4974-A1E3-03F8C438D34F}.DebugFast|Win32.ActiveCfg = DebugFast|Win32
		{48AD7E0A-25B1-4974-A1E3-03F8C438D34F}.DebugFast|x64.ActiveCfg = DebugFast|x64
		{48AD7E0A-25B1-4974-A1E3-03F8C438D34F}.Release JITIL|Win32.ActiveCfg = Release|Win32
		{48AD7E0A-25B1-4974-A1E3-03F8C438D34F}.Release JITIL|x64.ActiveCfg = Release|x64
		{48AD7E0A-25B1-4974-A1E3-03F8C438D34F}.Release JITIL|x64.Build.0 = Release|x64
		{48AD7E0A-25B1-4974-A1E3-03F8C438D34F}.Release|Win32.ActiveCfg = Release|Win32
		{48AD7E0A-25B1-4974-A1E3-03F8C438D34F}.Release|x64.ActiveCfg = Release|x64
		{0318BA30-EF48-441A-9E10-DC85EFAE39F0}.Debug|Win32.ActiveCfg = Debug|Win32
		{0318BA30-EF48-441A-9E10-DC85EFAE39F0}.Debug|Win32.Build.0 = Debug|Win32
		{0318BA30-EF48-441A-9E10-DC85EFAE39F0}.Debug|x64.ActiveCfg = Debug|x64
		{0318BA30-EF48-441A-9E10-DC85EFAE39F0}.Debug|x64.Build.0 = Debug|x64
		{0318BA30-EF48-441A-9E10-DC85EFAE39F0}.DebugFast|Win32.ActiveCfg = DebugFast|Win32
		{0318BA30-EF48-441A-9E10-DC85EFAE39F0}.DebugFast|x64.ActiveCfg = DebugFast|x64
		{0318BA30-EF48-441A-9E10-DC85EFAE39F0}.Release JITIL|Win32.ActiveCfg = Release|Win32
		{0318BA30-EF48-441A-9E10-DC85EFAE39F0}.Release JITIL|x64.ActiveCfg = Release|x64
		{0318BA30-EF48-441A-9E10-DC85EFAE39F0}.Release JITIL|x64.Build.0 = Release|x64
		{0318BA30-EF48-441A-9E10-DC85EFAE39F0}.Release|Win32.ActiveCfg = Release|Win32
		{0318BA30-EF48-441A-9E10-DC85EFAE39F0}.Release|x64.ActiveCfg = Release|x64
		{4D3CD4C5-412B-4B49-9B1B-A68A2A129C77}.Debug|Win32.ActiveCfg = Debug|Win32
		{4D3CD4C5-412B-4B49-9B1B-A68A2A129C77}.Debug|Win32.Build.0 = Debug|Win32
		{4D3CD4C5-412B-4B49-9B1B-A68A2A129C77}.Debug|x64.ActiveCfg = Debug|x64
		{4D3CD4C5-412B-4B49-9B1B-A68A2A129C77}.Debug|x64.Build.0 = Debug|x64
		{4D3CD4C5-412B-4B49-9B1B-A68A2A129C77}.DebugFast|Win32.ActiveCfg = DebugFast|Win32
		{4D3CD4C5-412B-4B49-9B1B-A68A2A129C77}.DebugFast|Win32.Build.0 = DebugFast|Win32
		{4D3CD4C5-412B-4B49-9B1B-A68A2A129C77}.DebugFast|x64.ActiveCfg = DebugFast|x64
		{4D3CD4C5-412B-4B49-9B1B-A68A2A129C77}.DebugFast|x64.Build.0 = DebugFast|x64
		{4D3CD4C5-412B-4B49-9B1B-A68A2A129C77}.Release JITIL|Win32.ActiveCfg = Release|Win32
		{4D3CD4C5-412B-4B49-9B1B-A68A2A129C77}.Release JITIL|x64.ActiveCfg = Release|x64
		{4D3CD4C5-412B-4B49-9B1B-A68A2A129C77}.Release JITIL|x64.Build.0 = Release|x64
		{4D3CD4C5-412B-4B49-9B1B-A68A2A129C77}.Release|Win32.ActiveCfg = Release|Win32
		{4D3CD4C5-412B-4B49-9B1B-A68A2A129C77}.Release|Win32.Build.0 = Release|Win32
		{4D3CD4C5-412B-4B49-9B1B-A68A2A129C77}.Release|x64.ActiveCfg = Release|x64
		{4D3CD4C5-412B-4B49-9B1B-A68A2A129C77}.Release|x64.Build.0 = Release|x64
		{E5D1F0C0-AA07-4841-A4EB-4CF4DAA6B0FA}.Debug|Win32.ActiveCfg = Debug|Win32
		{E5D1F0C0-AA07-4841-A4EB-4CF4DAA6B0FA}.Debug|x64.ActiveCfg = Debug|x64
		{E5D1F0C0-AA07-4841-A4EB-4CF4DAA6B0FA}.DebugFast|Win32.ActiveCfg = DebugFast|Win32
		{E5D1F0C0-AA07-4841-A4EB-4CF4DAA6B0FA}.DebugFast|x64.ActiveCfg = DebugFast|x64
		{E5D1F0C0-AA07-4841-A4EB-4CF4DAA6B0FA}.Release JITIL|Win32.ActiveCfg = Release|Win32
		{E5D1F0C0-AA07-4841-A4EB-4CF4DAA6B0FA}.Release JITIL|x64.ActiveCfg = Release|x64
		{E5D1F0C0-AA07-4841-A4EB-4CF4DAA6B0FA}.Release JITIL|x64.Build.0 = Release|x64
		{E5D1F0C0-AA07-4841-A4EB-4CF4DAA6B0FA}.Release|Win32.ActiveCfg = Release|Win32
		{E5D1F0C0-AA07-4841-A4EB-4CF4DAA6B0FA}.Release|Win32.Build.0 = Release|Win32
		{E5D1F0C0-AA07-4841-A4EB-4CF4DAA6B0FA}.Release|x64.ActiveCfg = Release|x64
		{E5D1F0C0-AA07-4841-A4EB-4CF4DAA6B0FA}.Release|x64.Build.0 = Release|x64
		{D6E56527-BBB9-4EAD-A6EC-49D4BF6AFCD8}.Debug|Win32.ActiveCfg = Debug|Win32
		{D6E56527-BBB9-4EAD-A6EC-49D4BF6AFCD8}.Debug|x64.ActiveCfg = Debug|x64
		{D6E56527-BBB9-4EAD-A6EC-49D4BF6AFCD8}.DebugFast|Win32.ActiveCfg = DebugFast|Win32
		{D6E56527-BBB9-4EAD-A6EC-49D4BF6AFCD8}.DebugFast|x64.ActiveCfg = DebugFast|x64
		{D6E56527-BBB9-4EAD-A6EC-49D4BF6AFCD8}.DebugFast|x64.Build.0 = DebugFast|x64
		{D6E56527-BBB9-4EAD-A6EC-49D4BF6AFCD8}.Release JITIL|Win32.ActiveCfg = Release|Win32
		{D6E56527-BBB9-4EAD-A6EC-49D4BF6AFCD8}.Release JITIL|x64.ActiveCfg = Release|x64
		{D6E56527-BBB9-4EAD-A6EC-49D4BF6AFCD8}.Release JITIL|x64.Build.0 = Release|x64
		{D6E56527-BBB9-4EAD-A6EC-49D4BF6AFCD8}.Release|Win32.ActiveCfg = Release|Win32
		{D6E56527-BBB9-4EAD-A6EC-49D4BF6AFCD8}.Release|x64.ActiveCfg = Release|x64
		{33546D62-7F34-4EA6-A88E-D538B36E16BF}.Debug|Win32.ActiveCfg = Debug|Win32
		{33546D62-7F34-4EA6-A88E-D538B36E16BF}.Debug|x64.ActiveCfg = Debug|x64
		{33546D62-7F34-4EA6-A88E-D538B36E16BF}.Debug|x64.Build.0 = Debug|x64
		{33546D62-7F34-4EA6-A88E-D538B36E16BF}.DebugFast|Win32.ActiveCfg = DebugFast|Win32
		{33546D62-7F34-4EA6-A88E-D538B36E16BF}.DebugFast|x64.ActiveCfg = DebugFast|x64
		{33546D62-7F34-4EA6-A88E-D538B36E16BF}.DebugFast|x64.Build.0 = DebugFast|x64
		{33546D62-7F34-4EA6-A88E-D538B36E16BF}.Release JITIL|Win32.ActiveCfg = Release|Win32
		{33546D62-7F34-4EA6-A88E-D538B36E16BF}.Release JITIL|x64.ActiveCfg = Release|x64
		{33546D62-7F34-4EA6-A88E-D538B36E16BF}.Release JITIL|x64.Build.0 = Release|x64
		{33546D62-7F34-4EA6-A88E-D538B36E16BF}.Release|Win32.ActiveCfg = Release|Win32
		{33546D62-7F34-4EA6-A88E-D538B36E16BF}.Release|x64.ActiveCfg = Release|x64
		{33546D62-7F34-4EA6-A88E-D538B36E16BF}.Release|x64.Build.0 = Release|x64
		{8D612734-FAA5-4B8A-804F-4DEA2367D495}.Debug|Win32.ActiveCfg = Debug|Win32
		{8D612734-FAA5-4B8A-804F-4DEA2367D495}.Debug|x64.ActiveCfg = Debug|x64
		{8D612734-FAA5-4B8A-804F-4DEA2367D495}.DebugFast|Win32.ActiveCfg = DebugFast|Win32
		{8D612734-FAA5-4B8A-804F-4DEA2367D495}.DebugFast|Win32.Build.0 = DebugFast|Win32
		{8D612734-FAA5-4B8A-804F-4DEA2367D495}.DebugFast|x64.ActiveCfg = DebugFast|x64
		{8D612734-FAA5-4B8A-804F-4DEA2367D495}.Release JITIL|Win32.ActiveCfg = Release|Win32
		{8D612734-FAA5-4B8A-804F-4DEA2367D495}.Release JITIL|x64.ActiveCfg = Release|x64
		{8D612734-FAA5-4B8A-804F-4DEA2367D495}.Release JITIL|x64.Build.0 = Release|x64
		{8D612734-FAA5-4B8A-804F-4DEA2367D495}.Release|Win32.ActiveCfg = Release|Win32
		{8D612734-FAA5-4B8A-804F-4DEA2367D495}.Release|Win32.Build.0 = Release|Win32
		{8D612734-FAA5-4B8A-804F-4DEA2367D495}.Release|x64.ActiveCfg = Release|x64
		{8D612734-FAA5-4B8A-804F-4DEA2367D495}.Release|x64.Build.0 = Release|x64
		{ADF64291-57ED-4B7A-AB76-37B4A991504B}.Debug|Win32.ActiveCfg = Debug|Win32
		{ADF64291-57ED-4B7A-AB76-37B4A991504B}.Debug|x64.ActiveCfg = Debug|x64
		{ADF64291-57ED-4B7A-AB76-37B4A991504B}.DebugFast|Win32.ActiveCfg = DebugFast|Win32
		{ADF64291-57ED-4B7A-AB76-37B4A991504B}.DebugFast|x64.ActiveCfg = DebugFast|x64
		{ADF64291-57ED-4B7A-AB76-37B4A991504B}.Release JITIL|Win32.ActiveCfg = Release|x64
		{ADF64291-57ED-4B7A-AB76-37B4A991504B}.Release JITIL|x64.ActiveCfg = Release|x64
		{ADF64291-57ED-4B7A-AB76-37B4A991504B}.Release|Win32.ActiveCfg = Release|Win32
		{ADF64291-57ED-4B7A-AB76-37B4A991504B}.Release|x64.ActiveCfg = Release|x64
		{ADF64291-57ED-4B7A-AB76-37B4A991504B}.Release|x64.Build.0 = Release|x64
		{71B16F46-0B00-4EDA-B253-D6D9D03A215C}.Debug|Win32.ActiveCfg = Debug|Win32
		{71B16F46-0B00-4EDA-B253-D6D9D03A215C}.Debug|Win32.Build.0 = Debug|Win32
		{71B16F46-0B00-4EDA-B253-D6D9D03A215C}.Debug|x64.ActiveCfg = Debug|x64
		{71B16F46-0B00-4EDA-B253-D6D9D03A215C}.Debug|x64.Build.0 = Debug|x64
		{71B16F46-0B00-4EDA-B253-D6D9D03A215C}.DebugFast|Win32.ActiveCfg = DebugFast|Win32
		{71B16F46-0B00-4EDA-B253-D6D9D03A215C}.DebugFast|x64.ActiveCfg = DebugFast|x64
		{71B16F46-0B00-4EDA-B253-D6D9D03A215C}.Release JITIL|Win32.ActiveCfg = Release|Win32
		{71B16F46-0B00-4EDA-B253-D6D9D03A215C}.Release JITIL|x64.ActiveCfg = Release|x64
		{71B16F46-0B00-4EDA-B253-D6D9D03A215C}.Release JITIL|x64.Build.0 = Release|x64
		{71B16F46-0B00-4EDA-B253-D6D9D03A215C}.Release|Win32.ActiveCfg = Release|Win32
		{71B16F46-0B00-4EDA-B253-D6D9D03A215C}.Release|x64.ActiveCfg = Release|x64
		{521498BE-6089-4780-8223-E67C22F4E068}.Debug|Win32.ActiveCfg = Debug|Win32
		{521498BE-6089-4780-8223-E67C22F4E068}.Debug|Win32.Build.0 = Debug|Win32
		{521498BE-6089-4780-8223-E67C22F4E068}.Debug|x64.ActiveCfg = Debug|x64
		{521498BE-6089-4780-8223-E67C22F4E068}.Debug|x64.Build.0 = Debug|x64
		{521498BE-6089-4780-8223-E67C22F4E068}.DebugFast|Win32.ActiveCfg = DebugFast|Win32
		{521498BE-6089-4780-8223-E67C22F4E068}.DebugFast|Win32.Build.0 = DebugFast|Win32
		{521498BE-6089-4780-8223-E67C22F4E068}.DebugFast|x64.ActiveCfg = DebugFast|x64
		{521498BE-6089-4780-8223-E67C22F4E068}.DebugFast|x64.Build.0 = DebugFast|x64
		{521498BE-6089-4780-8223-E67C22F4E068}.Release JITIL|Win32.ActiveCfg = Release|Win32
		{521498BE-6089-4780-8223-E67C22F4E068}.Release JITIL|x64.ActiveCfg = Release|x64
		{521498BE-6089-4780-8223-E67C22F4E068}.Release JITIL|x64.Build.0 = Release|x64
		{521498BE-6089-4780-8223-E67C22F4E068}.Release|Win32.ActiveCfg = Release|Win32
		{521498BE-6089-4780-8223-E67C22F4E068}.Release|x64.ActiveCfg = Release|x64
		{521498BE-6089-4780-8223-E67C22F4E068}.Release|x64.Build.0 = Release|x64
		{C7E5D50A-2916-464B-86A7-E10B3CC88ADA}.Debug|Win32.ActiveCfg = Debug|Win32
		{C7E5D50A-2916-464B-86A7-E10B3CC88ADA}.Debug|Win32.Build.0 = Debug|Win32
		{C7E5D50A-2916-464B-86A7-E10B3CC88ADA}.Debug|x64.ActiveCfg = Debug|x64
		{C7E5D50A-2916-464B-86A7-E10B3CC88ADA}.Debug|x64.Build.0 = Debug|x64
		{C7E5D50A-2916-464B-86A7-E10B3CC88ADA}.DebugFast|Win32.ActiveCfg = DebugFast|Win32
		{C7E5D50A-2916-464B-86A7-E10B3CC88ADA}.DebugFast|Win32.Build.0 = DebugFast|Win32
		{C7E5D50A-2916-464B-86A7-E10B3CC88ADA}.DebugFast|x64.ActiveCfg = DebugFast|x64
		{C7E5D50A-2916-464B-86A7-E10B3CC88ADA}.DebugFast|x64.Build.0 = DebugFast|x64
		{C7E5D50A-2916-464B-86A7-E10B3CC88ADA}.Release JITIL|Win32.ActiveCfg = Release|Win32
		{C7E5D50A-2916-464B-86A7-E10B3CC88ADA}.Release JITIL|x64.ActiveCfg = Release|x64
		{C7E5D50A-2916-464B-86A7-E10B3CC88ADA}.Release JITIL|x64.Build.0 = Release|x64
		{C7E5D50A-2916-464B-86A7-E10B3CC88ADA}.Release|Win32.ActiveCfg = Release|Win32
		{C7E5D50A-2916-464B-86A7-E10B3CC88ADA}.Release|Win32.Build.0 = Release|Win32
		{C7E5D50A-2916-464B-86A7-E10B3CC88ADA}.Release|x64.ActiveCfg = Release|x64
		{C7E5D50A-2916-464B-86A7-E10B3CC88ADA}.Release|x64.Build.0 = Release|x64
		{DE7C596C-CBC4-4278-8909-146D63990803}.Debug|Win32.ActiveCfg = Debug|Win32
		{DE7C596C-CBC4-4278-8909-146D63990803}.Debug|Win32.Build.0 = Debug|Win32
		{DE7C596C-CBC4-4278-8909-146D63990803}.Debug|x64.ActiveCfg = Debug|x64
		{DE7C596C-CBC4-4278-8909-146D63990803}.Debug|x64.Build.0 = Debug|x64
		{DE7C596C-CBC4-4278-8909-146D63990803}.DebugFast|Win32.ActiveCfg = DebugFast|Win32
		{DE7C596C-CBC4-4278-8909-146D63990803}.DebugFast|Win32.Build.0 = DebugFast|Win32
		{DE7C596C-CBC4-4278-8909-146D63990803}.DebugFast|x64.ActiveCfg = DebugFast|x64
		{DE7C596C-CBC4-4278-8909-146D63990803}.DebugFast|x64.Build.0 = DebugFast|x64
		{DE7C596C-CBC4-4278-8909-146D63990803}.Release JITIL|Win32.ActiveCfg = Release|Win32
		{DE7C596C-CBC4-4278-8909-146D63990803}.Release JITIL|x64.ActiveCfg = Release|x64
		{DE7C596C-CBC4-4278-8909-146D63990803}.Release JITIL|x64.Build.0 = Release|x64
		{DE7C596C-CBC4-4278-8909-146D63990803}.Release|Win32.ActiveCfg = Release|Win32
		{DE7C596C-CBC4-4278-8909-146D63990803}.Release|Win32.Build.0 = Release|Win32
		{DE7C596C-CBC4-4278-8909-146D63990803}.Release|x64.ActiveCfg = Release|x64
		{DE7C596C-CBC4-4278-8909-146D63990803}.Release|x64.Build.0 = Release|x64
		{95CCAABC-7062-47C4-B8C1-A064DD5F16FF}.Debug|Win32.ActiveCfg = Debug|Win32
		{95CCAABC-7062-47C4-B8C1-A064DD5F16FF}.Debug|Win32.Build.0 = Debug|Win32
		{95CCAABC-7062-47C4-B8C1-A064DD5F16FF}.Debug|x64.ActiveCfg = Debug|x64
		{95CCAABC-7062-47C4-B8C1-A064DD5F16FF}.Debug|x64.Build.0 = Debug|x64
		{95CCAABC-7062-47C4-B8C1-A064DD5F16FF}.DebugFast|Win32.ActiveCfg = DebugFast|Win32
		{95CCAABC-7062-47C4-B8C1-A064DD5F16FF}.DebugFast|Win32.Build.0 = DebugFast|Win32
		{95CCAABC-7062-47C4-B8C1-A064DD5F16FF}.DebugFast|x64.ActiveCfg = DebugFast|x64
		{95CCAABC-7062-47C4-B8C1-A064DD5F16FF}.DebugFast|x64.Build.0 = DebugFast|x64
		{95CCAABC-7062-47C4-B8C1-A064DD5F16FF}.Release JITIL|Win32.ActiveCfg = Release|Win32
		{95CCAABC-7062-47C4-B8C1-A064DD5F16FF}.Release JITIL|x64.ActiveCfg = Release|x64
		{95CCAABC-7062-47C4-B8C1-A064DD5F16FF}.Release JITIL|x64.Build.0 = Release|x64
		{95CCAABC-7062-47C4-B8C1-A064DD5F16FF}.Release|Win32.ActiveCfg = Release|Win32
		{95CCAABC-7062-47C4-B8C1-A064DD5F16FF}.Release|x64.ActiveCfg = Release|x64
		{95CCAABC-7062-47C4-B8C1-A064DD5F16FF}.Release|x64.Build.0 = Release|x64
		{0B72B5D6-5D72-4391-84A7-9CCA5392668A}.Debug|Win32.ActiveCfg = Debug|Win32
		{0B72B5D6-5D72-4391-84A7-9CCA5392668A}.Debug|Win32.Build.0 = Debug|Win32
		{0B72B5D6-5D72-4391-84A7-9CCA5392668A}.Debug|x64.ActiveCfg = Debug|x64
		{0B72B5D6-5D72-4391-84A7-9CCA5392668A}.Debug|x64.Build.0 = Debug|x64
		{0B72B5D6-5D72-4391-84A7-9CCA5392668A}.DebugFast|Win32.ActiveCfg = DebugFast|Win32
		{0B72B5D6-5D72-4391-84A7-9CCA5392668A}.DebugFast|Win32.Build.0 = DebugFast|Win32
		{0B72B5D6-5D72-4391-84A7-9CCA5392668A}.DebugFast|x64.ActiveCfg = DebugFast|x64
		{0B72B5D6-5D72-4391-84A7-9CCA5392668A}.DebugFast|x64.Build.0 = DebugFast|x64
		{0B72B5D6-5D72-4391-84A7-9CCA5392668A}.Release JITIL|Win32.ActiveCfg = Release|Win32
		{0B72B5D6-5D72-4391-84A7-9CCA5392668A}.Release JITIL|x64.ActiveCfg = Release|x64
		{0B72B5D6-5D72-4391-84A7-9CCA5392668A}.Release JITIL|x64.Build.0 = Release|x64
		{0B72B5D6-5D72-4391-84A7-9CCA5392668A}.Release|Win32.ActiveCfg = Release|Win32
		{0B72B5D6-5D72-4391-84A7-9CCA5392668A}.Release|x64.ActiveCfg = Release|x64
		{0B72B5D6-5D72-4391-84A7-9CCA5392668A}.Release|x64.Build.0 = Release|x64
		{0D14F1E9-490B-4A2D-A4EF-0535E8B3C718}.Debug|Win32.ActiveCfg = Debug|Win32
		{0D14F1E9-490B-4A2D-A4EF-0535E8B3C718}.Debug|Win32.Build.0 = Debug|Win32
		{0D14F1E9-490B-4A2D-A4EF-0535E8B3C718}.Debug|x64.ActiveCfg = Debug|x64
		{0D14F1E9-490B-4A2D-A4EF-0535E8B3C718}.Debug|x64.Build.0 = Debug|x64
		{0D14F1E9-490B-4A2D-A4EF-0535E8B3C718}.DebugFast|Win32.ActiveCfg = DebugFast|Win32
		{0D14F1E9-490B-4A2D-A4EF-0535E8B3C718}.DebugFast|Win32.Build.0 = DebugFast|Win32
		{0D14F1E9-490B-4A2D-A4EF-0535E8B3C718}.DebugFast|x64.ActiveCfg = DebugFast|x64
		{0D14F1E9-490B-4A2D-A4EF-0535E8B3C718}.DebugFast|x64.Build.0 = DebugFast|x64
		{0D14F1E9-490B-4A2D-A4EF-0535E8B3C718}.Release JITIL|Win32.ActiveCfg = Release|Win32
		{0D14F1E9-490B-4A2D-A4EF-0535E8B3C718}.Release JITIL|x64.ActiveCfg = Release|x64
		{0D14F1E9-490B-4A2D-A4EF-0535E8B3C718}.Release JITIL|x64.Build.0 = Release|x64
		{0D14F1E9-490B-4A2D-A4EF-0535E8B3C718}.Release|Win32.ActiveCfg = Release|Win32
		{0D14F1E9-490B-4A2D-A4EF-0535E8B3C718}.Release|x64.ActiveCfg = Release|x64
		{0D14F1E9-490B-4A2D-A4EF-0535E8B3C718}.Release|x64.Build.0 = Release|x64
	EndGlobalSection
	GlobalSection(SolutionProperties) = preSolution
		HideSolutionNode = FALSE
	EndGlobalSection
	GlobalSection(NestedProjects) = preSolution
		{B7F1A9FB-BEA8-416E-9460-AE35A6A5165C} = {61C7F431-0623-4A8D-9C4B-EDE35696554A}
		{C573CAF7-EE6A-458E-8049-16C0BF34C2E9} = {61C7F431-0623-4A8D-9C4B-EDE35696554A}
		{A72606EF-C5C1-4954-90AD-F0F93A8D97D9} = {61C7F431-0623-4A8D-9C4B-EDE35696554A}
		{4D3CD4C5-412B-4B49-9B1B-A68A2A129C77} = {61C7F431-0623-4A8D-9C4B-EDE35696554A}
		{F0B874CB-4476-4199-9315-8343D05AE684} = {61C7F431-0623-4A8D-9C4B-EDE35696554A}
		{C7E5D50A-2916-464B-86A7-E10B3CC88ADA} = {61C7F431-0623-4A8D-9C4B-EDE35696554A}
		{9A183B48-ECC2-4121-876A-9B3793686073} = {5C17B1EB-6C76-438A-A503-8F3C7831023B}
		{C60D0E7A-ED05-4C67-9EE7-3A6C0D7801C8} = {5C17B1EB-6C76-438A-A503-8F3C7831023B}
		{CFDCEE0E-FA45-4F72-9FCC-0B88F5A75160} = {5C17B1EB-6C76-438A-A503-8F3C7831023B}
		{E5D1F0C0-AA07-4841-A4EB-4CF4DAA6B0FA} = {5C17B1EB-6C76-438A-A503-8F3C7831023B}
		{D6E56527-BBB9-4EAD-A6EC-49D4BF6AFCD8} = {5C17B1EB-6C76-438A-A503-8F3C7831023B}
		{8D612734-FAA5-4B8A-804F-4DEA2367D495} = {5C17B1EB-6C76-438A-A503-8F3C7831023B}
		{ADF64291-57ED-4B7A-AB76-37B4A991504B} = {5C17B1EB-6C76-438A-A503-8F3C7831023B}
		{521498BE-6089-4780-8223-E67C22F4E068} = {5C17B1EB-6C76-438A-A503-8F3C7831023B}
		{636FAD5F-02D1-4E9A-BE67-FB8EA99B9A18} = {5C17B1EB-6C76-438A-A503-8F3C7831023B}
		{3E03C179-8251-46E4-81F4-466F114BAC63} = {4F427D1B-8C90-4D9C-B23D-A51493A1C471}
		{48AD7E0A-25B1-4974-A1E3-03F8C438D34F} = {4F427D1B-8C90-4D9C-B23D-A51493A1C471}
		{0318BA30-EF48-441A-9E10-DC85EFAE39F0} = {4F427D1B-8C90-4D9C-B23D-A51493A1C471}
		{33546D62-7F34-4EA6-A88E-D538B36E16BF} = {4F427D1B-8C90-4D9C-B23D-A51493A1C471}
		{71B16F46-0B00-4EDA-B253-D6D9D03A215C} = {4F427D1B-8C90-4D9C-B23D-A51493A1C471}
		{29C2ABC1-ADA5-42CD-A5FC-96022D52A510} = {4F427D1B-8C90-4D9C-B23D-A51493A1C471}
		{DE7C596C-CBC4-4278-8909-146D63990803} = {77CF6E34-3038-4B23-A2E7-90AD17801609}
		{95CCAABC-7062-47C4-B8C1-A064DD5F16FF} = {77CF6E34-3038-4B23-A2E7-90AD17801609}
		{0B72B5D6-5D72-4391-84A7-9CCA5392668A} = {77CF6E34-3038-4B23-A2E7-90AD17801609}
		{0D14F1E9-490B-4A2D-A4EF-0535E8B3C718} = {77CF6E34-3038-4B23-A2E7-90AD17801609}
	EndGlobalSection
	GlobalSection(ExtensibilityGlobals) = postSolution
		AMDCaProjectFile = D:\Dev\Dolphin\trunk\Source\CodeAnalyst\Dolphin.caw
	EndGlobalSection
	GlobalSection(DPCodeReviewSolutionGUID) = preSolution
		DPCodeReviewSolutionGUID = {00000000-0000-0000-0000-000000000000}
	EndGlobalSection
EndGlobal
