Microsoft Visual Studio Solution File, Format Version 10.00
# Visual Studio 2008
Project("{8BC9CEB8-8B4A-11D0-8D11-00A0C91BC942}") = "Core", "Core\Core\Core.vcproj", "{F0B874CB-4476-4199-9315-8343D05AE684}"
	ProjectSection(ProjectDependencies) = postProject
		{C573CAF7-EE6A-458E-8049-16C0BF34C2E9} = {C573CAF7-EE6A-458E-8049-16C0BF34C2E9}
		{B7F1A9FB-BEA8-416E-9460-AE35A6A5165C} = {B7F1A9FB-BEA8-416E-9460-AE35A6A5165C}
	EndProjectSection
EndProject
Project("{8BC9CEB8-8B4A-11D0-8D11-00A0C91BC942}") = "DiscIO", "Core\DiscIO\DiscIO.vcproj", "{B7F1A9FB-BEA8-416E-9460-AE35A6A5165C}"
	ProjectSection(ProjectDependencies) = postProject
		{C573CAF7-EE6A-458E-8049-16C0BF34C2E9} = {C573CAF7-EE6A-458E-8049-16C0BF34C2E9}
	EndProjectSection
EndProject
Project("{8BC9CEB8-8B4A-11D0-8D11-00A0C91BC942}") = "Common", "Core\Common\Common.vcproj", "{C573CAF7-EE6A-458E-8049-16C0BF34C2E9}"
EndProject
Project("{8BC9CEB8-8B4A-11D0-8D11-00A0C91BC942}") = "DSPCore", "Core\DSPCore\DSPCore.vcproj", "{838A89A3-3AA0-4A45-ACBE-3D1E0980C2ED}"
	ProjectSection(ProjectDependencies) = postProject
		{C573CAF7-EE6A-458E-8049-16C0BF34C2E9} = {C573CAF7-EE6A-458E-8049-16C0BF34C2E9}
	EndProjectSection
EndProject
Project("{8BC9CEB8-8B4A-11D0-8D11-00A0C91BC942}") = "DSPTool", "DSPTool\DSPTool.vcproj", "{1970D175-3DE8-4738-942A-4D98D1CDBF64}"
	ProjectSection(ProjectDependencies) = postProject
		{838A89A3-3AA0-4A45-ACBE-3D1E0980C2ED} = {838A89A3-3AA0-4A45-ACBE-3D1E0980C2ED}
		{C573CAF7-EE6A-458E-8049-16C0BF34C2E9} = {C573CAF7-EE6A-458E-8049-16C0BF34C2E9}
	EndProjectSection
EndProject
Project("{8BC9CEB8-8B4A-11D0-8D11-00A0C91BC942}") = "DSPSpy", "DSPSpy\DSPSpy.vcproj", "{3877AA3E-9CC0-4ADF-8E71-272EE4443478}"
	ProjectSection(ProjectDependencies) = postProject
		{1970D175-3DE8-4738-942A-4D98D1CDBF64} = {1970D175-3DE8-4738-942A-4D98D1CDBF64}
	EndProjectSection
EndProject
Project("{8BC9CEB8-8B4A-11D0-8D11-00A0C91BC942}") = "UnitTests", "UnitTests\UnitTests.vcproj", "{40C636FA-B5BF-4D67-ABC8-376B524A7551}"
	ProjectSection(ProjectDependencies) = postProject
		{F0B874CB-4476-4199-9315-8343D05AE684} = {F0B874CB-4476-4199-9315-8343D05AE684}
		{C573CAF7-EE6A-458E-8049-16C0BF34C2E9} = {C573CAF7-EE6A-458E-8049-16C0BF34C2E9}
	EndProjectSection
EndProject
Project("{2150E333-8FDC-42A3-9474-1A3956D46DE8}") = "Base", "Base", "{C6DF3D54-9D2F-46B7-8E24-C9C64939D8CD}"
EndProject
Project("{2150E333-8FDC-42A3-9474-1A3956D46DE8}") = "Programs", "Programs", "{758A1F14-E406-48FE-B5AA-382955DEADD8}"
EndProject
Global
	GlobalSection(SolutionConfigurationPlatforms) = preSolution
		Debug|Win32 = Debug|Win32
		Debug|x64 = Debug|x64
		DebugFast|Win32 = DebugFast|Win32
		DebugFast|x64 = DebugFast|x64
		Release_JITIL|Win32 = Release_JITIL|Win32
		Release_JITIL|x64 = Release_JITIL|x64
		Release|Win32 = Release|Win32
		Release|x64 = Release|x64
	EndGlobalSection
	GlobalSection(ProjectConfigurationPlatforms) = postSolution
		{F0B874CB-4476-4199-9315-8343D05AE684}.Debug|Win32.ActiveCfg = Debug|Win32
		{F0B874CB-4476-4199-9315-8343D05AE684}.Debug|Win32.Build.0 = Debug|Win32
		{F0B874CB-4476-4199-9315-8343D05AE684}.Debug|x64.ActiveCfg = Debug|x64
		{F0B874CB-4476-4199-9315-8343D05AE684}.Debug|x64.Build.0 = Debug|x64
		{F0B874CB-4476-4199-9315-8343D05AE684}.DebugFast|Win32.ActiveCfg = DebugFast|Win32
		{F0B874CB-4476-4199-9315-8343D05AE684}.DebugFast|Win32.Build.0 = DebugFast|Win32
		{F0B874CB-4476-4199-9315-8343D05AE684}.DebugFast|x64.ActiveCfg = DebugFast|x64
		{F0B874CB-4476-4199-9315-8343D05AE684}.DebugFast|x64.Build.0 = DebugFast|x64
		{F0B874CB-4476-4199-9315-8343D05AE684}.Release_JITIL|Win32.ActiveCfg = Release_JITIL|Win32
		{F0B874CB-4476-4199-9315-8343D05AE684}.Release_JITIL|Win32.Build.0 = Release_JITIL|Win32
		{F0B874CB-4476-4199-9315-8343D05AE684}.Release_JITIL|x64.ActiveCfg = Release_JITIL|x64
		{F0B874CB-4476-4199-9315-8343D05AE684}.Release_JITIL|x64.Build.0 = Release_JITIL|x64
		{F0B874CB-4476-4199-9315-8343D05AE684}.Release|Win32.ActiveCfg = Release|Win32
		{F0B874CB-4476-4199-9315-8343D05AE684}.Release|Win32.Build.0 = Release|Win32
		{F0B874CB-4476-4199-9315-8343D05AE684}.Release|x64.ActiveCfg = Release|x64
		{F0B874CB-4476-4199-9315-8343D05AE684}.Release|x64.Build.0 = Release|x64
		{B7F1A9FB-BEA8-416E-9460-AE35A6A5165C}.Debug|Win32.ActiveCfg = Debug|Win32
		{B7F1A9FB-BEA8-416E-9460-AE35A6A5165C}.Debug|Win32.Build.0 = Debug|Win32
		{B7F1A9FB-BEA8-416E-9460-AE35A6A5165C}.Debug|x64.ActiveCfg = Debug|x64
		{B7F1A9FB-BEA8-416E-9460-AE35A6A5165C}.Debug|x64.Build.0 = Debug|x64
		{B7F1A9FB-BEA8-416E-9460-AE35A6A5165C}.DebugFast|Win32.ActiveCfg = DebugFast|Win32
		{B7F1A9FB-BEA8-416E-9460-AE35A6A5165C}.DebugFast|Win32.Build.0 = DebugFast|Win32
		{B7F1A9FB-BEA8-416E-9460-AE35A6A5165C}.DebugFast|x64.ActiveCfg = DebugFast|x64
		{B7F1A9FB-BEA8-416E-9460-AE35A6A5165C}.DebugFast|x64.Build.0 = DebugFast|x64
		{B7F1A9FB-BEA8-416E-9460-AE35A6A5165C}.Release_JITIL|Win32.ActiveCfg = Release|Win32
		{B7F1A9FB-BEA8-416E-9460-AE35A6A5165C}.Release_JITIL|Win32.Build.0 = Release|Win32
		{B7F1A9FB-BEA8-416E-9460-AE35A6A5165C}.Release_JITIL|x64.ActiveCfg = Release|x64
		{B7F1A9FB-BEA8-416E-9460-AE35A6A5165C}.Release_JITIL|x64.Build.0 = Release|x64
		{B7F1A9FB-BEA8-416E-9460-AE35A6A5165C}.Release|Win32.ActiveCfg = Release|Win32
		{B7F1A9FB-BEA8-416E-9460-AE35A6A5165C}.Release|Win32.Build.0 = Release|Win32
		{B7F1A9FB-BEA8-416E-9460-AE35A6A5165C}.Release|x64.ActiveCfg = Release|x64
		{B7F1A9FB-BEA8-416E-9460-AE35A6A5165C}.Release|x64.Build.0 = Release|x64
		{C573CAF7-EE6A-458E-8049-16C0BF34C2E9}.Debug|Win32.ActiveCfg = Debug|Win32
		{C573CAF7-EE6A-458E-8049-16C0BF34C2E9}.Debug|Win32.Build.0 = Debug|Win32
		{C573CAF7-EE6A-458E-8049-16C0BF34C2E9}.Debug|x64.ActiveCfg = Debug|x64
		{C573CAF7-EE6A-458E-8049-16C0BF34C2E9}.Debug|x64.Build.0 = Debug|x64
		{C573CAF7-EE6A-458E-8049-16C0BF34C2E9}.DebugFast|Win32.ActiveCfg = DebugFast|Win32
		{C573CAF7-EE6A-458E-8049-16C0BF34C2E9}.DebugFast|Win32.Build.0 = DebugFast|Win32
		{C573CAF7-EE6A-458E-8049-16C0BF34C2E9}.DebugFast|x64.ActiveCfg = DebugFast|x64
		{C573CAF7-EE6A-458E-8049-16C0BF34C2E9}.DebugFast|x64.Build.0 = DebugFast|x64
		{C573CAF7-EE6A-458E-8049-16C0BF34C2E9}.Release_JITIL|Win32.ActiveCfg = Release|Win32
		{C573CAF7-EE6A-458E-8049-16C0BF34C2E9}.Release_JITIL|Win32.Build.0 = Release|Win32
		{C573CAF7-EE6A-458E-8049-16C0BF34C2E9}.Release_JITIL|x64.ActiveCfg = Release|x64
		{C573CAF7-EE6A-458E-8049-16C0BF34C2E9}.Release_JITIL|x64.Build.0 = Release|x64
		{C573CAF7-EE6A-458E-8049-16C0BF34C2E9}.Release|Win32.ActiveCfg = Release|Win32
		{C573CAF7-EE6A-458E-8049-16C0BF34C2E9}.Release|Win32.Build.0 = Release|Win32
		{C573CAF7-EE6A-458E-8049-16C0BF34C2E9}.Release|x64.ActiveCfg = Release|x64
		{C573CAF7-EE6A-458E-8049-16C0BF34C2E9}.Release|x64.Build.0 = Release|x64
		{838A89A3-3AA0-4A45-ACBE-3D1E0980C2ED}.Debug|Win32.ActiveCfg = Debug|Win32
		{838A89A3-3AA0-4A45-ACBE-3D1E0980C2ED}.Debug|Win32.Build.0 = Debug|Win32
		{838A89A3-3AA0-4A45-ACBE-3D1E0980C2ED}.Debug|x64.ActiveCfg = Debug|x64
		{838A89A3-3AA0-4A45-ACBE-3D1E0980C2ED}.Debug|x64.Build.0 = Debug|x64
		{838A89A3-3AA0-4A45-ACBE-3D1E0980C2ED}.DebugFast|Win32.ActiveCfg = DebugFast|Win32
		{838A89A3-3AA0-4A45-ACBE-3D1E0980C2ED}.DebugFast|Win32.Build.0 = DebugFast|Win32
		{838A89A3-3AA0-4A45-ACBE-3D1E0980C2ED}.DebugFast|x64.ActiveCfg = DebugFast|x64
		{838A89A3-3AA0-4A45-ACBE-3D1E0980C2ED}.DebugFast|x64.Build.0 = DebugFast|x64
		{838A89A3-3AA0-4A45-ACBE-3D1E0980C2ED}.Release_JITIL|Win32.ActiveCfg = Release|Win32
		{838A89A3-3AA0-4A45-ACBE-3D1E0980C2ED}.Release_JITIL|Win32.Build.0 = Release|Win32
		{838A89A3-3AA0-4A45-ACBE-3D1E0980C2ED}.Release_JITIL|x64.ActiveCfg = Release|x64
		{838A89A3-3AA0-4A45-ACBE-3D1E0980C2ED}.Release_JITIL|x64.Build.0 = Release|x64
		{838A89A3-3AA0-4A45-ACBE-3D1E0980C2ED}.Release|Win32.ActiveCfg = Release|Win32
		{838A89A3-3AA0-4A45-ACBE-3D1E0980C2ED}.Release|Win32.Build.0 = Release|Win32
		{838A89A3-3AA0-4A45-ACBE-3D1E0980C2ED}.Release|x64.ActiveCfg = Release|x64
		{838A89A3-3AA0-4A45-ACBE-3D1E0980C2ED}.Release|x64.Build.0 = Release|x64
		{1970D175-3DE8-4738-942A-4D98D1CDBF64}.Debug|Win32.ActiveCfg = Debug|Win32
		{1970D175-3DE8-4738-942A-4D98D1CDBF64}.Debug|Win32.Build.0 = Debug|Win32
		{1970D175-3DE8-4738-942A-4D98D1CDBF64}.Debug|x64.ActiveCfg = Debug|x64
		{1970D175-3DE8-4738-942A-4D98D1CDBF64}.DebugFast|Win32.ActiveCfg = DebugFast|Win32
		{1970D175-3DE8-4738-942A-4D98D1CDBF64}.DebugFast|Win32.Build.0 = DebugFast|Win32
		{1970D175-3DE8-4738-942A-4D98D1CDBF64}.DebugFast|x64.ActiveCfg = DebugFast|x64
		{1970D175-3DE8-4738-942A-4D98D1CDBF64}.Release_JITIL|Win32.ActiveCfg = Release|Win32
		{1970D175-3DE8-4738-942A-4D98D1CDBF64}.Release_JITIL|Win32.Build.0 = Release|Win32
		{1970D175-3DE8-4738-942A-4D98D1CDBF64}.Release_JITIL|x64.ActiveCfg = Release|x64
		{1970D175-3DE8-4738-942A-4D98D1CDBF64}.Release|Win32.ActiveCfg = Release|Win32
		{1970D175-3DE8-4738-942A-4D98D1CDBF64}.Release|x64.ActiveCfg = Release|x64
		{3877AA3E-9CC0-4ADF-8E71-272EE4443478}.Debug|Win32.ActiveCfg = Wii|Win32
		{3877AA3E-9CC0-4ADF-8E71-272EE4443478}.Debug|x64.ActiveCfg = Wii|x64
		{3877AA3E-9CC0-4ADF-8E71-272EE4443478}.DebugFast|Win32.ActiveCfg = Wii|Win32
		{3877AA3E-9CC0-4ADF-8E71-272EE4443478}.DebugFast|x64.ActiveCfg = Wii|x64
		{3877AA3E-9CC0-4ADF-8E71-272EE4443478}.Release_JITIL|Win32.ActiveCfg = Wii|Win32
		{3877AA3E-9CC0-4ADF-8E71-272EE4443478}.Release_JITIL|x64.ActiveCfg = Wii|x64
		{3877AA3E-9CC0-4ADF-8E71-272EE4443478}.Release|Win32.ActiveCfg = Wii|Win32
		{3877AA3E-9CC0-4ADF-8E71-272EE4443478}.Release|x64.ActiveCfg = Wii|x64
		{40C636FA-B5BF-4D67-ABC8-376B524A7551}.Debug|Win32.ActiveCfg = Debug|Win32
		{40C636FA-B5BF-4D67-ABC8-376B524A7551}.Debug|Win32.Build.0 = Debug|Win32
		{40C636FA-B5BF-4D67-ABC8-376B524A7551}.Debug|x64.ActiveCfg = Debug|x64
		{40C636FA-B5BF-4D67-ABC8-376B524A7551}.Debug|x64.Build.0 = Debug|x64
		{40C636FA-B5BF-4D67-ABC8-376B524A7551}.DebugFast|Win32.ActiveCfg = Debug|Win32
		{40C636FA-B5BF-4D67-ABC8-376B524A7551}.DebugFast|Win32.Build.0 = Debug|Win32
		{40C636FA-B5BF-4D67-ABC8-376B524A7551}.DebugFast|x64.ActiveCfg = Debug|x64
		{40C636FA-B5BF-4D67-ABC8-376B524A7551}.DebugFast|x64.Build.0 = Debug|x64
		{40C636FA-B5BF-4D67-ABC8-376B524A7551}.Release_JITIL|Win32.ActiveCfg = Release|Win32
		{40C636FA-B5BF-4D67-ABC8-376B524A7551}.Release_JITIL|Win32.Build.0 = Release|Win32
		{40C636FA-B5BF-4D67-ABC8-376B524A7551}.Release_JITIL|x64.ActiveCfg = Release|x64
		{40C636FA-B5BF-4D67-ABC8-376B524A7551}.Release_JITIL|x64.Build.0 = Release|x64
		{40C636FA-B5BF-4D67-ABC8-376B524A7551}.Release|Win32.ActiveCfg = Release|Win32
		{40C636FA-B5BF-4D67-ABC8-376B524A7551}.Release|x64.ActiveCfg = Release|x64
	EndGlobalSection
	GlobalSection(SolutionProperties) = preSolution
		HideSolutionNode = FALSE
	EndGlobalSection
	GlobalSection(NestedProjects) = preSolution
		{B7F1A9FB-BEA8-416E-9460-AE35A6A5165C} = {C6DF3D54-9D2F-46B7-8E24-C9C64939D8CD}
		{C573CAF7-EE6A-458E-8049-16C0BF34C2E9} = {C6DF3D54-9D2F-46B7-8E24-C9C64939D8CD}
		{838A89A3-3AA0-4A45-ACBE-3D1E0980C2ED} = {C6DF3D54-9D2F-46B7-8E24-C9C64939D8CD}
		{F0B874CB-4476-4199-9315-8343D05AE684} = {C6DF3D54-9D2F-46B7-8E24-C9C64939D8CD}
		{3877AA3E-9CC0-4ADF-8E71-272EE4443478} = {758A1F14-E406-48FE-B5AA-382955DEADD8}
		{40C636FA-B5BF-4D67-ABC8-376B524A7551} = {758A1F14-E406-48FE-B5AA-382955DEADD8}
		{1970D175-3DE8-4738-942A-4D98D1CDBF64} = {758A1F14-E406-48FE-B5AA-382955DEADD8}
	EndGlobalSection
	GlobalSection(ExtensibilityGlobals) = postSolution
		AMDCaProjectFile = D:\Dev\Dolphin\trunk\Source\CodeAnalyst\Dolphin.caw
	EndGlobalSection
	GlobalSection(DPCodeReviewSolutionGUID) = preSolution
		DPCodeReviewSolutionGUID = {00000000-0000-0000-0000-000000000000}
	EndGlobalSection
EndGlobal
