
Microsoft Visual Studio Solution File, Format Version 9.00
# Visual Studio 2005
Project("{8BC9CEB8-8B4A-11D0-8D11-00A0C91BC942}") = "Plugin_nJoy_SDL", "Plugin_nJoy_SDL\Plugin_nJoy_SDL.vcproj", "{521498BE-6089-4780-8223-E67C22F4E068}"
EndProject
Global
	GlobalSection(SolutionConfigurationPlatforms) = preSolution
		Debug|Win32 = Debug|Win32
		Release|Win32 = Release|Win32
	EndGlobalSection
	GlobalSection(ProjectConfigurationPlatforms) = postSolution
		{521498BE-6089-4780-8223-E67C22F4E068}.Debug|Win32.ActiveCfg = Debug|Win32
		{521498BE-6089-4780-8223-E67C22F4E068}.Debug|Win32.Build.0 = Debug|Win32
		{521498BE-6089-4780-8223-E67C22F4E068}.Release|Win32.ActiveCfg = Release|Win32
		{521498BE-6089-4780-8223-E67C22F4E068}.Release|Win32.Build.0 = Release|Win32
	EndGlobalSection
	GlobalSection(SolutionProperties) = preSolution
		HideSolutionNode = FALSE
	EndGlobalSection
EndGlobal
